
Microsoft Visual Studio Solution File, Format Version 12.00
# Visual Studio 14
VisualStudioVersion = 14.0.23107.0
MinimumVisualStudioVersion = 10.0.40219.1
Project("{2150E333-8FDC-42A3-9474-1A3956D46DE8}") = "src", "src", "{49D9F98D-2E51-4A92-896E-E24CFD25BF1E}"
EndProject
Project("{2150E333-8FDC-42A3-9474-1A3956D46DE8}") = "misc", "misc", "{725160C0-B460-4AB1-BD9D-A5FE6A5BD175}"
	ProjectSection(SolutionItems) = preProject
		nuget.config = nuget.config
	EndProjectSection
EndProject
Project("{2150E333-8FDC-42A3-9474-1A3956D46DE8}") = "ModularityWithCatel", "ModularityWithCatel", "{6BA0549C-048E-4BD2-8C13-C74C8AB1A7CB}"
EndProject
Project("{2150E333-8FDC-42A3-9474-1A3956D46DE8}") = "Infrastructure", "Infrastructure", "{DA689348-E374-4232-B5A1-119DCDF7CEBA}"
EndProject
Project("{2150E333-8FDC-42A3-9474-1A3956D46DE8}") = "Modules", "Modules", "{962F9249-289B-4169-A135-617899AC698D}"
EndProject
Project("{FAE04EC0-301F-11D3-BF4B-00C04F79EFBC}") = "Catel.Examples.SL.AdvancedDemo", "SL\Catel.Examples.SL.AdvancedDemo\Catel.Examples.SL.AdvancedDemo.csproj", "{CBB43111-8BFE-48C7-94EF-0829B18D53F1}"
EndProject
Project("{FAE04EC0-301F-11D3-BF4B-00C04F79EFBC}") = "Catel.Examples.SL.AdvancedDemo.Web", "SL\Catel.Examples.SL.AdvancedDemo.Web\Catel.Examples.SL.AdvancedDemo.Web.csproj", "{6CB5C718-7DC1-482B-B6B9-8BB3565B6248}"
EndProject
Project("{FAE04EC0-301F-11D3-BF4B-00C04F79EFBC}") = "Catel.Examples.SL.NavigationApplication", "SL\Catel.Examples.SL.NavigationApplication\Catel.Examples.SL.NavigationApplication.csproj", "{5B0F9D11-964C-4911-A5F5-771BF0245058}"
EndProject
Project("{FAE04EC0-301F-11D3-BF4B-00C04F79EFBC}") = "Catel.Examples.SL.NavigationApplication.Web", "SL\Catel.Examples.SL.NavigationApplication.Web\Catel.Examples.SL.NavigationApplication.Web.csproj", "{2CFA90F5-848E-4B93-88EF-CA4244D98ECF}"
EndProject
Project("{FAE04EC0-301F-11D3-BF4B-00C04F79EFBC}") = "Catel.Examples.SL.NestedUserControls", "SL\Catel.Examples.SL.NestedUserControls\Catel.Examples.SL.NestedUserControls.csproj", "{23CD0C11-9591-47F3-BFBB-2207C94FFC2A}"
EndProject
Project("{FAE04EC0-301F-11D3-BF4B-00C04F79EFBC}") = "Catel.Examples.SL.NestedUserControls.Web", "SL\Catel.Examples.SL.NestedUserControls.Web\Catel.Examples.SL.NestedUserControls.Web.csproj", "{B4398F3F-077C-4DB7-95FB-72B2F243EA59}"
EndProject
Project("{FAE04EC0-301F-11D3-BF4B-00C04F79EFBC}") = "Catel.Examples.SL.PersonApplication", "SL\Catel.Examples.SL.PersonApplication\Catel.Examples.SL.PersonApplication.csproj", "{CAD11A58-159C-4D45-8FE3-8F9AC754C814}"
EndProject
Project("{FAE04EC0-301F-11D3-BF4B-00C04F79EFBC}") = "Catel.Examples.SL.PersonApplication.Web", "SL\Catel.Examples.SL.PersonApplication.Web\Catel.Examples.SL.PersonApplication.Web.csproj", "{88A8A6C1-967A-446B-89F5-EE6D7DAF73E9}"
EndProject
Project("{FAE04EC0-301F-11D3-BF4B-00C04F79EFBC}") = "ModularityWithCatel.Silverlight", "SL\Catel.Examples.SL.ModularityWithCatel\ModularityWithCatel.Silverlight\ModularityWithCatel.Silverlight.csproj", "{41F01C5A-A5E0-4D86-86B0-CAADA3DDCFF2}"
EndProject
Project("{FAE04EC0-301F-11D3-BF4B-00C04F79EFBC}") = "ModularityWithCatel.Silverlight.Web", "SL\Catel.Examples.SL.ModularityWithCatel\ModularityWithCatel.Silverlight.Web\ModularityWithCatel.Silverlight.Web.csproj", "{88956FB4-4336-4A35-8A93-9FAC148518BB}"
EndProject
Project("{FAE04EC0-301F-11D3-BF4B-00C04F79EFBC}") = "ModuleTracking", "SL\Catel.Examples.SL.ModularityWithCatel\ModuleTracking\ModuleTracking.csproj", "{2A9D519F-7219-46E0-9BFC-D7BCCB2BF9CB}"
EndProject
Project("{FAE04EC0-301F-11D3-BF4B-00C04F79EFBC}") = "ModuleA", "SL\Catel.Examples.SL.ModularityWithCatel\ModuleA\ModuleA.csproj", "{19AB48B0-82F2-473A-9670-6A9DCEF79D85}"
EndProject
Project("{FAE04EC0-301F-11D3-BF4B-00C04F79EFBC}") = "ModuleB", "SL\Catel.Examples.SL.ModularityWithCatel\ModuleB\ModuleB.csproj", "{58655F1D-59BD-4E64-A0E9-B7FCF7A6BFA8}"
EndProject
Project("{FAE04EC0-301F-11D3-BF4B-00C04F79EFBC}") = "ModuleC", "SL\Catel.Examples.SL.ModularityWithCatel\ModuleC\ModuleC.csproj", "{FF677971-895C-4F00-BF0A-E876928D2BCC}"
EndProject
Project("{FAE04EC0-301F-11D3-BF4B-00C04F79EFBC}") = "ModuleD", "SL\Catel.Examples.SL.ModularityWithCatel\ModuleD\ModuleD.csproj", "{D75BB2E9-59A6-4485-B8A4-849938BA39EE}"
EndProject
Project("{FAE04EC0-301F-11D3-BF4B-00C04F79EFBC}") = "ModuleE", "SL\Catel.Examples.SL.ModularityWithCatel\ModuleE\ModuleE.csproj", "{3606F033-DE84-4990-86D7-CB61956F5952}"
EndProject
Project("{FAE04EC0-301F-11D3-BF4B-00C04F79EFBC}") = "ModuleF", "SL\Catel.Examples.SL.ModularityWithCatel\ModuleF\ModuleF.csproj", "{D2F314A9-E532-4D2C-9940-7E09B8EC4224}"
EndProject
Project("{FAE04EC0-301F-11D3-BF4B-00C04F79EFBC}") = "Catel.Examples.SL.DisplayProgress", "SL\Catel.Examples.SL.DisplayProgress\Catel.Examples.SL.DisplayProgress.csproj", "{E0F23633-BC02-4D5C-BAF8-6BB0922F7774}"
EndProject
Global
	GlobalSection(SolutionConfigurationPlatforms) = preSolution
		Debug|Any CPU = Debug|Any CPU
		Debug|ARM = Debug|ARM
		Debug|x64 = Debug|x64
		Debug|x86 = Debug|x86
		Release|Any CPU = Release|Any CPU
		Release|ARM = Release|ARM
		Release|x64 = Release|x64
		Release|x86 = Release|x86
	EndGlobalSection
	GlobalSection(ProjectConfigurationPlatforms) = postSolution
		{CBB43111-8BFE-48C7-94EF-0829B18D53F1}.Debug|Any CPU.ActiveCfg = Debug|Any CPU
		{CBB43111-8BFE-48C7-94EF-0829B18D53F1}.Debug|Any CPU.Build.0 = Debug|Any CPU
		{CBB43111-8BFE-48C7-94EF-0829B18D53F1}.Debug|ARM.ActiveCfg = Debug|Any CPU
		{CBB43111-8BFE-48C7-94EF-0829B18D53F1}.Debug|x64.ActiveCfg = Debug|Any CPU
		{CBB43111-8BFE-48C7-94EF-0829B18D53F1}.Debug|x86.ActiveCfg = Debug|Any CPU
		{CBB43111-8BFE-48C7-94EF-0829B18D53F1}.Release|Any CPU.ActiveCfg = Release|Any CPU
		{CBB43111-8BFE-48C7-94EF-0829B18D53F1}.Release|Any CPU.Build.0 = Release|Any CPU
		{CBB43111-8BFE-48C7-94EF-0829B18D53F1}.Release|ARM.ActiveCfg = Release|Any CPU
		{CBB43111-8BFE-48C7-94EF-0829B18D53F1}.Release|x64.ActiveCfg = Release|Any CPU
		{CBB43111-8BFE-48C7-94EF-0829B18D53F1}.Release|x86.ActiveCfg = Release|Any CPU
		{6CB5C718-7DC1-482B-B6B9-8BB3565B6248}.Debug|Any CPU.ActiveCfg = Debug|Any CPU
		{6CB5C718-7DC1-482B-B6B9-8BB3565B6248}.Debug|Any CPU.Build.0 = Debug|Any CPU
		{6CB5C718-7DC1-482B-B6B9-8BB3565B6248}.Debug|ARM.ActiveCfg = Debug|Any CPU
		{6CB5C718-7DC1-482B-B6B9-8BB3565B6248}.Debug|x64.ActiveCfg = Debug|Any CPU
		{6CB5C718-7DC1-482B-B6B9-8BB3565B6248}.Debug|x86.ActiveCfg = Debug|Any CPU
		{6CB5C718-7DC1-482B-B6B9-8BB3565B6248}.Release|Any CPU.ActiveCfg = Release|Any CPU
		{6CB5C718-7DC1-482B-B6B9-8BB3565B6248}.Release|Any CPU.Build.0 = Release|Any CPU
		{6CB5C718-7DC1-482B-B6B9-8BB3565B6248}.Release|ARM.ActiveCfg = Release|Any CPU
		{6CB5C718-7DC1-482B-B6B9-8BB3565B6248}.Release|x64.ActiveCfg = Release|Any CPU
		{6CB5C718-7DC1-482B-B6B9-8BB3565B6248}.Release|x86.ActiveCfg = Release|Any CPU
		{5B0F9D11-964C-4911-A5F5-771BF0245058}.Debug|Any CPU.ActiveCfg = Debug|Any CPU
		{5B0F9D11-964C-4911-A5F5-771BF0245058}.Debug|Any CPU.Build.0 = Debug|Any CPU
		{5B0F9D11-964C-4911-A5F5-771BF0245058}.Debug|ARM.ActiveCfg = Debug|Any CPU
		{5B0F9D11-964C-4911-A5F5-771BF0245058}.Debug|x64.ActiveCfg = Debug|Any CPU
		{5B0F9D11-964C-4911-A5F5-771BF0245058}.Debug|x86.ActiveCfg = Debug|Any CPU
		{5B0F9D11-964C-4911-A5F5-771BF0245058}.Release|Any CPU.ActiveCfg = Release|Any CPU
		{5B0F9D11-964C-4911-A5F5-771BF0245058}.Release|Any CPU.Build.0 = Release|Any CPU
		{5B0F9D11-964C-4911-A5F5-771BF0245058}.Release|ARM.ActiveCfg = Release|Any CPU
		{5B0F9D11-964C-4911-A5F5-771BF0245058}.Release|x64.ActiveCfg = Release|Any CPU
		{5B0F9D11-964C-4911-A5F5-771BF0245058}.Release|x86.ActiveCfg = Release|Any CPU
		{2CFA90F5-848E-4B93-88EF-CA4244D98ECF}.Debug|Any CPU.ActiveCfg = Debug|Any CPU
		{2CFA90F5-848E-4B93-88EF-CA4244D98ECF}.Debug|Any CPU.Build.0 = Debug|Any CPU
		{2CFA90F5-848E-4B93-88EF-CA4244D98ECF}.Debug|ARM.ActiveCfg = Debug|Any CPU
		{2CFA90F5-848E-4B93-88EF-CA4244D98ECF}.Debug|x64.ActiveCfg = Debug|Any CPU
		{2CFA90F5-848E-4B93-88EF-CA4244D98ECF}.Debug|x86.ActiveCfg = Debug|Any CPU
		{2CFA90F5-848E-4B93-88EF-CA4244D98ECF}.Release|Any CPU.ActiveCfg = Release|Any CPU
		{2CFA90F5-848E-4B93-88EF-CA4244D98ECF}.Release|Any CPU.Build.0 = Release|Any CPU
		{2CFA90F5-848E-4B93-88EF-CA4244D98ECF}.Release|ARM.ActiveCfg = Release|Any CPU
		{2CFA90F5-848E-4B93-88EF-CA4244D98ECF}.Release|x64.ActiveCfg = Release|Any CPU
		{2CFA90F5-848E-4B93-88EF-CA4244D98ECF}.Release|x86.ActiveCfg = Release|Any CPU
		{23CD0C11-9591-47F3-BFBB-2207C94FFC2A}.Debug|Any CPU.ActiveCfg = Debug|Any CPU
		{23CD0C11-9591-47F3-BFBB-2207C94FFC2A}.Debug|Any CPU.Build.0 = Debug|Any CPU
		{23CD0C11-9591-47F3-BFBB-2207C94FFC2A}.Debug|ARM.ActiveCfg = Debug|Any CPU
		{23CD0C11-9591-47F3-BFBB-2207C94FFC2A}.Debug|x64.ActiveCfg = Debug|Any CPU
		{23CD0C11-9591-47F3-BFBB-2207C94FFC2A}.Debug|x86.ActiveCfg = Debug|Any CPU
		{23CD0C11-9591-47F3-BFBB-2207C94FFC2A}.Release|Any CPU.ActiveCfg = Release|Any CPU
		{23CD0C11-9591-47F3-BFBB-2207C94FFC2A}.Release|Any CPU.Build.0 = Release|Any CPU
		{23CD0C11-9591-47F3-BFBB-2207C94FFC2A}.Release|ARM.ActiveCfg = Release|Any CPU
		{23CD0C11-9591-47F3-BFBB-2207C94FFC2A}.Release|x64.ActiveCfg = Release|Any CPU
		{23CD0C11-9591-47F3-BFBB-2207C94FFC2A}.Release|x86.ActiveCfg = Release|Any CPU
		{B4398F3F-077C-4DB7-95FB-72B2F243EA59}.Debug|Any CPU.ActiveCfg = Debug|Any CPU
		{B4398F3F-077C-4DB7-95FB-72B2F243EA59}.Debug|Any CPU.Build.0 = Debug|Any CPU
		{B4398F3F-077C-4DB7-95FB-72B2F243EA59}.Debug|ARM.ActiveCfg = Debug|Any CPU
		{B4398F3F-077C-4DB7-95FB-72B2F243EA59}.Debug|x64.ActiveCfg = Debug|Any CPU
		{B4398F3F-077C-4DB7-95FB-72B2F243EA59}.Debug|x86.ActiveCfg = Debug|Any CPU
		{B4398F3F-077C-4DB7-95FB-72B2F243EA59}.Release|Any CPU.ActiveCfg = Release|Any CPU
		{B4398F3F-077C-4DB7-95FB-72B2F243EA59}.Release|Any CPU.Build.0 = Release|Any CPU
		{B4398F3F-077C-4DB7-95FB-72B2F243EA59}.Release|ARM.ActiveCfg = Release|Any CPU
		{B4398F3F-077C-4DB7-95FB-72B2F243EA59}.Release|x64.ActiveCfg = Release|Any CPU
		{B4398F3F-077C-4DB7-95FB-72B2F243EA59}.Release|x86.ActiveCfg = Release|Any CPU
		{CAD11A58-159C-4D45-8FE3-8F9AC754C814}.Debug|Any CPU.ActiveCfg = Debug|Any CPU
		{CAD11A58-159C-4D45-8FE3-8F9AC754C814}.Debug|Any CPU.Build.0 = Debug|Any CPU
		{CAD11A58-159C-4D45-8FE3-8F9AC754C814}.Debug|ARM.ActiveCfg = Debug|Any CPU
		{CAD11A58-159C-4D45-8FE3-8F9AC754C814}.Debug|x64.ActiveCfg = Debug|Any CPU
		{CAD11A58-159C-4D45-8FE3-8F9AC754C814}.Debug|x86.ActiveCfg = Debug|Any CPU
		{CAD11A58-159C-4D45-8FE3-8F9AC754C814}.Release|Any CPU.ActiveCfg = Release|Any CPU
		{CAD11A58-159C-4D45-8FE3-8F9AC754C814}.Release|Any CPU.Build.0 = Release|Any CPU
		{CAD11A58-159C-4D45-8FE3-8F9AC754C814}.Release|ARM.ActiveCfg = Release|Any CPU
		{CAD11A58-159C-4D45-8FE3-8F9AC754C814}.Release|x64.ActiveCfg = Release|Any CPU
		{CAD11A58-159C-4D45-8FE3-8F9AC754C814}.Release|x86.ActiveCfg = Release|Any CPU
		{88A8A6C1-967A-446B-89F5-EE6D7DAF73E9}.Debug|Any CPU.ActiveCfg = Debug|Any CPU
		{88A8A6C1-967A-446B-89F5-EE6D7DAF73E9}.Debug|Any CPU.Build.0 = Debug|Any CPU
		{88A8A6C1-967A-446B-89F5-EE6D7DAF73E9}.Debug|ARM.ActiveCfg = Debug|Any CPU
		{88A8A6C1-967A-446B-89F5-EE6D7DAF73E9}.Debug|x64.ActiveCfg = Debug|Any CPU
		{88A8A6C1-967A-446B-89F5-EE6D7DAF73E9}.Debug|x86.ActiveCfg = Debug|Any CPU
		{88A8A6C1-967A-446B-89F5-EE6D7DAF73E9}.Release|Any CPU.ActiveCfg = Release|Any CPU
		{88A8A6C1-967A-446B-89F5-EE6D7DAF73E9}.Release|Any CPU.Build.0 = Release|Any CPU
		{88A8A6C1-967A-446B-89F5-EE6D7DAF73E9}.Release|ARM.ActiveCfg = Release|Any CPU
		{88A8A6C1-967A-446B-89F5-EE6D7DAF73E9}.Release|x64.ActiveCfg = Release|Any CPU
		{88A8A6C1-967A-446B-89F5-EE6D7DAF73E9}.Release|x86.ActiveCfg = Release|Any CPU
		{41F01C5A-A5E0-4D86-86B0-CAADA3DDCFF2}.Debug|Any CPU.ActiveCfg = Debug|Any CPU
		{41F01C5A-A5E0-4D86-86B0-CAADA3DDCFF2}.Debug|Any CPU.Build.0 = Debug|Any CPU
		{41F01C5A-A5E0-4D86-86B0-CAADA3DDCFF2}.Debug|ARM.ActiveCfg = Debug|Any CPU
		{41F01C5A-A5E0-4D86-86B0-CAADA3DDCFF2}.Debug|x64.ActiveCfg = Debug|Any CPU
		{41F01C5A-A5E0-4D86-86B0-CAADA3DDCFF2}.Debug|x86.ActiveCfg = Debug|Any CPU
		{41F01C5A-A5E0-4D86-86B0-CAADA3DDCFF2}.Release|Any CPU.ActiveCfg = Release|Any CPU
		{41F01C5A-A5E0-4D86-86B0-CAADA3DDCFF2}.Release|Any CPU.Build.0 = Release|Any CPU
		{41F01C5A-A5E0-4D86-86B0-CAADA3DDCFF2}.Release|ARM.ActiveCfg = Release|Any CPU
		{41F01C5A-A5E0-4D86-86B0-CAADA3DDCFF2}.Release|x64.ActiveCfg = Release|Any CPU
		{41F01C5A-A5E0-4D86-86B0-CAADA3DDCFF2}.Release|x86.ActiveCfg = Release|Any CPU
		{88956FB4-4336-4A35-8A93-9FAC148518BB}.Debug|Any CPU.ActiveCfg = Debug|Any CPU
		{88956FB4-4336-4A35-8A93-9FAC148518BB}.Debug|Any CPU.Build.0 = Debug|Any CPU
		{88956FB4-4336-4A35-8A93-9FAC148518BB}.Debug|ARM.ActiveCfg = Debug|Any CPU
		{88956FB4-4336-4A35-8A93-9FAC148518BB}.Debug|x64.ActiveCfg = Debug|Any CPU
		{88956FB4-4336-4A35-8A93-9FAC148518BB}.Debug|x86.ActiveCfg = Debug|Any CPU
		{88956FB4-4336-4A35-8A93-9FAC148518BB}.Release|Any CPU.ActiveCfg = Release|Any CPU
		{88956FB4-4336-4A35-8A93-9FAC148518BB}.Release|Any CPU.Build.0 = Release|Any CPU
		{88956FB4-4336-4A35-8A93-9FAC148518BB}.Release|ARM.ActiveCfg = Release|Any CPU
		{88956FB4-4336-4A35-8A93-9FAC148518BB}.Release|x64.ActiveCfg = Release|Any CPU
		{88956FB4-4336-4A35-8A93-9FAC148518BB}.Release|x86.ActiveCfg = Release|Any CPU
		{2A9D519F-7219-46E0-9BFC-D7BCCB2BF9CB}.Debug|Any CPU.ActiveCfg = Debug|Any CPU
		{2A9D519F-7219-46E0-9BFC-D7BCCB2BF9CB}.Debug|Any CPU.Build.0 = Debug|Any CPU
		{2A9D519F-7219-46E0-9BFC-D7BCCB2BF9CB}.Debug|ARM.ActiveCfg = Debug|Any CPU
		{2A9D519F-7219-46E0-9BFC-D7BCCB2BF9CB}.Debug|x64.ActiveCfg = Debug|Any CPU
		{2A9D519F-7219-46E0-9BFC-D7BCCB2BF9CB}.Debug|x86.ActiveCfg = Debug|Any CPU
		{2A9D519F-7219-46E0-9BFC-D7BCCB2BF9CB}.Release|Any CPU.ActiveCfg = Release|Any CPU
		{2A9D519F-7219-46E0-9BFC-D7BCCB2BF9CB}.Release|Any CPU.Build.0 = Release|Any CPU
		{2A9D519F-7219-46E0-9BFC-D7BCCB2BF9CB}.Release|ARM.ActiveCfg = Release|Any CPU
		{2A9D519F-7219-46E0-9BFC-D7BCCB2BF9CB}.Release|x64.ActiveCfg = Release|Any CPU
		{2A9D519F-7219-46E0-9BFC-D7BCCB2BF9CB}.Release|x86.ActiveCfg = Release|Any CPU
		{19AB48B0-82F2-473A-9670-6A9DCEF79D85}.Debug|Any CPU.ActiveCfg = Debug|Any CPU
		{19AB48B0-82F2-473A-9670-6A9DCEF79D85}.Debug|Any CPU.Build.0 = Debug|Any CPU
		{19AB48B0-82F2-473A-9670-6A9DCEF79D85}.Debug|ARM.ActiveCfg = Debug|Any CPU
		{19AB48B0-82F2-473A-9670-6A9DCEF79D85}.Debug|x64.ActiveCfg = Debug|Any CPU
		{19AB48B0-82F2-473A-9670-6A9DCEF79D85}.Debug|x86.ActiveCfg = Debug|Any CPU
		{19AB48B0-82F2-473A-9670-6A9DCEF79D85}.Release|Any CPU.ActiveCfg = Release|Any CPU
		{19AB48B0-82F2-473A-9670-6A9DCEF79D85}.Release|Any CPU.Build.0 = Release|Any CPU
		{19AB48B0-82F2-473A-9670-6A9DCEF79D85}.Release|ARM.ActiveCfg = Release|Any CPU
		{19AB48B0-82F2-473A-9670-6A9DCEF79D85}.Release|x64.ActiveCfg = Release|Any CPU
		{19AB48B0-82F2-473A-9670-6A9DCEF79D85}.Release|x86.ActiveCfg = Release|Any CPU
		{58655F1D-59BD-4E64-A0E9-B7FCF7A6BFA8}.Debug|Any CPU.ActiveCfg = Debug|Any CPU
		{58655F1D-59BD-4E64-A0E9-B7FCF7A6BFA8}.Debug|Any CPU.Build.0 = Debug|Any CPU
		{58655F1D-59BD-4E64-A0E9-B7FCF7A6BFA8}.Debug|ARM.ActiveCfg = Debug|Any CPU
		{58655F1D-59BD-4E64-A0E9-B7FCF7A6BFA8}.Debug|x64.ActiveCfg = Debug|Any CPU
		{58655F1D-59BD-4E64-A0E9-B7FCF7A6BFA8}.Debug|x86.ActiveCfg = Debug|Any CPU
		{58655F1D-59BD-4E64-A0E9-B7FCF7A6BFA8}.Release|Any CPU.ActiveCfg = Release|Any CPU
		{58655F1D-59BD-4E64-A0E9-B7FCF7A6BFA8}.Release|Any CPU.Build.0 = Release|Any CPU
		{58655F1D-59BD-4E64-A0E9-B7FCF7A6BFA8}.Release|ARM.ActiveCfg = Release|Any CPU
		{58655F1D-59BD-4E64-A0E9-B7FCF7A6BFA8}.Release|x64.ActiveCfg = Release|Any CPU
		{58655F1D-59BD-4E64-A0E9-B7FCF7A6BFA8}.Release|x86.ActiveCfg = Release|Any CPU
		{FF677971-895C-4F00-BF0A-E876928D2BCC}.Debug|Any CPU.ActiveCfg = Debug|Any CPU
		{FF677971-895C-4F00-BF0A-E876928D2BCC}.Debug|Any CPU.Build.0 = Debug|Any CPU
		{FF677971-895C-4F00-BF0A-E876928D2BCC}.Debug|ARM.ActiveCfg = Debug|Any CPU
		{FF677971-895C-4F00-BF0A-E876928D2BCC}.Debug|x64.ActiveCfg = Debug|Any CPU
		{FF677971-895C-4F00-BF0A-E876928D2BCC}.Debug|x86.ActiveCfg = Debug|Any CPU
		{FF677971-895C-4F00-BF0A-E876928D2BCC}.Release|Any CPU.ActiveCfg = Release|Any CPU
		{FF677971-895C-4F00-BF0A-E876928D2BCC}.Release|Any CPU.Build.0 = Release|Any CPU
		{FF677971-895C-4F00-BF0A-E876928D2BCC}.Release|ARM.ActiveCfg = Release|Any CPU
		{FF677971-895C-4F00-BF0A-E876928D2BCC}.Release|x64.ActiveCfg = Release|Any CPU
		{FF677971-895C-4F00-BF0A-E876928D2BCC}.Release|x86.ActiveCfg = Release|Any CPU
		{D75BB2E9-59A6-4485-B8A4-849938BA39EE}.Debug|Any CPU.ActiveCfg = Debug|Any CPU
		{D75BB2E9-59A6-4485-B8A4-849938BA39EE}.Debug|Any CPU.Build.0 = Debug|Any CPU
		{D75BB2E9-59A6-4485-B8A4-849938BA39EE}.Debug|ARM.ActiveCfg = Debug|Any CPU
		{D75BB2E9-59A6-4485-B8A4-849938BA39EE}.Debug|x64.ActiveCfg = Debug|Any CPU
		{D75BB2E9-59A6-4485-B8A4-849938BA39EE}.Debug|x86.ActiveCfg = Debug|Any CPU
		{D75BB2E9-59A6-4485-B8A4-849938BA39EE}.Release|Any CPU.ActiveCfg = Release|Any CPU
		{D75BB2E9-59A6-4485-B8A4-849938BA39EE}.Release|Any CPU.Build.0 = Release|Any CPU
		{D75BB2E9-59A6-4485-B8A4-849938BA39EE}.Release|ARM.ActiveCfg = Release|Any CPU
		{D75BB2E9-59A6-4485-B8A4-849938BA39EE}.Release|x64.ActiveCfg = Release|Any CPU
		{D75BB2E9-59A6-4485-B8A4-849938BA39EE}.Release|x86.ActiveCfg = Release|Any CPU
		{3606F033-DE84-4990-86D7-CB61956F5952}.Debug|Any CPU.ActiveCfg = Debug|Any CPU
		{3606F033-DE84-4990-86D7-CB61956F5952}.Debug|Any CPU.Build.0 = Debug|Any CPU
		{3606F033-DE84-4990-86D7-CB61956F5952}.Debug|ARM.ActiveCfg = Debug|Any CPU
		{3606F033-DE84-4990-86D7-CB61956F5952}.Debug|x64.ActiveCfg = Debug|Any CPU
		{3606F033-DE84-4990-86D7-CB61956F5952}.Debug|x86.ActiveCfg = Debug|Any CPU
		{3606F033-DE84-4990-86D7-CB61956F5952}.Release|Any CPU.ActiveCfg = Release|Any CPU
		{3606F033-DE84-4990-86D7-CB61956F5952}.Release|Any CPU.Build.0 = Release|Any CPU
		{3606F033-DE84-4990-86D7-CB61956F5952}.Release|ARM.ActiveCfg = Release|Any CPU
		{3606F033-DE84-4990-86D7-CB61956F5952}.Release|x64.ActiveCfg = Release|Any CPU
		{3606F033-DE84-4990-86D7-CB61956F5952}.Release|x86.ActiveCfg = Release|Any CPU
		{D2F314A9-E532-4D2C-9940-7E09B8EC4224}.Debug|Any CPU.ActiveCfg = Debug|Any CPU
		{D2F314A9-E532-4D2C-9940-7E09B8EC4224}.Debug|Any CPU.Build.0 = Debug|Any CPU
		{D2F314A9-E532-4D2C-9940-7E09B8EC4224}.Debug|ARM.ActiveCfg = Debug|Any CPU
		{D2F314A9-E532-4D2C-9940-7E09B8EC4224}.Debug|x64.ActiveCfg = Debug|Any CPU
		{D2F314A9-E532-4D2C-9940-7E09B8EC4224}.Debug|x86.ActiveCfg = Debug|Any CPU
		{D2F314A9-E532-4D2C-9940-7E09B8EC4224}.Release|Any CPU.ActiveCfg = Release|Any CPU
		{D2F314A9-E532-4D2C-9940-7E09B8EC4224}.Release|Any CPU.Build.0 = Release|Any CPU
		{D2F314A9-E532-4D2C-9940-7E09B8EC4224}.Release|ARM.ActiveCfg = Release|Any CPU
		{D2F314A9-E532-4D2C-9940-7E09B8EC4224}.Release|x64.ActiveCfg = Release|Any CPU
		{D2F314A9-E532-4D2C-9940-7E09B8EC4224}.Release|x86.ActiveCfg = Release|Any CPU
		{E0F23633-BC02-4D5C-BAF8-6BB0922F7774}.Debug|Any CPU.ActiveCfg = Debug|Any CPU
		{E0F23633-BC02-4D5C-BAF8-6BB0922F7774}.Debug|Any CPU.Build.0 = Debug|Any CPU
		{E0F23633-BC02-4D5C-BAF8-6BB0922F7774}.Debug|ARM.ActiveCfg = Debug|Any CPU
		{E0F23633-BC02-4D5C-BAF8-6BB0922F7774}.Debug|x64.ActiveCfg = Debug|Any CPU
		{E0F23633-BC02-4D5C-BAF8-6BB0922F7774}.Debug|x86.ActiveCfg = Debug|Any CPU
		{E0F23633-BC02-4D5C-BAF8-6BB0922F7774}.Release|Any CPU.ActiveCfg = Release|Any CPU
		{E0F23633-BC02-4D5C-BAF8-6BB0922F7774}.Release|Any CPU.Build.0 = Release|Any CPU
		{E0F23633-BC02-4D5C-BAF8-6BB0922F7774}.Release|ARM.ActiveCfg = Release|Any CPU
		{E0F23633-BC02-4D5C-BAF8-6BB0922F7774}.Release|x64.ActiveCfg = Release|Any CPU
		{E0F23633-BC02-4D5C-BAF8-6BB0922F7774}.Release|x86.ActiveCfg = Release|Any CPU
	EndGlobalSection
	GlobalSection(SolutionProperties) = preSolution
		HideSolutionNode = FALSE
	EndGlobalSection
	GlobalSection(NestedProjects) = preSolution
		{6BA0549C-048E-4BD2-8C13-C74C8AB1A7CB} = {49D9F98D-2E51-4A92-896E-E24CFD25BF1E}
		{DA689348-E374-4232-B5A1-119DCDF7CEBA} = {6BA0549C-048E-4BD2-8C13-C74C8AB1A7CB}
		{962F9249-289B-4169-A135-617899AC698D} = {6BA0549C-048E-4BD2-8C13-C74C8AB1A7CB}
		{CBB43111-8BFE-48C7-94EF-0829B18D53F1} = {49D9F98D-2E51-4A92-896E-E24CFD25BF1E}
		{6CB5C718-7DC1-482B-B6B9-8BB3565B6248} = {49D9F98D-2E51-4A92-896E-E24CFD25BF1E}
		{5B0F9D11-964C-4911-A5F5-771BF0245058} = {49D9F98D-2E51-4A92-896E-E24CFD25BF1E}
		{2CFA90F5-848E-4B93-88EF-CA4244D98ECF} = {49D9F98D-2E51-4A92-896E-E24CFD25BF1E}
		{23CD0C11-9591-47F3-BFBB-2207C94FFC2A} = {49D9F98D-2E51-4A92-896E-E24CFD25BF1E}
		{B4398F3F-077C-4DB7-95FB-72B2F243EA59} = {49D9F98D-2E51-4A92-896E-E24CFD25BF1E}
		{CAD11A58-159C-4D45-8FE3-8F9AC754C814} = {49D9F98D-2E51-4A92-896E-E24CFD25BF1E}
		{88A8A6C1-967A-446B-89F5-EE6D7DAF73E9} = {49D9F98D-2E51-4A92-896E-E24CFD25BF1E}
		{41F01C5A-A5E0-4D86-86B0-CAADA3DDCFF2} = {6BA0549C-048E-4BD2-8C13-C74C8AB1A7CB}
		{88956FB4-4336-4A35-8A93-9FAC148518BB} = {6BA0549C-048E-4BD2-8C13-C74C8AB1A7CB}
		{2A9D519F-7219-46E0-9BFC-D7BCCB2BF9CB} = {DA689348-E374-4232-B5A1-119DCDF7CEBA}
		{19AB48B0-82F2-473A-9670-6A9DCEF79D85} = {962F9249-289B-4169-A135-617899AC698D}
		{58655F1D-59BD-4E64-A0E9-B7FCF7A6BFA8} = {962F9249-289B-4169-A135-617899AC698D}
		{FF677971-895C-4F00-BF0A-E876928D2BCC} = {962F9249-289B-4169-A135-617899AC698D}
		{D75BB2E9-59A6-4485-B8A4-849938BA39EE} = {962F9249-289B-4169-A135-617899AC698D}
		{3606F033-DE84-4990-86D7-CB61956F5952} = {962F9249-289B-4169-A135-617899AC698D}
		{D2F314A9-E532-4D2C-9940-7E09B8EC4224} = {962F9249-289B-4169-A135-617899AC698D}
		{E0F23633-BC02-4D5C-BAF8-6BB0922F7774} = {49D9F98D-2E51-4A92-896E-E24CFD25BF1E}
	EndGlobalSection
	GlobalSection(ExtensibilityGlobals) = postSolution
		EnterpriseLibraryConfigurationToolBinariesPath = packages\Unity.2.1.505.0\lib\NET35;..\lib\Unity.2.1.505.0\lib\NET35;..\lib\Unity.2.1.505.2\lib\NET35
	EndGlobalSection
EndGlobal
