
Microsoft Visual Studio Solution File, Format Version 12.00
# Visual Studio Version 17
VisualStudioVersion = 17.14.35806.103 d17.14
MinimumVisualStudioVersion = 10.0.40219.1
Project("{2150E333-8FDC-42A3-9474-1A3956D46DE8}") = "src", "src", "{49D9F98D-2E51-4A92-896E-E24CFD25BF1E}"
EndProject
Project("{2150E333-8FDC-42A3-9474-1A3956D46DE8}") = "WPF", "WPF", "{0C9CBDD8-8ED0-4B16-8C1E-34C86FBECB9C}"
EndProject
Project("{2150E333-8FDC-42A3-9474-1A3956D46DE8}") = "misc", "misc", "{725160C0-B460-4AB1-BD9D-A5FE6A5BD175}"
	ProjectSection(SolutionItems) = preProject
		Catel.Examples.sln.DotSettings = Catel.Examples.sln.DotSettings
		Directory.build.project.props = Directory.build.project.props
		Directory.build.props = Directory.build.props
		Directory.build.shared.explicit.props = Directory.build.shared.explicit.props
		Directory.build.shared.implicit.props = Directory.build.shared.implicit.props
		Directory.build.targets = Directory.build.targets
		GlobalSuppressions.cs = GlobalSuppressions.cs
		MethodTimeLogger.cs = MethodTimeLogger.cs
		nuget.config = nuget.config
		SolutionAssemblyInfo.cs = SolutionAssemblyInfo.cs
	EndProjectSection
EndProject
Project("{2150E333-8FDC-42A3-9474-1A3956D46DE8}") = "Shared", "Shared", "{E78BD5DD-CFB2-4BD5-8AAA-D41921D6D3BF}"
EndProject
Project("{D954291E-2A0B-460D-934E-DC6B0785DB48}") = "Catel.Examples.Models.Shared", "Catel.Examples.Models.Shared\Catel.Examples.Models.Shared.shproj", "{F696BE83-7638-4775-99AA-C6AB488B692C}"
EndProject
Project("{9A19103F-16F7-4668-BE54-9A1E7A4F7556}") = "Catel.Examples.WPF.Analytics", "Catel.Examples.WPF.Analytics\Catel.Examples.WPF.Analytics.csproj", "{50B0924C-C5F1-477C-80D2-8DBBF6379E03}"
EndProject
Project("{9A19103F-16F7-4668-BE54-9A1E7A4F7556}") = "Catel.Examples.WPF.Authentication", "Catel.Examples.WPF.Authentication\Catel.Examples.WPF.Authentication.csproj", "{B283F898-7FEB-4EB9-A1D2-E84FA0230262}"
EndProject
Project("{9A19103F-16F7-4668-BE54-9A1E7A4F7556}") = "Catel.Examples.WPF.Behaviors", "Catel.Examples.WPF.Behaviors\Catel.Examples.WPF.Behaviors.csproj", "{5C22A0B0-BDB2-40D9-AC08-48DCE04353CC}"
EndProject
Project("{9A19103F-16F7-4668-BE54-9A1E7A4F7556}") = "Catel.Examples.WPF.Commanding", "Catel.Examples.WPF.Commanding\Catel.Examples.WPF.Commanding.csproj", "{63CA694E-2CD1-45C9-861A-4EACC4ED89B2}"
EndProject
Project("{9A19103F-16F7-4668-BE54-9A1E7A4F7556}") = "Catel.Examples.WPF.MasterDetail", "Catel.Examples.WPF.MasterDetail\Catel.Examples.WPF.MasterDetail.csproj", "{82A6C61F-AF6A-4E70-BBF2-A62F17E1BE30}"
EndProject
Project("{9A19103F-16F7-4668-BE54-9A1E7A4F7556}") = "Catel.Examples.WPF.MultiLingual", "Catel.Examples.WPF.MultiLingual\Catel.Examples.WPF.MultiLingual.csproj", "{9225ABC2-4342-4A69-BB53-38EC7F161184}"
EndProject
Project("{9A19103F-16F7-4668-BE54-9A1E7A4F7556}") = "Catel.Examples.WPF.NestedUserControls", "Catel.Examples.WPF.NestedUserControls\Catel.Examples.WPF.NestedUserControls.csproj", "{F8C72A2E-3502-46D4-9E1D-62BDEC4D2ACF}"
EndProject
Project("{9A19103F-16F7-4668-BE54-9A1E7A4F7556}") = "Catel.Examples.WPF.PersonApplication", "Catel.Examples.WPF.PersonApplication\Catel.Examples.WPF.PersonApplication.csproj", "{B85ACE8C-3AB9-45C2-A613-EF1E4616C05F}"
EndProject
Project("{9A19103F-16F7-4668-BE54-9A1E7A4F7556}") = "Catel.Examples.WPF.TaskCommand", "Catel.Examples.WPF.TaskCommand\Catel.Examples.WPF.TaskCommand.csproj", "{55AEFD24-323F-4068-A139-BB9A41EF5C4C}"
EndProject
Project("{9A19103F-16F7-4668-BE54-9A1E7A4F7556}") = "Catel.Examples.WPF.Validation", "Catel.Examples.WPF.Validation\Catel.Examples.WPF.Validation.csproj", "{213E5782-0652-4513-96A3-FED24E2350E2}"
EndProject
Project("{9A19103F-16F7-4668-BE54-9A1E7A4F7556}") = "Catel.Examples.WPF.ViewModelLifetime", "Catel.Examples.WPF.ViewModelLifetime\Catel.Examples.WPF.ViewModelLifetime.csproj", "{5C836BE8-FD5A-4395-89C7-56AEC4B42672}"
EndProject
Project("{9A19103F-16F7-4668-BE54-9A1E7A4F7556}") = "Catel.Examples.WPF.ViewModelThrottling", "Catel.Examples.WPF.ViewModelThrottling\Catel.Examples.WPF.ViewModelThrottling.csproj", "{04B03B0B-085A-4E67-9650-390C01BB7BD9}"
EndProject
Global
	GlobalSection(SolutionConfigurationPlatforms) = preSolution
		Debug|Any CPU = Debug|Any CPU
		Debug|ARM = Debug|ARM
		Debug|iPhone = Debug|iPhone
		Debug|iPhoneSimulator = Debug|iPhoneSimulator
		Debug|x64 = Debug|x64
		Debug|x86 = Debug|x86
		Release|Any CPU = Release|Any CPU
		Release|ARM = Release|ARM
		Release|iPhone = Release|iPhone
		Release|iPhoneSimulator = Release|iPhoneSimulator
		Release|x64 = Release|x64
		Release|x86 = Release|x86
	EndGlobalSection
	GlobalSection(ProjectConfigurationPlatforms) = postSolution
		{50B0924C-C5F1-477C-80D2-8DBBF6379E03}.Debug|Any CPU.ActiveCfg = Debug|Any CPU
		{50B0924C-C5F1-477C-80D2-8DBBF6379E03}.Debug|Any CPU.Build.0 = Debug|Any CPU
		{50B0924C-C5F1-477C-80D2-8DBBF6379E03}.Debug|ARM.ActiveCfg = Debug|Any CPU
		{50B0924C-C5F1-477C-80D2-8DBBF6379E03}.Debug|ARM.Build.0 = Debug|Any CPU
		{50B0924C-C5F1-477C-80D2-8DBBF6379E03}.Debug|iPhone.ActiveCfg = Debug|Any CPU
		{50B0924C-C5F1-477C-80D2-8DBBF6379E03}.Debug|iPhone.Build.0 = Debug|Any CPU
		{50B0924C-C5F1-477C-80D2-8DBBF6379E03}.Debug|iPhoneSimulator.ActiveCfg = Debug|Any CPU
		{50B0924C-C5F1-477C-80D2-8DBBF6379E03}.Debug|iPhoneSimulator.Build.0 = Debug|Any CPU
		{50B0924C-C5F1-477C-80D2-8DBBF6379E03}.Debug|x64.ActiveCfg = Debug|Any CPU
		{50B0924C-C5F1-477C-80D2-8DBBF6379E03}.Debug|x64.Build.0 = Debug|Any CPU
		{50B0924C-C5F1-477C-80D2-8DBBF6379E03}.Debug|x86.ActiveCfg = Debug|Any CPU
		{50B0924C-C5F1-477C-80D2-8DBBF6379E03}.Debug|x86.Build.0 = Debug|Any CPU
		{50B0924C-C5F1-477C-80D2-8DBBF6379E03}.Release|Any CPU.ActiveCfg = Release|Any CPU
		{50B0924C-C5F1-477C-80D2-8DBBF6379E03}.Release|Any CPU.Build.0 = Release|Any CPU
		{50B0924C-C5F1-477C-80D2-8DBBF6379E03}.Release|ARM.ActiveCfg = Release|Any CPU
		{50B0924C-C5F1-477C-80D2-8DBBF6379E03}.Release|ARM.Build.0 = Release|Any CPU
		{50B0924C-C5F1-477C-80D2-8DBBF6379E03}.Release|iPhone.ActiveCfg = Release|Any CPU
		{50B0924C-C5F1-477C-80D2-8DBBF6379E03}.Release|iPhone.Build.0 = Release|Any CPU
		{50B0924C-C5F1-477C-80D2-8DBBF6379E03}.Release|iPhoneSimulator.ActiveCfg = Release|Any CPU
		{50B0924C-C5F1-477C-80D2-8DBBF6379E03}.Release|iPhoneSimulator.Build.0 = Release|Any CPU
		{50B0924C-C5F1-477C-80D2-8DBBF6379E03}.Release|x64.ActiveCfg = Release|Any CPU
		{50B0924C-C5F1-477C-80D2-8DBBF6379E03}.Release|x64.Build.0 = Release|Any CPU
		{50B0924C-C5F1-477C-80D2-8DBBF6379E03}.Release|x86.ActiveCfg = Release|Any CPU
		{50B0924C-C5F1-477C-80D2-8DBBF6379E03}.Release|x86.Build.0 = Release|Any CPU
		{B283F898-7FEB-4EB9-A1D2-E84FA0230262}.Debug|Any CPU.ActiveCfg = Debug|Any CPU
		{B283F898-7FEB-4EB9-A1D2-E84FA0230262}.Debug|Any CPU.Build.0 = Debug|Any CPU
		{B283F898-7FEB-4EB9-A1D2-E84FA0230262}.Debug|ARM.ActiveCfg = Debug|Any CPU
		{B283F898-7FEB-4EB9-A1D2-E84FA0230262}.Debug|ARM.Build.0 = Debug|Any CPU
		{B283F898-7FEB-4EB9-A1D2-E84FA0230262}.Debug|iPhone.ActiveCfg = Debug|Any CPU
		{B283F898-7FEB-4EB9-A1D2-E84FA0230262}.Debug|iPhone.Build.0 = Debug|Any CPU
		{B283F898-7FEB-4EB9-A1D2-E84FA0230262}.Debug|iPhoneSimulator.ActiveCfg = Debug|Any CPU
		{B283F898-7FEB-4EB9-A1D2-E84FA0230262}.Debug|iPhoneSimulator.Build.0 = Debug|Any CPU
		{B283F898-7FEB-4EB9-A1D2-E84FA0230262}.Debug|x64.ActiveCfg = Debug|Any CPU
		{B283F898-7FEB-4EB9-A1D2-E84FA0230262}.Debug|x64.Build.0 = Debug|Any CPU
		{B283F898-7FEB-4EB9-A1D2-E84FA0230262}.Debug|x86.ActiveCfg = Debug|Any CPU
		{B283F898-7FEB-4EB9-A1D2-E84FA0230262}.Debug|x86.Build.0 = Debug|Any CPU
		{B283F898-7FEB-4EB9-A1D2-E84FA0230262}.Release|Any CPU.ActiveCfg = Release|Any CPU
		{B283F898-7FEB-4EB9-A1D2-E84FA0230262}.Release|Any CPU.Build.0 = Release|Any CPU
		{B283F898-7FEB-4EB9-A1D2-E84FA0230262}.Release|ARM.ActiveCfg = Release|Any CPU
		{B283F898-7FEB-4EB9-A1D2-E84FA0230262}.Release|ARM.Build.0 = Release|Any CPU
		{B283F898-7FEB-4EB9-A1D2-E84FA0230262}.Release|iPhone.ActiveCfg = Release|Any CPU
		{B283F898-7FEB-4EB9-A1D2-E84FA0230262}.Release|iPhone.Build.0 = Release|Any CPU
		{B283F898-7FEB-4EB9-A1D2-E84FA0230262}.Release|iPhoneSimulator.ActiveCfg = Release|Any CPU
		{B283F898-7FEB-4EB9-A1D2-E84FA0230262}.Release|iPhoneSimulator.Build.0 = Release|Any CPU
		{B283F898-7FEB-4EB9-A1D2-E84FA0230262}.Release|x64.ActiveCfg = Release|Any CPU
		{B283F898-7FEB-4EB9-A1D2-E84FA0230262}.Release|x64.Build.0 = Release|Any CPU
		{B283F898-7FEB-4EB9-A1D2-E84FA0230262}.Release|x86.ActiveCfg = Release|Any CPU
		{B283F898-7FEB-4EB9-A1D2-E84FA0230262}.Release|x86.Build.0 = Release|Any CPU
		{5C22A0B0-BDB2-40D9-AC08-48DCE04353CC}.Debug|Any CPU.ActiveCfg = Debug|Any CPU
		{5C22A0B0-BDB2-40D9-AC08-48DCE04353CC}.Debug|Any CPU.Build.0 = Debug|Any CPU
		{5C22A0B0-BDB2-40D9-AC08-48DCE04353CC}.Debug|ARM.ActiveCfg = Debug|Any CPU
		{5C22A0B0-BDB2-40D9-AC08-48DCE04353CC}.Debug|ARM.Build.0 = Debug|Any CPU
		{5C22A0B0-BDB2-40D9-AC08-48DCE04353CC}.Debug|iPhone.ActiveCfg = Debug|Any CPU
		{5C22A0B0-BDB2-40D9-AC08-48DCE04353CC}.Debug|iPhone.Build.0 = Debug|Any CPU
		{5C22A0B0-BDB2-40D9-AC08-48DCE04353CC}.Debug|iPhoneSimulator.ActiveCfg = Debug|Any CPU
		{5C22A0B0-BDB2-40D9-AC08-48DCE04353CC}.Debug|iPhoneSimulator.Build.0 = Debug|Any CPU
		{5C22A0B0-BDB2-40D9-AC08-48DCE04353CC}.Debug|x64.ActiveCfg = Debug|Any CPU
		{5C22A0B0-BDB2-40D9-AC08-48DCE04353CC}.Debug|x64.Build.0 = Debug|Any CPU
		{5C22A0B0-BDB2-40D9-AC08-48DCE04353CC}.Debug|x86.ActiveCfg = Debug|Any CPU
		{5C22A0B0-BDB2-40D9-AC08-48DCE04353CC}.Debug|x86.Build.0 = Debug|Any CPU
		{5C22A0B0-BDB2-40D9-AC08-48DCE04353CC}.Release|Any CPU.ActiveCfg = Release|Any CPU
		{5C22A0B0-BDB2-40D9-AC08-48DCE04353CC}.Release|Any CPU.Build.0 = Release|Any CPU
		{5C22A0B0-BDB2-40D9-AC08-48DCE04353CC}.Release|ARM.ActiveCfg = Release|Any CPU
		{5C22A0B0-BDB2-40D9-AC08-48DCE04353CC}.Release|ARM.Build.0 = Release|Any CPU
		{5C22A0B0-BDB2-40D9-AC08-48DCE04353CC}.Release|iPhone.ActiveCfg = Release|Any CPU
		{5C22A0B0-BDB2-40D9-AC08-48DCE04353CC}.Release|iPhone.Build.0 = Release|Any CPU
		{5C22A0B0-BDB2-40D9-AC08-48DCE04353CC}.Release|iPhoneSimulator.ActiveCfg = Release|Any CPU
		{5C22A0B0-BDB2-40D9-AC08-48DCE04353CC}.Release|iPhoneSimulator.Build.0 = Release|Any CPU
		{5C22A0B0-BDB2-40D9-AC08-48DCE04353CC}.Release|x64.ActiveCfg = Release|Any CPU
		{5C22A0B0-BDB2-40D9-AC08-48DCE04353CC}.Release|x64.Build.0 = Release|Any CPU
		{5C22A0B0-BDB2-40D9-AC08-48DCE04353CC}.Release|x86.ActiveCfg = Release|Any CPU
		{5C22A0B0-BDB2-40D9-AC08-48DCE04353CC}.Release|x86.Build.0 = Release|Any CPU
		{63CA694E-2CD1-45C9-861A-4EACC4ED89B2}.Debug|Any CPU.ActiveCfg = Debug|Any CPU
		{63CA694E-2CD1-45C9-861A-4EACC4ED89B2}.Debug|Any CPU.Build.0 = Debug|Any CPU
		{63CA694E-2CD1-45C9-861A-4EACC4ED89B2}.Debug|ARM.ActiveCfg = Debug|Any CPU
		{63CA694E-2CD1-45C9-861A-4EACC4ED89B2}.Debug|ARM.Build.0 = Debug|Any CPU
		{63CA694E-2CD1-45C9-861A-4EACC4ED89B2}.Debug|iPhone.ActiveCfg = Debug|Any CPU
		{63CA694E-2CD1-45C9-861A-4EACC4ED89B2}.Debug|iPhone.Build.0 = Debug|Any CPU
		{63CA694E-2CD1-45C9-861A-4EACC4ED89B2}.Debug|iPhoneSimulator.ActiveCfg = Debug|Any CPU
		{63CA694E-2CD1-45C9-861A-4EACC4ED89B2}.Debug|iPhoneSimulator.Build.0 = Debug|Any CPU
		{63CA694E-2CD1-45C9-861A-4EACC4ED89B2}.Debug|x64.ActiveCfg = Debug|Any CPU
		{63CA694E-2CD1-45C9-861A-4EACC4ED89B2}.Debug|x64.Build.0 = Debug|Any CPU
		{63CA694E-2CD1-45C9-861A-4EACC4ED89B2}.Debug|x86.ActiveCfg = Debug|Any CPU
		{63CA694E-2CD1-45C9-861A-4EACC4ED89B2}.Debug|x86.Build.0 = Debug|Any CPU
		{63CA694E-2CD1-45C9-861A-4EACC4ED89B2}.Release|Any CPU.ActiveCfg = Release|Any CPU
		{63CA694E-2CD1-45C9-861A-4EACC4ED89B2}.Release|Any CPU.Build.0 = Release|Any CPU
		{63CA694E-2CD1-45C9-861A-4EACC4ED89B2}.Release|ARM.ActiveCfg = Release|Any CPU
		{63CA694E-2CD1-45C9-861A-4EACC4ED89B2}.Release|ARM.Build.0 = Release|Any CPU
		{63CA694E-2CD1-45C9-861A-4EACC4ED89B2}.Release|iPhone.ActiveCfg = Release|Any CPU
		{63CA694E-2CD1-45C9-861A-4EACC4ED89B2}.Release|iPhone.Build.0 = Release|Any CPU
		{63CA694E-2CD1-45C9-861A-4EACC4ED89B2}.Release|iPhoneSimulator.ActiveCfg = Release|Any CPU
		{63CA694E-2CD1-45C9-861A-4EACC4ED89B2}.Release|iPhoneSimulator.Build.0 = Release|Any CPU
		{63CA694E-2CD1-45C9-861A-4EACC4ED89B2}.Release|x64.ActiveCfg = Release|Any CPU
		{63CA694E-2CD1-45C9-861A-4EACC4ED89B2}.Release|x64.Build.0 = Release|Any CPU
		{63CA694E-2CD1-45C9-861A-4EACC4ED89B2}.Release|x86.ActiveCfg = Release|Any CPU
		{63CA694E-2CD1-45C9-861A-4EACC4ED89B2}.Release|x86.Build.0 = Release|Any CPU
		{82A6C61F-AF6A-4E70-BBF2-A62F17E1BE30}.Debug|Any CPU.ActiveCfg = Debug|Any CPU
		{82A6C61F-AF6A-4E70-BBF2-A62F17E1BE30}.Debug|Any CPU.Build.0 = Debug|Any CPU
		{82A6C61F-AF6A-4E70-BBF2-A62F17E1BE30}.Debug|ARM.ActiveCfg = Debug|Any CPU
		{82A6C61F-AF6A-4E70-BBF2-A62F17E1BE30}.Debug|ARM.Build.0 = Debug|Any CPU
		{82A6C61F-AF6A-4E70-BBF2-A62F17E1BE30}.Debug|iPhone.ActiveCfg = Debug|Any CPU
		{82A6C61F-AF6A-4E70-BBF2-A62F17E1BE30}.Debug|iPhone.Build.0 = Debug|Any CPU
		{82A6C61F-AF6A-4E70-BBF2-A62F17E1BE30}.Debug|iPhoneSimulator.ActiveCfg = Debug|Any CPU
		{82A6C61F-AF6A-4E70-BBF2-A62F17E1BE30}.Debug|iPhoneSimulator.Build.0 = Debug|Any CPU
		{82A6C61F-AF6A-4E70-BBF2-A62F17E1BE30}.Debug|x64.ActiveCfg = Debug|Any CPU
		{82A6C61F-AF6A-4E70-BBF2-A62F17E1BE30}.Debug|x64.Build.0 = Debug|Any CPU
		{82A6C61F-AF6A-4E70-BBF2-A62F17E1BE30}.Debug|x86.ActiveCfg = Debug|Any CPU
		{82A6C61F-AF6A-4E70-BBF2-A62F17E1BE30}.Debug|x86.Build.0 = Debug|Any CPU
		{82A6C61F-AF6A-4E70-BBF2-A62F17E1BE30}.Release|Any CPU.ActiveCfg = Release|Any CPU
		{82A6C61F-AF6A-4E70-BBF2-A62F17E1BE30}.Release|Any CPU.Build.0 = Release|Any CPU
		{82A6C61F-AF6A-4E70-BBF2-A62F17E1BE30}.Release|ARM.ActiveCfg = Release|Any CPU
		{82A6C61F-AF6A-4E70-BBF2-A62F17E1BE30}.Release|ARM.Build.0 = Release|Any CPU
		{82A6C61F-AF6A-4E70-BBF2-A62F17E1BE30}.Release|iPhone.ActiveCfg = Release|Any CPU
		{82A6C61F-AF6A-4E70-BBF2-A62F17E1BE30}.Release|iPhone.Build.0 = Release|Any CPU
		{82A6C61F-AF6A-4E70-BBF2-A62F17E1BE30}.Release|iPhoneSimulator.ActiveCfg = Release|Any CPU
		{82A6C61F-AF6A-4E70-BBF2-A62F17E1BE30}.Release|iPhoneSimulator.Build.0 = Release|Any CPU
		{82A6C61F-AF6A-4E70-BBF2-A62F17E1BE30}.Release|x64.ActiveCfg = Release|Any CPU
		{82A6C61F-AF6A-4E70-BBF2-A62F17E1BE30}.Release|x64.Build.0 = Release|Any CPU
		{82A6C61F-AF6A-4E70-BBF2-A62F17E1BE30}.Release|x86.ActiveCfg = Release|Any CPU
		{82A6C61F-AF6A-4E70-BBF2-A62F17E1BE30}.Release|x86.Build.0 = Release|Any CPU
		{9225ABC2-4342-4A69-BB53-38EC7F161184}.Debug|Any CPU.ActiveCfg = Debug|Any CPU
		{9225ABC2-4342-4A69-BB53-38EC7F161184}.Debug|Any CPU.Build.0 = Debug|Any CPU
		{9225ABC2-4342-4A69-BB53-38EC7F161184}.Debug|ARM.ActiveCfg = Debug|Any CPU
		{9225ABC2-4342-4A69-BB53-38EC7F161184}.Debug|ARM.Build.0 = Debug|Any CPU
		{9225ABC2-4342-4A69-BB53-38EC7F161184}.Debug|iPhone.ActiveCfg = Debug|Any CPU
		{9225ABC2-4342-4A69-BB53-38EC7F161184}.Debug|iPhone.Build.0 = Debug|Any CPU
		{9225ABC2-4342-4A69-BB53-38EC7F161184}.Debug|iPhoneSimulator.ActiveCfg = Debug|Any CPU
		{9225ABC2-4342-4A69-BB53-38EC7F161184}.Debug|iPhoneSimulator.Build.0 = Debug|Any CPU
		{9225ABC2-4342-4A69-BB53-38EC7F161184}.Debug|x64.ActiveCfg = Debug|Any CPU
		{9225ABC2-4342-4A69-BB53-38EC7F161184}.Debug|x64.Build.0 = Debug|Any CPU
		{9225ABC2-4342-4A69-BB53-38EC7F161184}.Debug|x86.ActiveCfg = Debug|Any CPU
		{9225ABC2-4342-4A69-BB53-38EC7F161184}.Debug|x86.Build.0 = Debug|Any CPU
		{9225ABC2-4342-4A69-BB53-38EC7F161184}.Release|Any CPU.ActiveCfg = Release|Any CPU
		{9225ABC2-4342-4A69-BB53-38EC7F161184}.Release|Any CPU.Build.0 = Release|Any CPU
		{9225ABC2-4342-4A69-BB53-38EC7F161184}.Release|ARM.ActiveCfg = Release|Any CPU
		{9225ABC2-4342-4A69-BB53-38EC7F161184}.Release|ARM.Build.0 = Release|Any CPU
		{9225ABC2-4342-4A69-BB53-38EC7F161184}.Release|iPhone.ActiveCfg = Release|Any CPU
		{9225ABC2-4342-4A69-BB53-38EC7F161184}.Release|iPhone.Build.0 = Release|Any CPU
		{9225ABC2-4342-4A69-BB53-38EC7F161184}.Release|iPhoneSimulator.ActiveCfg = Release|Any CPU
		{9225ABC2-4342-4A69-BB53-38EC7F161184}.Release|iPhoneSimulator.Build.0 = Release|Any CPU
		{9225ABC2-4342-4A69-BB53-38EC7F161184}.Release|x64.ActiveCfg = Release|Any CPU
		{9225ABC2-4342-4A69-BB53-38EC7F161184}.Release|x64.Build.0 = Release|Any CPU
		{9225ABC2-4342-4A69-BB53-38EC7F161184}.Release|x86.ActiveCfg = Release|Any CPU
		{9225ABC2-4342-4A69-BB53-38EC7F161184}.Release|x86.Build.0 = Release|Any CPU
		{F8C72A2E-3502-46D4-9E1D-62BDEC4D2ACF}.Debug|Any CPU.ActiveCfg = Debug|Any CPU
		{F8C72A2E-3502-46D4-9E1D-62BDEC4D2ACF}.Debug|Any CPU.Build.0 = Debug|Any CPU
		{F8C72A2E-3502-46D4-9E1D-62BDEC4D2ACF}.Debug|ARM.ActiveCfg = Debug|Any CPU
		{F8C72A2E-3502-46D4-9E1D-62BDEC4D2ACF}.Debug|ARM.Build.0 = Debug|Any CPU
		{F8C72A2E-3502-46D4-9E1D-62BDEC4D2ACF}.Debug|iPhone.ActiveCfg = Debug|Any CPU
		{F8C72A2E-3502-46D4-9E1D-62BDEC4D2ACF}.Debug|iPhone.Build.0 = Debug|Any CPU
		{F8C72A2E-3502-46D4-9E1D-62BDEC4D2ACF}.Debug|iPhoneSimulator.ActiveCfg = Debug|Any CPU
		{F8C72A2E-3502-46D4-9E1D-62BDEC4D2ACF}.Debug|iPhoneSimulator.Build.0 = Debug|Any CPU
		{F8C72A2E-3502-46D4-9E1D-62BDEC4D2ACF}.Debug|x64.ActiveCfg = Debug|Any CPU
		{F8C72A2E-3502-46D4-9E1D-62BDEC4D2ACF}.Debug|x64.Build.0 = Debug|Any CPU
		{F8C72A2E-3502-46D4-9E1D-62BDEC4D2ACF}.Debug|x86.ActiveCfg = Debug|Any CPU
		{F8C72A2E-3502-46D4-9E1D-62BDEC4D2ACF}.Debug|x86.Build.0 = Debug|Any CPU
		{F8C72A2E-3502-46D4-9E1D-62BDEC4D2ACF}.Release|Any CPU.ActiveCfg = Release|Any CPU
		{F8C72A2E-3502-46D4-9E1D-62BDEC4D2ACF}.Release|Any CPU.Build.0 = Release|Any CPU
		{F8C72A2E-3502-46D4-9E1D-62BDEC4D2ACF}.Release|ARM.ActiveCfg = Release|Any CPU
		{F8C72A2E-3502-46D4-9E1D-62BDEC4D2ACF}.Release|ARM.Build.0 = Release|Any CPU
		{F8C72A2E-3502-46D4-9E1D-62BDEC4D2ACF}.Release|iPhone.ActiveCfg = Release|Any CPU
		{F8C72A2E-3502-46D4-9E1D-62BDEC4D2ACF}.Release|iPhone.Build.0 = Release|Any CPU
		{F8C72A2E-3502-46D4-9E1D-62BDEC4D2ACF}.Release|iPhoneSimulator.ActiveCfg = Release|Any CPU
		{F8C72A2E-3502-46D4-9E1D-62BDEC4D2ACF}.Release|iPhoneSimulator.Build.0 = Release|Any CPU
		{F8C72A2E-3502-46D4-9E1D-62BDEC4D2ACF}.Release|x64.ActiveCfg = Release|Any CPU
		{F8C72A2E-3502-46D4-9E1D-62BDEC4D2ACF}.Release|x64.Build.0 = Release|Any CPU
		{F8C72A2E-3502-46D4-9E1D-62BDEC4D2ACF}.Release|x86.ActiveCfg = Release|Any CPU
		{F8C72A2E-3502-46D4-9E1D-62BDEC4D2ACF}.Release|x86.Build.0 = Release|Any CPU
		{B85ACE8C-3AB9-45C2-A613-EF1E4616C05F}.Debug|Any CPU.ActiveCfg = Debug|Any CPU
		{B85ACE8C-3AB9-45C2-A613-EF1E4616C05F}.Debug|Any CPU.Build.0 = Debug|Any CPU
		{B85ACE8C-3AB9-45C2-A613-EF1E4616C05F}.Debug|ARM.ActiveCfg = Debug|Any CPU
		{B85ACE8C-3AB9-45C2-A613-EF1E4616C05F}.Debug|ARM.Build.0 = Debug|Any CPU
		{B85ACE8C-3AB9-45C2-A613-EF1E4616C05F}.Debug|iPhone.ActiveCfg = Debug|Any CPU
		{B85ACE8C-3AB9-45C2-A613-EF1E4616C05F}.Debug|iPhone.Build.0 = Debug|Any CPU
		{B85ACE8C-3AB9-45C2-A613-EF1E4616C05F}.Debug|iPhoneSimulator.ActiveCfg = Debug|Any CPU
		{B85ACE8C-3AB9-45C2-A613-EF1E4616C05F}.Debug|iPhoneSimulator.Build.0 = Debug|Any CPU
		{B85ACE8C-3AB9-45C2-A613-EF1E4616C05F}.Debug|x64.ActiveCfg = Debug|Any CPU
		{B85ACE8C-3AB9-45C2-A613-EF1E4616C05F}.Debug|x64.Build.0 = Debug|Any CPU
		{B85ACE8C-3AB9-45C2-A613-EF1E4616C05F}.Debug|x86.ActiveCfg = Debug|Any CPU
		{B85ACE8C-3AB9-45C2-A613-EF1E4616C05F}.Debug|x86.Build.0 = Debug|Any CPU
		{B85ACE8C-3AB9-45C2-A613-EF1E4616C05F}.Release|Any CPU.ActiveCfg = Release|Any CPU
		{B85ACE8C-3AB9-45C2-A613-EF1E4616C05F}.Release|Any CPU.Build.0 = Release|Any CPU
		{B85ACE8C-3AB9-45C2-A613-EF1E4616C05F}.Release|ARM.ActiveCfg = Release|Any CPU
		{B85ACE8C-3AB9-45C2-A613-EF1E4616C05F}.Release|ARM.Build.0 = Release|Any CPU
		{B85ACE8C-3AB9-45C2-A613-EF1E4616C05F}.Release|iPhone.ActiveCfg = Release|Any CPU
		{B85ACE8C-3AB9-45C2-A613-EF1E4616C05F}.Release|iPhone.Build.0 = Release|Any CPU
		{B85ACE8C-3AB9-45C2-A613-EF1E4616C05F}.Release|iPhoneSimulator.ActiveCfg = Release|Any CPU
		{B85ACE8C-3AB9-45C2-A613-EF1E4616C05F}.Release|iPhoneSimulator.Build.0 = Release|Any CPU
		{B85ACE8C-3AB9-45C2-A613-EF1E4616C05F}.Release|x64.ActiveCfg = Release|Any CPU
		{B85ACE8C-3AB9-45C2-A613-EF1E4616C05F}.Release|x64.Build.0 = Release|Any CPU
		{B85ACE8C-3AB9-45C2-A613-EF1E4616C05F}.Release|x86.ActiveCfg = Release|Any CPU
		{B85ACE8C-3AB9-45C2-A613-EF1E4616C05F}.Release|x86.Build.0 = Release|Any CPU
		{55AEFD24-323F-4068-A139-BB9A41EF5C4C}.Debug|Any CPU.ActiveCfg = Debug|Any CPU
		{55AEFD24-323F-4068-A139-BB9A41EF5C4C}.Debug|Any CPU.Build.0 = Debug|Any CPU
		{55AEFD24-323F-4068-A139-BB9A41EF5C4C}.Debug|ARM.ActiveCfg = Debug|Any CPU
		{55AEFD24-323F-4068-A139-BB9A41EF5C4C}.Debug|ARM.Build.0 = Debug|Any CPU
		{55AEFD24-323F-4068-A139-BB9A41EF5C4C}.Debug|iPhone.ActiveCfg = Debug|Any CPU
		{55AEFD24-323F-4068-A139-BB9A41EF5C4C}.Debug|iPhone.Build.0 = Debug|Any CPU
		{55AEFD24-323F-4068-A139-BB9A41EF5C4C}.Debug|iPhoneSimulator.ActiveCfg = Debug|Any CPU
		{55AEFD24-323F-4068-A139-BB9A41EF5C4C}.Debug|iPhoneSimulator.Build.0 = Debug|Any CPU
		{55AEFD24-323F-4068-A139-BB9A41EF5C4C}.Debug|x64.ActiveCfg = Debug|Any CPU
		{55AEFD24-323F-4068-A139-BB9A41EF5C4C}.Debug|x64.Build.0 = Debug|Any CPU
		{55AEFD24-323F-4068-A139-BB9A41EF5C4C}.Debug|x86.ActiveCfg = Debug|Any CPU
		{55AEFD24-323F-4068-A139-BB9A41EF5C4C}.Debug|x86.Build.0 = Debug|Any CPU
		{55AEFD24-323F-4068-A139-BB9A41EF5C4C}.Release|Any CPU.ActiveCfg = Release|Any CPU
		{55AEFD24-323F-4068-A139-BB9A41EF5C4C}.Release|Any CPU.Build.0 = Release|Any CPU
		{55AEFD24-323F-4068-A139-BB9A41EF5C4C}.Release|ARM.ActiveCfg = Release|Any CPU
		{55AEFD24-323F-4068-A139-BB9A41EF5C4C}.Release|ARM.Build.0 = Release|Any CPU
		{55AEFD24-323F-4068-A139-BB9A41EF5C4C}.Release|iPhone.ActiveCfg = Release|Any CPU
		{55AEFD24-323F-4068-A139-BB9A41EF5C4C}.Release|iPhone.Build.0 = Release|Any CPU
		{55AEFD24-323F-4068-A139-BB9A41EF5C4C}.Release|iPhoneSimulator.ActiveCfg = Release|Any CPU
		{55AEFD24-323F-4068-A139-BB9A41EF5C4C}.Release|iPhoneSimulator.Build.0 = Release|Any CPU
		{55AEFD24-323F-4068-A139-BB9A41EF5C4C}.Release|x64.ActiveCfg = Release|Any CPU
		{55AEFD24-323F-4068-A139-BB9A41EF5C4C}.Release|x64.Build.0 = Release|Any CPU
		{55AEFD24-323F-4068-A139-BB9A41EF5C4C}.Release|x86.ActiveCfg = Release|Any CPU
		{55AEFD24-323F-4068-A139-BB9A41EF5C4C}.Release|x86.Build.0 = Release|Any CPU
		{213E5782-0652-4513-96A3-FED24E2350E2}.Debug|Any CPU.ActiveCfg = Debug|Any CPU
		{213E5782-0652-4513-96A3-FED24E2350E2}.Debug|Any CPU.Build.0 = Debug|Any CPU
		{213E5782-0652-4513-96A3-FED24E2350E2}.Debug|ARM.ActiveCfg = Debug|Any CPU
		{213E5782-0652-4513-96A3-FED24E2350E2}.Debug|ARM.Build.0 = Debug|Any CPU
		{213E5782-0652-4513-96A3-FED24E2350E2}.Debug|iPhone.ActiveCfg = Debug|Any CPU
		{213E5782-0652-4513-96A3-FED24E2350E2}.Debug|iPhone.Build.0 = Debug|Any CPU
		{213E5782-0652-4513-96A3-FED24E2350E2}.Debug|iPhoneSimulator.ActiveCfg = Debug|Any CPU
		{213E5782-0652-4513-96A3-FED24E2350E2}.Debug|iPhoneSimulator.Build.0 = Debug|Any CPU
		{213E5782-0652-4513-96A3-FED24E2350E2}.Debug|x64.ActiveCfg = Debug|Any CPU
		{213E5782-0652-4513-96A3-FED24E2350E2}.Debug|x64.Build.0 = Debug|Any CPU
		{213E5782-0652-4513-96A3-FED24E2350E2}.Debug|x86.ActiveCfg = Debug|Any CPU
		{213E5782-0652-4513-96A3-FED24E2350E2}.Debug|x86.Build.0 = Debug|Any CPU
		{213E5782-0652-4513-96A3-FED24E2350E2}.Release|Any CPU.ActiveCfg = Release|Any CPU
		{213E5782-0652-4513-96A3-FED24E2350E2}.Release|Any CPU.Build.0 = Release|Any CPU
		{213E5782-0652-4513-96A3-FED24E2350E2}.Release|ARM.ActiveCfg = Release|Any CPU
		{213E5782-0652-4513-96A3-FED24E2350E2}.Release|ARM.Build.0 = Release|Any CPU
		{213E5782-0652-4513-96A3-FED24E2350E2}.Release|iPhone.ActiveCfg = Release|Any CPU
		{213E5782-0652-4513-96A3-FED24E2350E2}.Release|iPhone.Build.0 = Release|Any CPU
		{213E5782-0652-4513-96A3-FED24E2350E2}.Release|iPhoneSimulator.ActiveCfg = Release|Any CPU
		{213E5782-0652-4513-96A3-FED24E2350E2}.Release|iPhoneSimulator.Build.0 = Release|Any CPU
		{213E5782-0652-4513-96A3-FED24E2350E2}.Release|x64.ActiveCfg = Release|Any CPU
		{213E5782-0652-4513-96A3-FED24E2350E2}.Release|x64.Build.0 = Release|Any CPU
		{213E5782-0652-4513-96A3-FED24E2350E2}.Release|x86.ActiveCfg = Release|Any CPU
		{213E5782-0652-4513-96A3-FED24E2350E2}.Release|x86.Build.0 = Release|Any CPU
		{5C836BE8-FD5A-4395-89C7-56AEC4B42672}.Debug|Any CPU.ActiveCfg = Debug|Any CPU
		{5C836BE8-FD5A-4395-89C7-56AEC4B42672}.Debug|Any CPU.Build.0 = Debug|Any CPU
		{5C836BE8-FD5A-4395-89C7-56AEC4B42672}.Debug|ARM.ActiveCfg = Debug|Any CPU
		{5C836BE8-FD5A-4395-89C7-56AEC4B42672}.Debug|ARM.Build.0 = Debug|Any CPU
		{5C836BE8-FD5A-4395-89C7-56AEC4B42672}.Debug|iPhone.ActiveCfg = Debug|Any CPU
		{5C836BE8-FD5A-4395-89C7-56AEC4B42672}.Debug|iPhone.Build.0 = Debug|Any CPU
		{5C836BE8-FD5A-4395-89C7-56AEC4B42672}.Debug|iPhoneSimulator.ActiveCfg = Debug|Any CPU
		{5C836BE8-FD5A-4395-89C7-56AEC4B42672}.Debug|iPhoneSimulator.Build.0 = Debug|Any CPU
		{5C836BE8-FD5A-4395-89C7-56AEC4B42672}.Debug|x64.ActiveCfg = Debug|Any CPU
		{5C836BE8-FD5A-4395-89C7-56AEC4B42672}.Debug|x64.Build.0 = Debug|Any CPU
		{5C836BE8-FD5A-4395-89C7-56AEC4B42672}.Debug|x86.ActiveCfg = Debug|Any CPU
		{5C836BE8-FD5A-4395-89C7-56AEC4B42672}.Debug|x86.Build.0 = Debug|Any CPU
		{5C836BE8-FD5A-4395-89C7-56AEC4B42672}.Release|Any CPU.ActiveCfg = Release|Any CPU
		{5C836BE8-FD5A-4395-89C7-56AEC4B42672}.Release|Any CPU.Build.0 = Release|Any CPU
		{5C836BE8-FD5A-4395-89C7-56AEC4B42672}.Release|ARM.ActiveCfg = Release|Any CPU
		{5C836BE8-FD5A-4395-89C7-56AEC4B42672}.Release|ARM.Build.0 = Release|Any CPU
		{5C836BE8-FD5A-4395-89C7-56AEC4B42672}.Release|iPhone.ActiveCfg = Release|Any CPU
		{5C836BE8-FD5A-4395-89C7-56AEC4B42672}.Release|iPhone.Build.0 = Release|Any CPU
		{5C836BE8-FD5A-4395-89C7-56AEC4B42672}.Release|iPhoneSimulator.ActiveCfg = Release|Any CPU
		{5C836BE8-FD5A-4395-89C7-56AEC4B42672}.Release|iPhoneSimulator.Build.0 = Release|Any CPU
		{5C836BE8-FD5A-4395-89C7-56AEC4B42672}.Release|x64.ActiveCfg = Release|Any CPU
		{5C836BE8-FD5A-4395-89C7-56AEC4B42672}.Release|x64.Build.0 = Release|Any CPU
		{5C836BE8-FD5A-4395-89C7-56AEC4B42672}.Release|x86.ActiveCfg = Release|Any CPU
		{5C836BE8-FD5A-4395-89C7-56AEC4B42672}.Release|x86.Build.0 = Release|Any CPU
		{04B03B0B-085A-4E67-9650-390C01BB7BD9}.Debug|Any CPU.ActiveCfg = Debug|Any CPU
		{04B03B0B-085A-4E67-9650-390C01BB7BD9}.Debug|Any CPU.Build.0 = Debug|Any CPU
		{04B03B0B-085A-4E67-9650-390C01BB7BD9}.Debug|ARM.ActiveCfg = Debug|Any CPU
		{04B03B0B-085A-4E67-9650-390C01BB7BD9}.Debug|ARM.Build.0 = Debug|Any CPU
		{04B03B0B-085A-4E67-9650-390C01BB7BD9}.Debug|iPhone.ActiveCfg = Debug|Any CPU
		{04B03B0B-085A-4E67-9650-390C01BB7BD9}.Debug|iPhone.Build.0 = Debug|Any CPU
		{04B03B0B-085A-4E67-9650-390C01BB7BD9}.Debug|iPhoneSimulator.ActiveCfg = Debug|Any CPU
		{04B03B0B-085A-4E67-9650-390C01BB7BD9}.Debug|iPhoneSimulator.Build.0 = Debug|Any CPU
		{04B03B0B-085A-4E67-9650-390C01BB7BD9}.Debug|x64.ActiveCfg = Debug|Any CPU
		{04B03B0B-085A-4E67-9650-390C01BB7BD9}.Debug|x64.Build.0 = Debug|Any CPU
		{04B03B0B-085A-4E67-9650-390C01BB7BD9}.Debug|x86.ActiveCfg = Debug|Any CPU
		{04B03B0B-085A-4E67-9650-390C01BB7BD9}.Debug|x86.Build.0 = Debug|Any CPU
		{04B03B0B-085A-4E67-9650-390C01BB7BD9}.Release|Any CPU.ActiveCfg = Release|Any CPU
		{04B03B0B-085A-4E67-9650-390C01BB7BD9}.Release|Any CPU.Build.0 = Release|Any CPU
		{04B03B0B-085A-4E67-9650-390C01BB7BD9}.Release|ARM.ActiveCfg = Release|Any CPU
		{04B03B0B-085A-4E67-9650-390C01BB7BD9}.Release|ARM.Build.0 = Release|Any CPU
		{04B03B0B-085A-4E67-9650-390C01BB7BD9}.Release|iPhone.ActiveCfg = Release|Any CPU
		{04B03B0B-085A-4E67-9650-390C01BB7BD9}.Release|iPhone.Build.0 = Release|Any CPU
		{04B03B0B-085A-4E67-9650-390C01BB7BD9}.Release|iPhoneSimulator.ActiveCfg = Release|Any CPU
		{04B03B0B-085A-4E67-9650-390C01BB7BD9}.Release|iPhoneSimulator.Build.0 = Release|Any CPU
		{04B03B0B-085A-4E67-9650-390C01BB7BD9}.Release|x64.ActiveCfg = Release|Any CPU
		{04B03B0B-085A-4E67-9650-390C01BB7BD9}.Release|x64.Build.0 = Release|Any CPU
		{04B03B0B-085A-4E67-9650-390C01BB7BD9}.Release|x86.ActiveCfg = Release|Any CPU
		{04B03B0B-085A-4E67-9650-390C01BB7BD9}.Release|x86.Build.0 = Release|Any CPU
	EndGlobalSection
	GlobalSection(SolutionProperties) = preSolution
		HideSolutionNode = FALSE
	EndGlobalSection
	GlobalSection(NestedProjects) = preSolution
		{0C9CBDD8-8ED0-4B16-8C1E-34C86FBECB9C} = {49D9F98D-2E51-4A92-896E-E24CFD25BF1E}
		{E78BD5DD-CFB2-4BD5-8AAA-D41921D6D3BF} = {49D9F98D-2E51-4A92-896E-E24CFD25BF1E}
		{F696BE83-7638-4775-99AA-C6AB488B692C} = {E78BD5DD-CFB2-4BD5-8AAA-D41921D6D3BF}
		{50B0924C-C5F1-477C-80D2-8DBBF6379E03} = {0C9CBDD8-8ED0-4B16-8C1E-34C86FBECB9C}
		{B283F898-7FEB-4EB9-A1D2-E84FA0230262} = {0C9CBDD8-8ED0-4B16-8C1E-34C86FBECB9C}
		{5C22A0B0-BDB2-40D9-AC08-48DCE04353CC} = {0C9CBDD8-8ED0-4B16-8C1E-34C86FBECB9C}
		{63CA694E-2CD1-45C9-861A-4EACC4ED89B2} = {0C9CBDD8-8ED0-4B16-8C1E-34C86FBECB9C}
		{82A6C61F-AF6A-4E70-BBF2-A62F17E1BE30} = {0C9CBDD8-8ED0-4B16-8C1E-34C86FBECB9C}
		{9225ABC2-4342-4A69-BB53-38EC7F161184} = {0C9CBDD8-8ED0-4B16-8C1E-34C86FBECB9C}
		{F8C72A2E-3502-46D4-9E1D-62BDEC4D2ACF} = {0C9CBDD8-8ED0-4B16-8C1E-34C86FBECB9C}
		{B85ACE8C-3AB9-45C2-A613-EF1E4616C05F} = {0C9CBDD8-8ED0-4B16-8C1E-34C86FBECB9C}
		{55AEFD24-323F-4068-A139-BB9A41EF5C4C} = {0C9CBDD8-8ED0-4B16-8C1E-34C86FBECB9C}
		{213E5782-0652-4513-96A3-FED24E2350E2} = {0C9CBDD8-8ED0-4B16-8C1E-34C86FBECB9C}
		{5C836BE8-FD5A-4395-89C7-56AEC4B42672} = {0C9CBDD8-8ED0-4B16-8C1E-34C86FBECB9C}
		{04B03B0B-085A-4E67-9650-390C01BB7BD9} = {0C9CBDD8-8ED0-4B16-8C1E-34C86FBECB9C}
	EndGlobalSection
	GlobalSection(ExtensibilityGlobals) = postSolution
		EnterpriseLibraryConfigurationToolBinariesPath = packages\Unity.2.1.505.0\lib\NET35;..\lib\Unity.2.1.505.0\lib\NET35;..\lib\Unity.2.1.505.2\lib\NET35
		SolutionGuid = {C1E475A3-BD72-4942-B0D8-AF1E1C23728E}
	EndGlobalSection
	GlobalSection(SharedMSBuildProjectFiles) = preSolution
		Catel.Examples.Models.Shared\Catel.Examples.Models.Shared.projitems*{04b03b0b-085a-4e67-9650-390c01bb7bd9}*SharedItemsImports = 5
		Catel.Examples.Models.Shared\Catel.Examples.Models.Shared.projitems*{213e5782-0652-4513-96a3-fed24e2350e2}*SharedItemsImports = 5
		Catel.Examples.Models.Shared\Catel.Examples.Models.Shared.projitems*{50b0924c-c5f1-477c-80d2-8dbbf6379e03}*SharedItemsImports = 5
		Catel.Examples.Models.Shared\Catel.Examples.Models.Shared.projitems*{55aefd24-323f-4068-a139-bb9a41ef5c4c}*SharedItemsImports = 5
		Catel.Examples.Models.Shared\Catel.Examples.Models.Shared.projitems*{5c22a0b0-bdb2-40d9-ac08-48dce04353cc}*SharedItemsImports = 5
		Catel.Examples.Models.Shared\Catel.Examples.Models.Shared.projitems*{5c836be8-fd5a-4395-89c7-56aec4b42672}*SharedItemsImports = 5
		Catel.Examples.Models.Shared\Catel.Examples.Models.Shared.projitems*{63ca694e-2cd1-45c9-861a-4eacc4ed89b2}*SharedItemsImports = 5
		Catel.Examples.Models.Shared\Catel.Examples.Models.Shared.projitems*{82a6c61f-af6a-4e70-bbf2-a62f17e1be30}*SharedItemsImports = 5
		Catel.Examples.Models.Shared\Catel.Examples.Models.Shared.projitems*{9225abc2-4342-4a69-bb53-38ec7f161184}*SharedItemsImports = 5
		Catel.Examples.Models.Shared\Catel.Examples.Models.Shared.projitems*{b283f898-7feb-4eb9-a1d2-e84fa0230262}*SharedItemsImports = 5
		Catel.Examples.Models.Shared\Catel.Examples.Models.Shared.projitems*{b85ace8c-3ab9-45c2-a613-ef1e4616c05f}*SharedItemsImports = 5
		Catel.Examples.Models.Shared\Catel.Examples.Models.Shared.projitems*{f696be83-7638-4775-99aa-c6ab488b692c}*SharedItemsImports = 13
		Catel.Examples.Models.Shared\Catel.Examples.Models.Shared.projitems*{f8c72a2e-3502-46d4-9e1d-62bdec4d2acf}*SharedItemsImports = 5
	EndGlobalSection
EndGlobal
