
Microsoft Visual Studio Solution File, Format Version 12.00
# Visual Studio 15
VisualStudioVersion = 15.0.26430.15
MinimumVisualStudioVersion = 10.0.40219.1
Project("{2150E333-8FDC-42A3-9474-1A3956D46DE8}") = "src", "src", "{49D9F98D-2E51-4A92-896E-E24CFD25BF1E}"
EndProject
Project("{2150E333-8FDC-42A3-9474-1A3956D46DE8}") = "WPF", "WPF", "{0C9CBDD8-8ED0-4B16-8C1E-34C86FBECB9C}"
EndProject
Project("{2150E333-8FDC-42A3-9474-1A3956D46DE8}") = "misc", "misc", "{725160C0-B460-4AB1-BD9D-A5FE6A5BD175}"
	ProjectSection(SolutionItems) = preProject
		GlobalSuppressions.cs = GlobalSuppressions.cs
		nuget.config = nuget.config
		SolutionAssemblyInfo.cs = SolutionAssemblyInfo.cs
	EndProjectSection
EndProject
Project("{FAE04EC0-301F-11D3-BF4B-00C04F79EFBC}") = "Catel.Examples.WPF.Models", "WPF\Catel.Examples.WPF.Models\Catel.Examples.WPF.Models.csproj", "{D8405053-BBAE-47FF-A158-07A62F50D40D}"
EndProject
Project("{FAE04EC0-301F-11D3-BF4B-00C04F79EFBC}") = "Catel.Examples.WPF.PersonApplication", "WPF\Catel.Examples.WPF.PersonApplication\Catel.Examples.WPF.PersonApplication.csproj", "{CE9B6FCE-B2A2-481F-B9D3-02A94421646D}"
EndProject
Project("{FAE04EC0-301F-11D3-BF4B-00C04F79EFBC}") = "Catel.Examples.WPF.MasterDetail", "WPF\Catel.Examples.WPF.MasterDetail\Catel.Examples.WPF.MasterDetail.csproj", "{523D0FA7-20DA-4C04-8AD6-C3714CD24F0B}"
EndProject
Project("{FAE04EC0-301F-11D3-BF4B-00C04F79EFBC}") = "Catel.Examples.WPF.Authentication", "WPF\Catel.Examples.WPF.Authentication\Catel.Examples.WPF.Authentication.csproj", "{F03BFF63-53E0-45B1-B8FE-D18548FC6DB0}"
EndProject
Project("{FAE04EC0-301F-11D3-BF4B-00C04F79EFBC}") = "Catel.Examples.WPF.ViewModelLifetime", "WPF\Catel.Examples.WPF.ViewModelLifetime\Catel.Examples.WPF.ViewModelLifetime.csproj", "{2DB74DD8-C245-43A5-9076-75665E690235}"
EndProject
Project("{FAE04EC0-301F-11D3-BF4B-00C04F79EFBC}") = "Catel.Examples.WPF.MultiLingual", "WPF\Catel.Examples.WPF.MultiLingual\Catel.Examples.WPF.MultiLingual.csproj", "{BC3F3E32-803C-4E6A-A8C5-A414456EAFA1}"
EndProject
Project("{FAE04EC0-301F-11D3-BF4B-00C04F79EFBC}") = "Catel.Examples.WPF.Validation", "WPF\Catel.Examples.WPF.Validation\Catel.Examples.WPF.Validation.csproj", "{19DCE8C8-68E3-4DCA-9087-33BCDECDA35B}"
EndProject
Project("{FAE04EC0-301F-11D3-BF4B-00C04F79EFBC}") = "Catel.Examples.WPF.Analytics", "WPF\Catel.Examples.WPF.Analytics\Catel.Examples.WPF.Analytics.csproj", "{6019B8C1-81F8-4E54-8944-E5C76996DBF6}"
EndProject
Project("{FAE04EC0-301F-11D3-BF4B-00C04F79EFBC}") = "Catel.Examples.WPF.MvvmCommunicationStyles", "WPF\Catel.Examples.WPF.MvvmCommunicationStyles\Catel.Examples.WPF.MvvmCommunicationStyles.csproj", "{98DFD487-37C4-4C22-8BE0-DD3F3ADB84AE}"
EndProject
Project("{FAE04EC0-301F-11D3-BF4B-00C04F79EFBC}") = "Catel.Examples.WPF.TaskCommand", "WPF\Catel.Examples.WPF.TaskCommand\Catel.Examples.WPF.TaskCommand.csproj", "{F773AB39-41B3-4D92-B452-679722FB9AD2}"
EndProject
Project("{FAE04EC0-301F-11D3-BF4B-00C04F79EFBC}") = "Catel.Examples.WPF.Commanding", "WPF\Catel.Examples.WPF.Commanding\Catel.Examples.WPF.Commanding.csproj", "{2A596B67-5EE2-461E-8CED-C82D2684E273}"
EndProject
Project("{2150E333-8FDC-42A3-9474-1A3956D46DE8}") = "Xamarin.Forms", "Xamarin.Forms", "{92D3DB7B-8108-4715-A1C0-48E43046CD7A}"
	ProjectSection(SolutionItems) = preProject
		Xamarin.Forms\todo.txt = Xamarin.Forms\todo.txt
	EndProjectSection
EndProject
Project("{2150E333-8FDC-42A3-9474-1A3956D46DE8}") = "Xamarin.iOS", "Xamarin.iOS", "{A5CBF3B2-E50C-4B33-B6ED-B3D7260D2A06}"
	ProjectSection(SolutionItems) = preProject
		Xamarin.iOS\todo.txt = Xamarin.iOS\todo.txt
	EndProjectSection
EndProject
Project("{2150E333-8FDC-42A3-9474-1A3956D46DE8}") = "Xamarin.Android", "Xamarin.Android", "{36622229-D415-4CFC-BE66-D647FEB03E8E}"
	ProjectSection(SolutionItems) = preProject
		Xamarin.Android\todo.txt = Xamarin.Android\todo.txt
	EndProjectSection
EndProject
Project("{2150E333-8FDC-42A3-9474-1A3956D46DE8}") = "UWP", "UWP", "{C449C35E-1F93-4146-A64C-56B477341FE8}"
	ProjectSection(SolutionItems) = preProject
		UWP\todo.txt = UWP\todo.txt
	EndProjectSection
EndProject
Project("{2150E333-8FDC-42A3-9474-1A3956D46DE8}") = "Shared", "Shared", "{E78BD5DD-CFB2-4BD5-8AAA-D41921D6D3BF}"
EndProject
Project("{FAE04EC0-301F-11D3-BF4B-00C04F79EFBC}") = "Catel.Examples.WPF.Behaviors", "WPF\Catel.Examples.WPF.Behaviors\Catel.Examples.WPF.Behaviors.csproj", "{C368AC39-7CB8-4EB4-8AFE-08F7753E2431}"
EndProject
Project("{FAE04EC0-301F-11D3-BF4B-00C04F79EFBC}") = "Catel.Examples.WPF.NestedUserControls", "WPF\Catel.Examples.WPF.NestedUserControls\Catel.Examples.WPF.NestedUserControls.csproj", "{8F539DE5-D52E-46CB-9C00-81842EB88B70}"
EndProject
Global
	GlobalSection(SolutionConfigurationPlatforms) = preSolution
		Debug|Any CPU = Debug|Any CPU
		Debug|ARM = Debug|ARM
		Debug|x64 = Debug|x64
		Debug|x86 = Debug|x86
		Release|Any CPU = Release|Any CPU
		Release|ARM = Release|ARM
		Release|x64 = Release|x64
		Release|x86 = Release|x86
	EndGlobalSection
	GlobalSection(ProjectConfigurationPlatforms) = postSolution
		{D8405053-BBAE-47FF-A158-07A62F50D40D}.Debug|Any CPU.ActiveCfg = Debug|Any CPU
		{D8405053-BBAE-47FF-A158-07A62F50D40D}.Debug|Any CPU.Build.0 = Debug|Any CPU
		{D8405053-BBAE-47FF-A158-07A62F50D40D}.Debug|ARM.ActiveCfg = Debug|Any CPU
		{D8405053-BBAE-47FF-A158-07A62F50D40D}.Debug|x64.ActiveCfg = Debug|Any CPU
		{D8405053-BBAE-47FF-A158-07A62F50D40D}.Debug|x86.ActiveCfg = Debug|Any CPU
		{D8405053-BBAE-47FF-A158-07A62F50D40D}.Release|Any CPU.ActiveCfg = Release|Any CPU
		{D8405053-BBAE-47FF-A158-07A62F50D40D}.Release|Any CPU.Build.0 = Release|Any CPU
		{D8405053-BBAE-47FF-A158-07A62F50D40D}.Release|ARM.ActiveCfg = Release|Any CPU
		{D8405053-BBAE-47FF-A158-07A62F50D40D}.Release|x64.ActiveCfg = Release|Any CPU
		{D8405053-BBAE-47FF-A158-07A62F50D40D}.Release|x86.ActiveCfg = Release|Any CPU
		{CE9B6FCE-B2A2-481F-B9D3-02A94421646D}.Debug|Any CPU.ActiveCfg = Debug|Any CPU
		{CE9B6FCE-B2A2-481F-B9D3-02A94421646D}.Debug|Any CPU.Build.0 = Debug|Any CPU
		{CE9B6FCE-B2A2-481F-B9D3-02A94421646D}.Debug|ARM.ActiveCfg = Debug|Any CPU
		{CE9B6FCE-B2A2-481F-B9D3-02A94421646D}.Debug|x64.ActiveCfg = Debug|Any CPU
		{CE9B6FCE-B2A2-481F-B9D3-02A94421646D}.Debug|x86.ActiveCfg = Debug|Any CPU
		{CE9B6FCE-B2A2-481F-B9D3-02A94421646D}.Release|Any CPU.ActiveCfg = Release|Any CPU
		{CE9B6FCE-B2A2-481F-B9D3-02A94421646D}.Release|Any CPU.Build.0 = Release|Any CPU
		{CE9B6FCE-B2A2-481F-B9D3-02A94421646D}.Release|ARM.ActiveCfg = Release|Any CPU
		{CE9B6FCE-B2A2-481F-B9D3-02A94421646D}.Release|x64.ActiveCfg = Release|Any CPU
		{CE9B6FCE-B2A2-481F-B9D3-02A94421646D}.Release|x86.ActiveCfg = Release|Any CPU
		{523D0FA7-20DA-4C04-8AD6-C3714CD24F0B}.Debug|Any CPU.ActiveCfg = Debug|Any CPU
		{523D0FA7-20DA-4C04-8AD6-C3714CD24F0B}.Debug|Any CPU.Build.0 = Debug|Any CPU
		{523D0FA7-20DA-4C04-8AD6-C3714CD24F0B}.Debug|ARM.ActiveCfg = Debug|Any CPU
		{523D0FA7-20DA-4C04-8AD6-C3714CD24F0B}.Debug|x64.ActiveCfg = Debug|Any CPU
		{523D0FA7-20DA-4C04-8AD6-C3714CD24F0B}.Debug|x86.ActiveCfg = Debug|Any CPU
		{523D0FA7-20DA-4C04-8AD6-C3714CD24F0B}.Release|Any CPU.ActiveCfg = Release|Any CPU
		{523D0FA7-20DA-4C04-8AD6-C3714CD24F0B}.Release|Any CPU.Build.0 = Release|Any CPU
		{523D0FA7-20DA-4C04-8AD6-C3714CD24F0B}.Release|ARM.ActiveCfg = Release|Any CPU
		{523D0FA7-20DA-4C04-8AD6-C3714CD24F0B}.Release|x64.ActiveCfg = Release|Any CPU
		{523D0FA7-20DA-4C04-8AD6-C3714CD24F0B}.Release|x86.ActiveCfg = Release|Any CPU
		{F03BFF63-53E0-45B1-B8FE-D18548FC6DB0}.Debug|Any CPU.ActiveCfg = Debug|Any CPU
		{F03BFF63-53E0-45B1-B8FE-D18548FC6DB0}.Debug|Any CPU.Build.0 = Debug|Any CPU
		{F03BFF63-53E0-45B1-B8FE-D18548FC6DB0}.Debug|ARM.ActiveCfg = Debug|Any CPU
		{F03BFF63-53E0-45B1-B8FE-D18548FC6DB0}.Debug|x64.ActiveCfg = Debug|Any CPU
		{F03BFF63-53E0-45B1-B8FE-D18548FC6DB0}.Debug|x86.ActiveCfg = Debug|Any CPU
		{F03BFF63-53E0-45B1-B8FE-D18548FC6DB0}.Release|Any CPU.ActiveCfg = Release|Any CPU
		{F03BFF63-53E0-45B1-B8FE-D18548FC6DB0}.Release|Any CPU.Build.0 = Release|Any CPU
		{F03BFF63-53E0-45B1-B8FE-D18548FC6DB0}.Release|ARM.ActiveCfg = Release|Any CPU
		{F03BFF63-53E0-45B1-B8FE-D18548FC6DB0}.Release|x64.ActiveCfg = Release|Any CPU
		{F03BFF63-53E0-45B1-B8FE-D18548FC6DB0}.Release|x86.ActiveCfg = Release|Any CPU
		{2DB74DD8-C245-43A5-9076-75665E690235}.Debug|Any CPU.ActiveCfg = Debug|Any CPU
		{2DB74DD8-C245-43A5-9076-75665E690235}.Debug|Any CPU.Build.0 = Debug|Any CPU
		{2DB74DD8-C245-43A5-9076-75665E690235}.Debug|ARM.ActiveCfg = Debug|Any CPU
		{2DB74DD8-C245-43A5-9076-75665E690235}.Debug|x64.ActiveCfg = Debug|Any CPU
		{2DB74DD8-C245-43A5-9076-75665E690235}.Debug|x86.ActiveCfg = Debug|Any CPU
		{2DB74DD8-C245-43A5-9076-75665E690235}.Release|Any CPU.ActiveCfg = Release|Any CPU
		{2DB74DD8-C245-43A5-9076-75665E690235}.Release|Any CPU.Build.0 = Release|Any CPU
		{2DB74DD8-C245-43A5-9076-75665E690235}.Release|ARM.ActiveCfg = Release|Any CPU
		{2DB74DD8-C245-43A5-9076-75665E690235}.Release|x64.ActiveCfg = Release|Any CPU
		{2DB74DD8-C245-43A5-9076-75665E690235}.Release|x86.ActiveCfg = Release|Any CPU
		{BC3F3E32-803C-4E6A-A8C5-A414456EAFA1}.Debug|Any CPU.ActiveCfg = Debug|Any CPU
		{BC3F3E32-803C-4E6A-A8C5-A414456EAFA1}.Debug|Any CPU.Build.0 = Debug|Any CPU
		{BC3F3E32-803C-4E6A-A8C5-A414456EAFA1}.Debug|ARM.ActiveCfg = Debug|Any CPU
		{BC3F3E32-803C-4E6A-A8C5-A414456EAFA1}.Debug|x64.ActiveCfg = Debug|Any CPU
		{BC3F3E32-803C-4E6A-A8C5-A414456EAFA1}.Debug|x86.ActiveCfg = Debug|Any CPU
		{BC3F3E32-803C-4E6A-A8C5-A414456EAFA1}.Release|Any CPU.ActiveCfg = Release|Any CPU
		{BC3F3E32-803C-4E6A-A8C5-A414456EAFA1}.Release|Any CPU.Build.0 = Release|Any CPU
		{BC3F3E32-803C-4E6A-A8C5-A414456EAFA1}.Release|ARM.ActiveCfg = Release|Any CPU
		{BC3F3E32-803C-4E6A-A8C5-A414456EAFA1}.Release|x64.ActiveCfg = Release|Any CPU
		{BC3F3E32-803C-4E6A-A8C5-A414456EAFA1}.Release|x86.ActiveCfg = Release|Any CPU
		{19DCE8C8-68E3-4DCA-9087-33BCDECDA35B}.Debug|Any CPU.ActiveCfg = Debug|Any CPU
		{19DCE8C8-68E3-4DCA-9087-33BCDECDA35B}.Debug|Any CPU.Build.0 = Debug|Any CPU
		{19DCE8C8-68E3-4DCA-9087-33BCDECDA35B}.Debug|ARM.ActiveCfg = Debug|Any CPU
		{19DCE8C8-68E3-4DCA-9087-33BCDECDA35B}.Debug|x64.ActiveCfg = Debug|Any CPU
		{19DCE8C8-68E3-4DCA-9087-33BCDECDA35B}.Debug|x86.ActiveCfg = Debug|Any CPU
		{19DCE8C8-68E3-4DCA-9087-33BCDECDA35B}.Release|Any CPU.ActiveCfg = Release|Any CPU
		{19DCE8C8-68E3-4DCA-9087-33BCDECDA35B}.Release|Any CPU.Build.0 = Release|Any CPU
		{19DCE8C8-68E3-4DCA-9087-33BCDECDA35B}.Release|ARM.ActiveCfg = Release|Any CPU
		{19DCE8C8-68E3-4DCA-9087-33BCDECDA35B}.Release|x64.ActiveCfg = Release|Any CPU
		{19DCE8C8-68E3-4DCA-9087-33BCDECDA35B}.Release|x86.ActiveCfg = Release|Any CPU
		{6019B8C1-81F8-4E54-8944-E5C76996DBF6}.Debug|Any CPU.ActiveCfg = Debug|Any CPU
		{6019B8C1-81F8-4E54-8944-E5C76996DBF6}.Debug|Any CPU.Build.0 = Debug|Any CPU
		{6019B8C1-81F8-4E54-8944-E5C76996DBF6}.Debug|ARM.ActiveCfg = Debug|Any CPU
		{6019B8C1-81F8-4E54-8944-E5C76996DBF6}.Debug|x64.ActiveCfg = Debug|Any CPU
		{6019B8C1-81F8-4E54-8944-E5C76996DBF6}.Debug|x86.ActiveCfg = Debug|Any CPU
		{6019B8C1-81F8-4E54-8944-E5C76996DBF6}.Release|Any CPU.ActiveCfg = Release|Any CPU
		{6019B8C1-81F8-4E54-8944-E5C76996DBF6}.Release|Any CPU.Build.0 = Release|Any CPU
		{6019B8C1-81F8-4E54-8944-E5C76996DBF6}.Release|ARM.ActiveCfg = Release|Any CPU
		{6019B8C1-81F8-4E54-8944-E5C76996DBF6}.Release|x64.ActiveCfg = Release|Any CPU
		{6019B8C1-81F8-4E54-8944-E5C76996DBF6}.Release|x86.ActiveCfg = Release|Any CPU
		{98DFD487-37C4-4C22-8BE0-DD3F3ADB84AE}.Debug|Any CPU.ActiveCfg = Debug|Any CPU
		{98DFD487-37C4-4C22-8BE0-DD3F3ADB84AE}.Debug|Any CPU.Build.0 = Debug|Any CPU
		{98DFD487-37C4-4C22-8BE0-DD3F3ADB84AE}.Debug|ARM.ActiveCfg = Debug|Any CPU
		{98DFD487-37C4-4C22-8BE0-DD3F3ADB84AE}.Debug|x64.ActiveCfg = Debug|Any CPU
		{98DFD487-37C4-4C22-8BE0-DD3F3ADB84AE}.Debug|x86.ActiveCfg = Debug|Any CPU
		{98DFD487-37C4-4C22-8BE0-DD3F3ADB84AE}.Release|Any CPU.ActiveCfg = Release|Any CPU
		{98DFD487-37C4-4C22-8BE0-DD3F3ADB84AE}.Release|Any CPU.Build.0 = Release|Any CPU
		{98DFD487-37C4-4C22-8BE0-DD3F3ADB84AE}.Release|ARM.ActiveCfg = Release|Any CPU
		{98DFD487-37C4-4C22-8BE0-DD3F3ADB84AE}.Release|x64.ActiveCfg = Release|Any CPU
		{98DFD487-37C4-4C22-8BE0-DD3F3ADB84AE}.Release|x86.ActiveCfg = Release|Any CPU
		{F773AB39-41B3-4D92-B452-679722FB9AD2}.Debug|Any CPU.ActiveCfg = Debug|Any CPU
		{F773AB39-41B3-4D92-B452-679722FB9AD2}.Debug|Any CPU.Build.0 = Debug|Any CPU
		{F773AB39-41B3-4D92-B452-679722FB9AD2}.Debug|ARM.ActiveCfg = Debug|Any CPU
		{F773AB39-41B3-4D92-B452-679722FB9AD2}.Debug|x64.ActiveCfg = Debug|Any CPU
		{F773AB39-41B3-4D92-B452-679722FB9AD2}.Debug|x86.ActiveCfg = Debug|Any CPU
		{F773AB39-41B3-4D92-B452-679722FB9AD2}.Release|Any CPU.ActiveCfg = Release|Any CPU
		{F773AB39-41B3-4D92-B452-679722FB9AD2}.Release|Any CPU.Build.0 = Release|Any CPU
		{F773AB39-41B3-4D92-B452-679722FB9AD2}.Release|ARM.ActiveCfg = Release|Any CPU
		{F773AB39-41B3-4D92-B452-679722FB9AD2}.Release|x64.ActiveCfg = Release|Any CPU
		{F773AB39-41B3-4D92-B452-679722FB9AD2}.Release|x86.ActiveCfg = Release|Any CPU
		{2A596B67-5EE2-461E-8CED-C82D2684E273}.Debug|Any CPU.ActiveCfg = Debug|Any CPU
		{2A596B67-5EE2-461E-8CED-C82D2684E273}.Debug|Any CPU.Build.0 = Debug|Any CPU
		{2A596B67-5EE2-461E-8CED-C82D2684E273}.Debug|ARM.ActiveCfg = Debug|Any CPU
		{2A596B67-5EE2-461E-8CED-C82D2684E273}.Debug|x64.ActiveCfg = Debug|Any CPU
		{2A596B67-5EE2-461E-8CED-C82D2684E273}.Debug|x86.ActiveCfg = Debug|Any CPU
		{2A596B67-5EE2-461E-8CED-C82D2684E273}.Release|Any CPU.ActiveCfg = Release|Any CPU
		{2A596B67-5EE2-461E-8CED-C82D2684E273}.Release|Any CPU.Build.0 = Release|Any CPU
		{2A596B67-5EE2-461E-8CED-C82D2684E273}.Release|ARM.ActiveCfg = Release|Any CPU
		{2A596B67-5EE2-461E-8CED-C82D2684E273}.Release|x64.ActiveCfg = Release|Any CPU
		{2A596B67-5EE2-461E-8CED-C82D2684E273}.Release|x86.ActiveCfg = Release|Any CPU
		{C368AC39-7CB8-4EB4-8AFE-08F7753E2431}.Debug|Any CPU.ActiveCfg = Debug|Any CPU
		{C368AC39-7CB8-4EB4-8AFE-08F7753E2431}.Debug|Any CPU.Build.0 = Debug|Any CPU
		{C368AC39-7CB8-4EB4-8AFE-08F7753E2431}.Debug|ARM.ActiveCfg = Debug|Any CPU
		{C368AC39-7CB8-4EB4-8AFE-08F7753E2431}.Debug|ARM.Build.0 = Debug|Any CPU
		{C368AC39-7CB8-4EB4-8AFE-08F7753E2431}.Debug|x64.ActiveCfg = Debug|Any CPU
		{C368AC39-7CB8-4EB4-8AFE-08F7753E2431}.Debug|x64.Build.0 = Debug|Any CPU
		{C368AC39-7CB8-4EB4-8AFE-08F7753E2431}.Debug|x86.ActiveCfg = Debug|Any CPU
		{C368AC39-7CB8-4EB4-8AFE-08F7753E2431}.Debug|x86.Build.0 = Debug|Any CPU
		{C368AC39-7CB8-4EB4-8AFE-08F7753E2431}.Release|Any CPU.ActiveCfg = Release|Any CPU
		{C368AC39-7CB8-4EB4-8AFE-08F7753E2431}.Release|Any CPU.Build.0 = Release|Any CPU
		{C368AC39-7CB8-4EB4-8AFE-08F7753E2431}.Release|ARM.ActiveCfg = Release|Any CPU
		{C368AC39-7CB8-4EB4-8AFE-08F7753E2431}.Release|ARM.Build.0 = Release|Any CPU
		{C368AC39-7CB8-4EB4-8AFE-08F7753E2431}.Release|x64.ActiveCfg = Release|Any CPU
		{C368AC39-7CB8-4EB4-8AFE-08F7753E2431}.Release|x64.Build.0 = Release|Any CPU
		{C368AC39-7CB8-4EB4-8AFE-08F7753E2431}.Release|x86.ActiveCfg = Release|Any CPU
		{C368AC39-7CB8-4EB4-8AFE-08F7753E2431}.Release|x86.Build.0 = Release|Any CPU
		{8F539DE5-D52E-46CB-9C00-81842EB88B70}.Debug|Any CPU.ActiveCfg = Debug|Any CPU
		{8F539DE5-D52E-46CB-9C00-81842EB88B70}.Debug|Any CPU.Build.0 = Debug|Any CPU
		{8F539DE5-D52E-46CB-9C00-81842EB88B70}.Debug|ARM.ActiveCfg = Debug|Any CPU
		{8F539DE5-D52E-46CB-9C00-81842EB88B70}.Debug|ARM.Build.0 = Debug|Any CPU
		{8F539DE5-D52E-46CB-9C00-81842EB88B70}.Debug|x64.ActiveCfg = Debug|Any CPU
		{8F539DE5-D52E-46CB-9C00-81842EB88B70}.Debug|x64.Build.0 = Debug|Any CPU
		{8F539DE5-D52E-46CB-9C00-81842EB88B70}.Debug|x86.ActiveCfg = Debug|Any CPU
		{8F539DE5-D52E-46CB-9C00-81842EB88B70}.Debug|x86.Build.0 = Debug|Any CPU
		{8F539DE5-D52E-46CB-9C00-81842EB88B70}.Release|Any CPU.ActiveCfg = Release|Any CPU
		{8F539DE5-D52E-46CB-9C00-81842EB88B70}.Release|Any CPU.Build.0 = Release|Any CPU
		{8F539DE5-D52E-46CB-9C00-81842EB88B70}.Release|ARM.ActiveCfg = Release|Any CPU
		{8F539DE5-D52E-46CB-9C00-81842EB88B70}.Release|ARM.Build.0 = Release|Any CPU
		{8F539DE5-D52E-46CB-9C00-81842EB88B70}.Release|x64.ActiveCfg = Release|Any CPU
		{8F539DE5-D52E-46CB-9C00-81842EB88B70}.Release|x64.Build.0 = Release|Any CPU
		{8F539DE5-D52E-46CB-9C00-81842EB88B70}.Release|x86.ActiveCfg = Release|Any CPU
		{8F539DE5-D52E-46CB-9C00-81842EB88B70}.Release|x86.Build.0 = Release|Any CPU
	EndGlobalSection
	GlobalSection(SolutionProperties) = preSolution
		HideSolutionNode = FALSE
	EndGlobalSection
	GlobalSection(NestedProjects) = preSolution
		{0C9CBDD8-8ED0-4B16-8C1E-34C86FBECB9C} = {49D9F98D-2E51-4A92-896E-E24CFD25BF1E}
		{D8405053-BBAE-47FF-A158-07A62F50D40D} = {0C9CBDD8-8ED0-4B16-8C1E-34C86FBECB9C}
		{CE9B6FCE-B2A2-481F-B9D3-02A94421646D} = {0C9CBDD8-8ED0-4B16-8C1E-34C86FBECB9C}
		{523D0FA7-20DA-4C04-8AD6-C3714CD24F0B} = {0C9CBDD8-8ED0-4B16-8C1E-34C86FBECB9C}
		{F03BFF63-53E0-45B1-B8FE-D18548FC6DB0} = {0C9CBDD8-8ED0-4B16-8C1E-34C86FBECB9C}
		{2DB74DD8-C245-43A5-9076-75665E690235} = {0C9CBDD8-8ED0-4B16-8C1E-34C86FBECB9C}
		{BC3F3E32-803C-4E6A-A8C5-A414456EAFA1} = {0C9CBDD8-8ED0-4B16-8C1E-34C86FBECB9C}
		{19DCE8C8-68E3-4DCA-9087-33BCDECDA35B} = {0C9CBDD8-8ED0-4B16-8C1E-34C86FBECB9C}
		{6019B8C1-81F8-4E54-8944-E5C76996DBF6} = {0C9CBDD8-8ED0-4B16-8C1E-34C86FBECB9C}
		{98DFD487-37C4-4C22-8BE0-DD3F3ADB84AE} = {0C9CBDD8-8ED0-4B16-8C1E-34C86FBECB9C}
		{F773AB39-41B3-4D92-B452-679722FB9AD2} = {0C9CBDD8-8ED0-4B16-8C1E-34C86FBECB9C}
		{2A596B67-5EE2-461E-8CED-C82D2684E273} = {0C9CBDD8-8ED0-4B16-8C1E-34C86FBECB9C}
		{92D3DB7B-8108-4715-A1C0-48E43046CD7A} = {49D9F98D-2E51-4A92-896E-E24CFD25BF1E}
		{A5CBF3B2-E50C-4B33-B6ED-B3D7260D2A06} = {49D9F98D-2E51-4A92-896E-E24CFD25BF1E}
		{36622229-D415-4CFC-BE66-D647FEB03E8E} = {49D9F98D-2E51-4A92-896E-E24CFD25BF1E}
		{C449C35E-1F93-4146-A64C-56B477341FE8} = {49D9F98D-2E51-4A92-896E-E24CFD25BF1E}
		{E78BD5DD-CFB2-4BD5-8AAA-D41921D6D3BF} = {49D9F98D-2E51-4A92-896E-E24CFD25BF1E}
		{C368AC39-7CB8-4EB4-8AFE-08F7753E2431} = {0C9CBDD8-8ED0-4B16-8C1E-34C86FBECB9C}
		{8F539DE5-D52E-46CB-9C00-81842EB88B70} = {0C9CBDD8-8ED0-4B16-8C1E-34C86FBECB9C}
	EndGlobalSection
	GlobalSection(ExtensibilityGlobals) = postSolution
		EnterpriseLibraryConfigurationToolBinariesPath = packages\Unity.2.1.505.0\lib\NET35;..\lib\Unity.2.1.505.0\lib\NET35;..\lib\Unity.2.1.505.2\lib\NET35
	EndGlobalSection
EndGlobal
