
Microsoft Visual Studio Solution File, Format Version 12.00
# Visual Studio 14
VisualStudioVersion = 14.0.23107.0
MinimumVisualStudioVersion = 10.0.40219.1
Project("{2150E333-8FDC-42A3-9474-1A3956D46DE8}") = "src", "src", "{49D9F98D-2E51-4A92-896E-E24CFD25BF1E}"
EndProject
Project("{2150E333-8FDC-42A3-9474-1A3956D46DE8}") = "Prism", "Prism", "{CA23DBAE-4E2A-47C4-9E3B-F76308F8F054}"
EndProject
Project("{2150E333-8FDC-42A3-9474-1A3956D46DE8}") = "misc", "misc", "{725160C0-B460-4AB1-BD9D-A5FE6A5BD175}"
	ProjectSection(SolutionItems) = preProject
		nuget.config = nuget.config
	EndProjectSection
EndProject
Project("{2150E333-8FDC-42A3-9474-1A3956D46DE8}") = "ModularityWithCatel", "ModularityWithCatel", "{2C62A79B-B3E5-4AA8-8C26-86021CCAE2B7}"
EndProject
Project("{2150E333-8FDC-42A3-9474-1A3956D46DE8}") = "Modules", "Modules", "{835DEA1A-DBA8-45FD-98E9-C018EECF5E65}"
EndProject
Project("{2150E333-8FDC-42A3-9474-1A3956D46DE8}") = "Infrastructure", "Infrastructure", "{45B60FB3-47E4-49A2-B208-E7DDAEEE1514}"
EndProject
Project("{FAE04EC0-301F-11D3-BF4B-00C04F79EFBC}") = "Catel.Examples.WPF.AdvancedDemo", "NET\Catel.Examples.WPF.AdvancedDemo\Catel.Examples.WPF.AdvancedDemo.csproj", "{C368AC39-7CB8-4EB4-8AFE-08F7753E2431}"
EndProject
Project("{FAE04EC0-301F-11D3-BF4B-00C04F79EFBC}") = "Catel.Examples.WPF.BrowserApplication", "NET\Catel.Examples.WPF.BrowserApplication\Catel.Examples.WPF.BrowserApplication.csproj", "{95F7A706-FE80-4B6C-A5C5-FD80C1FD0337}"
EndProject
Project("{FAE04EC0-301F-11D3-BF4B-00C04F79EFBC}") = "Catel.Examples.WPF.Models", "NET\Catel.Examples.WPF.Models\Catel.Examples.WPF.Models.csproj", "{D8405053-BBAE-47FF-A158-07A62F50D40D}"
EndProject
Project("{FAE04EC0-301F-11D3-BF4B-00C04F79EFBC}") = "Catel.Examples.WPF.PersonApplication", "NET\Catel.Examples.WPF.PersonApplication\Catel.Examples.WPF.PersonApplication.csproj", "{CE9B6FCE-B2A2-481F-B9D3-02A94421646D}"
EndProject
Project("{FAE04EC0-301F-11D3-BF4B-00C04F79EFBC}") = "Catel.Examples.WPF.MasterDetail", "NET\Catel.Examples.WPF.MasterDetail\Catel.Examples.WPF.MasterDetail.csproj", "{523D0FA7-20DA-4C04-8AD6-C3714CD24F0B}"
EndProject
Project("{FAE04EC0-301F-11D3-BF4B-00C04F79EFBC}") = "Catel.Examples.WPF.Authentication", "NET\Catel.Examples.WPF.Authentication\Catel.Examples.WPF.Authentication.csproj", "{F03BFF63-53E0-45B1-B8FE-D18548FC6DB0}"
EndProject
Project("{FAE04EC0-301F-11D3-BF4B-00C04F79EFBC}") = "Catel.Examples.WPF.ViewModelLifetime", "NET\Catel.Examples.WPF.ViewModelLifetime\Catel.Examples.WPF.ViewModelLifetime.csproj", "{2DB74DD8-C245-43A5-9076-75665E690235}"
EndProject
Project("{FAE04EC0-301F-11D3-BF4B-00C04F79EFBC}") = "Catel.Examples.WPF.MultiLingual", "NET\Catel.Examples.WPF.MultiLingual\Catel.Examples.WPF.MultiLingual.csproj", "{BC3F3E32-803C-4E6A-A8C5-A414456EAFA1}"
EndProject
Project("{FAE04EC0-301F-11D3-BF4B-00C04F79EFBC}") = "Catel.Examples.WPF.Validation", "NET\Catel.Examples.WPF.Validation\Catel.Examples.WPF.Validation.csproj", "{19DCE8C8-68E3-4DCA-9087-33BCDECDA35B}"
EndProject
Project("{FAE04EC0-301F-11D3-BF4B-00C04F79EFBC}") = "Catel.Examples.WPF.Analytics", "NET\Catel.Examples.WPF.Analytics\Catel.Examples.WPF.Analytics.csproj", "{6019B8C1-81F8-4E54-8944-E5C76996DBF6}"
EndProject
Project("{FAE04EC0-301F-11D3-BF4B-00C04F79EFBC}") = "Catel.Examples.WPF.Prism", "NET\Catel.Examples.WPF.Prism\Catel.Examples.WPF.Prism.csproj", "{C498BDF6-5864-4293-8C4B-09CB50BE9DD2}"
EndProject
Project("{FAE04EC0-301F-11D3-BF4B-00C04F79EFBC}") = "Catel.Examples.WPF.Prism.Modules.Departments", "NET\Catel.Examples.WPF.Prism.Modules.Departments\Catel.Examples.WPF.Prism.Modules.Departments.csproj", "{45CAD864-3F36-485B-8A54-DEBB8722AE3D}"
EndProject
Project("{FAE04EC0-301F-11D3-BF4B-00C04F79EFBC}") = "Catel.Examples.WPF.Prism.Modules.Employees", "NET\Catel.Examples.WPF.Prism.Modules.Employees\Catel.Examples.WPF.Prism.Modules.Employees.csproj", "{28E739EB-04D4-41A6-9700-91DA7833F168}"
EndProject
Project("{FAE04EC0-301F-11D3-BF4B-00C04F79EFBC}") = "Catel.Examples.WPF.Prism.Shared", "NET\Catel.Examples.WPF.Prism.Shared\Catel.Examples.WPF.Prism.Shared.csproj", "{79E50E95-4E0E-4C85-B9AE-E42CC380E2D3}"
EndProject
Project("{FAE04EC0-301F-11D3-BF4B-00C04F79EFBC}") = "ModuleA", "NET\Catel.Examples.WPF.ModularityWithCatel\ModuleA\ModuleA.csproj", "{CC737D36-0357-417D-81A1-14077F4B5F1C}"
EndProject
Project("{FAE04EC0-301F-11D3-BF4B-00C04F79EFBC}") = "ModuleB", "NET\Catel.Examples.WPF.ModularityWithCatel\ModuleB\ModuleB.csproj", "{6E63BEEA-4535-4428-AC54-01885F74C77E}"
EndProject
Project("{FAE04EC0-301F-11D3-BF4B-00C04F79EFBC}") = "ModuleC", "NET\Catel.Examples.WPF.ModularityWithCatel\ModuleC\ModuleC.csproj", "{40B03952-476B-4A9A-B090-D30D6DEE3740}"
EndProject
Project("{FAE04EC0-301F-11D3-BF4B-00C04F79EFBC}") = "ModuleD", "NET\Catel.Examples.WPF.ModularityWithCatel\ModuleD\ModuleD.csproj", "{7467C9F3-0615-41AF-B51E-D5A617CDADB2}"
EndProject
Project("{FAE04EC0-301F-11D3-BF4B-00C04F79EFBC}") = "ModuleE", "NET\Catel.Examples.WPF.ModularityWithCatel\ModuleE\ModuleE.csproj", "{65D437E8-D7B7-42FA-86D8-D907DC4C8DCB}"
EndProject
Project("{FAE04EC0-301F-11D3-BF4B-00C04F79EFBC}") = "ModuleF", "NET\Catel.Examples.WPF.ModularityWithCatel\ModuleF\ModuleF.csproj", "{EC8C0723-F8CF-4650-8F6C-FD67667987A0}"
EndProject
Project("{FAE04EC0-301F-11D3-BF4B-00C04F79EFBC}") = "ModuleTracking", "NET\Catel.Examples.WPF.ModularityWithCatel\ModuleTracking\ModuleTracking.csproj", "{1A98F3E7-2163-46CE-9B6A-E204FFF4F3B8}"
EndProject
Project("{FAE04EC0-301F-11D3-BF4B-00C04F79EFBC}") = "ModularityWithCatel.Desktop", "NET\Catel.Examples.WPF.ModularityWithCatel\ModularityWithCatel.Desktop\ModularityWithCatel.Desktop.csproj", "{1B2B220D-D3E3-4E01-AABB-E47C01664211}"
EndProject
Project("{FAE04EC0-301F-11D3-BF4B-00C04F79EFBC}") = "Catel.Examples.WPF.Memento", "NET\Catel.Examples.WPF.Memento\Catel.Examples.WPF.Memento.csproj", "{D6B9C99C-6F41-49F4-8D1F-E57EC388F337}"
EndProject
Project("{FAE04EC0-301F-11D3-BF4B-00C04F79EFBC}") = "Catel.Examples.WPF.MvvmCommunicationStyles", "NET\Catel.Examples.WPF.MvvmCommunicationStyles\Catel.Examples.WPF.MvvmCommunicationStyles.csproj", "{98DFD487-37C4-4C22-8BE0-DD3F3ADB84AE}"
EndProject
Project("{FAE04EC0-301F-11D3-BF4B-00C04F79EFBC}") = "Catel.Examples.WPF.TaskCommand", "NET\Catel.Examples.WPF.TaskCommand\Catel.Examples.WPF.TaskCommand.csproj", "{F773AB39-41B3-4D92-B452-679722FB9AD2}"
EndProject
Project("{FAE04EC0-301F-11D3-BF4B-00C04F79EFBC}") = "Catel.Examples.WPF.DisplayProgress", "NET\Catel.Examples.WPF.DisplayProgress\Catel.Examples.WPF.DisplayProgress.csproj", "{C6AAA9B9-239E-4369-9940-143F6CFB7617}"
EndProject
Project("{FAE04EC0-301F-11D3-BF4B-00C04F79EFBC}") = "Catel.Examples.WPF.Commanding", "NET\Catel.Examples.WPF.Commanding\Catel.Examples.WPF.Commanding.csproj", "{2A596B67-5EE2-461E-8CED-C82D2684E273}"
EndProject
Global
	GlobalSection(SolutionConfigurationPlatforms) = preSolution
		Debug|Any CPU = Debug|Any CPU
		Debug|ARM = Debug|ARM
		Debug|x64 = Debug|x64
		Debug|x86 = Debug|x86
		Release|Any CPU = Release|Any CPU
		Release|ARM = Release|ARM
		Release|x64 = Release|x64
		Release|x86 = Release|x86
	EndGlobalSection
	GlobalSection(ProjectConfigurationPlatforms) = postSolution
		{C368AC39-7CB8-4EB4-8AFE-08F7753E2431}.Debug|Any CPU.ActiveCfg = Debug|Any CPU
		{C368AC39-7CB8-4EB4-8AFE-08F7753E2431}.Debug|Any CPU.Build.0 = Debug|Any CPU
		{C368AC39-7CB8-4EB4-8AFE-08F7753E2431}.Debug|ARM.ActiveCfg = Debug|Any CPU
		{C368AC39-7CB8-4EB4-8AFE-08F7753E2431}.Debug|x64.ActiveCfg = Debug|Any CPU
		{C368AC39-7CB8-4EB4-8AFE-08F7753E2431}.Debug|x86.ActiveCfg = Debug|Any CPU
		{C368AC39-7CB8-4EB4-8AFE-08F7753E2431}.Release|Any CPU.ActiveCfg = Release|Any CPU
		{C368AC39-7CB8-4EB4-8AFE-08F7753E2431}.Release|Any CPU.Build.0 = Release|Any CPU
		{C368AC39-7CB8-4EB4-8AFE-08F7753E2431}.Release|ARM.ActiveCfg = Release|Any CPU
		{C368AC39-7CB8-4EB4-8AFE-08F7753E2431}.Release|x64.ActiveCfg = Release|Any CPU
		{C368AC39-7CB8-4EB4-8AFE-08F7753E2431}.Release|x86.ActiveCfg = Release|Any CPU
		{95F7A706-FE80-4B6C-A5C5-FD80C1FD0337}.Debug|Any CPU.ActiveCfg = Debug|Any CPU
		{95F7A706-FE80-4B6C-A5C5-FD80C1FD0337}.Debug|Any CPU.Build.0 = Debug|Any CPU
		{95F7A706-FE80-4B6C-A5C5-FD80C1FD0337}.Debug|ARM.ActiveCfg = Debug|Any CPU
		{95F7A706-FE80-4B6C-A5C5-FD80C1FD0337}.Debug|x64.ActiveCfg = Debug|Any CPU
		{95F7A706-FE80-4B6C-A5C5-FD80C1FD0337}.Debug|x86.ActiveCfg = Debug|Any CPU
		{95F7A706-FE80-4B6C-A5C5-FD80C1FD0337}.Release|Any CPU.ActiveCfg = Release|Any CPU
		{95F7A706-FE80-4B6C-A5C5-FD80C1FD0337}.Release|Any CPU.Build.0 = Release|Any CPU
		{95F7A706-FE80-4B6C-A5C5-FD80C1FD0337}.Release|ARM.ActiveCfg = Release|Any CPU
		{95F7A706-FE80-4B6C-A5C5-FD80C1FD0337}.Release|x64.ActiveCfg = Release|Any CPU
		{95F7A706-FE80-4B6C-A5C5-FD80C1FD0337}.Release|x86.ActiveCfg = Release|Any CPU
		{D8405053-BBAE-47FF-A158-07A62F50D40D}.Debug|Any CPU.ActiveCfg = Debug|Any CPU
		{D8405053-BBAE-47FF-A158-07A62F50D40D}.Debug|Any CPU.Build.0 = Debug|Any CPU
		{D8405053-BBAE-47FF-A158-07A62F50D40D}.Debug|ARM.ActiveCfg = Debug|Any CPU
		{D8405053-BBAE-47FF-A158-07A62F50D40D}.Debug|x64.ActiveCfg = Debug|Any CPU
		{D8405053-BBAE-47FF-A158-07A62F50D40D}.Debug|x86.ActiveCfg = Debug|Any CPU
		{D8405053-BBAE-47FF-A158-07A62F50D40D}.Release|Any CPU.ActiveCfg = Release|Any CPU
		{D8405053-BBAE-47FF-A158-07A62F50D40D}.Release|Any CPU.Build.0 = Release|Any CPU
		{D8405053-BBAE-47FF-A158-07A62F50D40D}.Release|ARM.ActiveCfg = Release|Any CPU
		{D8405053-BBAE-47FF-A158-07A62F50D40D}.Release|x64.ActiveCfg = Release|Any CPU
		{D8405053-BBAE-47FF-A158-07A62F50D40D}.Release|x86.ActiveCfg = Release|Any CPU
		{CE9B6FCE-B2A2-481F-B9D3-02A94421646D}.Debug|Any CPU.ActiveCfg = Debug|Any CPU
		{CE9B6FCE-B2A2-481F-B9D3-02A94421646D}.Debug|Any CPU.Build.0 = Debug|Any CPU
		{CE9B6FCE-B2A2-481F-B9D3-02A94421646D}.Debug|ARM.ActiveCfg = Debug|Any CPU
		{CE9B6FCE-B2A2-481F-B9D3-02A94421646D}.Debug|x64.ActiveCfg = Debug|Any CPU
		{CE9B6FCE-B2A2-481F-B9D3-02A94421646D}.Debug|x86.ActiveCfg = Debug|Any CPU
		{CE9B6FCE-B2A2-481F-B9D3-02A94421646D}.Release|Any CPU.ActiveCfg = Release|Any CPU
		{CE9B6FCE-B2A2-481F-B9D3-02A94421646D}.Release|Any CPU.Build.0 = Release|Any CPU
		{CE9B6FCE-B2A2-481F-B9D3-02A94421646D}.Release|ARM.ActiveCfg = Release|Any CPU
		{CE9B6FCE-B2A2-481F-B9D3-02A94421646D}.Release|x64.ActiveCfg = Release|Any CPU
		{CE9B6FCE-B2A2-481F-B9D3-02A94421646D}.Release|x86.ActiveCfg = Release|Any CPU
		{523D0FA7-20DA-4C04-8AD6-C3714CD24F0B}.Debug|Any CPU.ActiveCfg = Debug|Any CPU
		{523D0FA7-20DA-4C04-8AD6-C3714CD24F0B}.Debug|Any CPU.Build.0 = Debug|Any CPU
		{523D0FA7-20DA-4C04-8AD6-C3714CD24F0B}.Debug|ARM.ActiveCfg = Debug|Any CPU
		{523D0FA7-20DA-4C04-8AD6-C3714CD24F0B}.Debug|x64.ActiveCfg = Debug|Any CPU
		{523D0FA7-20DA-4C04-8AD6-C3714CD24F0B}.Debug|x86.ActiveCfg = Debug|Any CPU
		{523D0FA7-20DA-4C04-8AD6-C3714CD24F0B}.Release|Any CPU.ActiveCfg = Release|Any CPU
		{523D0FA7-20DA-4C04-8AD6-C3714CD24F0B}.Release|Any CPU.Build.0 = Release|Any CPU
		{523D0FA7-20DA-4C04-8AD6-C3714CD24F0B}.Release|ARM.ActiveCfg = Release|Any CPU
		{523D0FA7-20DA-4C04-8AD6-C3714CD24F0B}.Release|x64.ActiveCfg = Release|Any CPU
		{523D0FA7-20DA-4C04-8AD6-C3714CD24F0B}.Release|x86.ActiveCfg = Release|Any CPU
		{F03BFF63-53E0-45B1-B8FE-D18548FC6DB0}.Debug|Any CPU.ActiveCfg = Debug|Any CPU
		{F03BFF63-53E0-45B1-B8FE-D18548FC6DB0}.Debug|Any CPU.Build.0 = Debug|Any CPU
		{F03BFF63-53E0-45B1-B8FE-D18548FC6DB0}.Debug|ARM.ActiveCfg = Debug|Any CPU
		{F03BFF63-53E0-45B1-B8FE-D18548FC6DB0}.Debug|x64.ActiveCfg = Debug|Any CPU
		{F03BFF63-53E0-45B1-B8FE-D18548FC6DB0}.Debug|x86.ActiveCfg = Debug|Any CPU
		{F03BFF63-53E0-45B1-B8FE-D18548FC6DB0}.Release|Any CPU.ActiveCfg = Release|Any CPU
		{F03BFF63-53E0-45B1-B8FE-D18548FC6DB0}.Release|Any CPU.Build.0 = Release|Any CPU
		{F03BFF63-53E0-45B1-B8FE-D18548FC6DB0}.Release|ARM.ActiveCfg = Release|Any CPU
		{F03BFF63-53E0-45B1-B8FE-D18548FC6DB0}.Release|x64.ActiveCfg = Release|Any CPU
		{F03BFF63-53E0-45B1-B8FE-D18548FC6DB0}.Release|x86.ActiveCfg = Release|Any CPU
		{2DB74DD8-C245-43A5-9076-75665E690235}.Debug|Any CPU.ActiveCfg = Debug|Any CPU
		{2DB74DD8-C245-43A5-9076-75665E690235}.Debug|Any CPU.Build.0 = Debug|Any CPU
		{2DB74DD8-C245-43A5-9076-75665E690235}.Debug|ARM.ActiveCfg = Debug|Any CPU
		{2DB74DD8-C245-43A5-9076-75665E690235}.Debug|x64.ActiveCfg = Debug|Any CPU
		{2DB74DD8-C245-43A5-9076-75665E690235}.Debug|x86.ActiveCfg = Debug|Any CPU
		{2DB74DD8-C245-43A5-9076-75665E690235}.Release|Any CPU.ActiveCfg = Release|Any CPU
		{2DB74DD8-C245-43A5-9076-75665E690235}.Release|Any CPU.Build.0 = Release|Any CPU
		{2DB74DD8-C245-43A5-9076-75665E690235}.Release|ARM.ActiveCfg = Release|Any CPU
		{2DB74DD8-C245-43A5-9076-75665E690235}.Release|x64.ActiveCfg = Release|Any CPU
		{2DB74DD8-C245-43A5-9076-75665E690235}.Release|x86.ActiveCfg = Release|Any CPU
		{BC3F3E32-803C-4E6A-A8C5-A414456EAFA1}.Debug|Any CPU.ActiveCfg = Debug|Any CPU
		{BC3F3E32-803C-4E6A-A8C5-A414456EAFA1}.Debug|Any CPU.Build.0 = Debug|Any CPU
		{BC3F3E32-803C-4E6A-A8C5-A414456EAFA1}.Debug|ARM.ActiveCfg = Debug|Any CPU
		{BC3F3E32-803C-4E6A-A8C5-A414456EAFA1}.Debug|x64.ActiveCfg = Debug|Any CPU
		{BC3F3E32-803C-4E6A-A8C5-A414456EAFA1}.Debug|x86.ActiveCfg = Debug|Any CPU
		{BC3F3E32-803C-4E6A-A8C5-A414456EAFA1}.Release|Any CPU.ActiveCfg = Release|Any CPU
		{BC3F3E32-803C-4E6A-A8C5-A414456EAFA1}.Release|Any CPU.Build.0 = Release|Any CPU
		{BC3F3E32-803C-4E6A-A8C5-A414456EAFA1}.Release|ARM.ActiveCfg = Release|Any CPU
		{BC3F3E32-803C-4E6A-A8C5-A414456EAFA1}.Release|x64.ActiveCfg = Release|Any CPU
		{BC3F3E32-803C-4E6A-A8C5-A414456EAFA1}.Release|x86.ActiveCfg = Release|Any CPU
		{19DCE8C8-68E3-4DCA-9087-33BCDECDA35B}.Debug|Any CPU.ActiveCfg = Debug|Any CPU
		{19DCE8C8-68E3-4DCA-9087-33BCDECDA35B}.Debug|Any CPU.Build.0 = Debug|Any CPU
		{19DCE8C8-68E3-4DCA-9087-33BCDECDA35B}.Debug|ARM.ActiveCfg = Debug|Any CPU
		{19DCE8C8-68E3-4DCA-9087-33BCDECDA35B}.Debug|x64.ActiveCfg = Debug|Any CPU
		{19DCE8C8-68E3-4DCA-9087-33BCDECDA35B}.Debug|x86.ActiveCfg = Debug|Any CPU
		{19DCE8C8-68E3-4DCA-9087-33BCDECDA35B}.Release|Any CPU.ActiveCfg = Release|Any CPU
		{19DCE8C8-68E3-4DCA-9087-33BCDECDA35B}.Release|Any CPU.Build.0 = Release|Any CPU
		{19DCE8C8-68E3-4DCA-9087-33BCDECDA35B}.Release|ARM.ActiveCfg = Release|Any CPU
		{19DCE8C8-68E3-4DCA-9087-33BCDECDA35B}.Release|x64.ActiveCfg = Release|Any CPU
		{19DCE8C8-68E3-4DCA-9087-33BCDECDA35B}.Release|x86.ActiveCfg = Release|Any CPU
		{6019B8C1-81F8-4E54-8944-E5C76996DBF6}.Debug|Any CPU.ActiveCfg = Debug|Any CPU
		{6019B8C1-81F8-4E54-8944-E5C76996DBF6}.Debug|Any CPU.Build.0 = Debug|Any CPU
		{6019B8C1-81F8-4E54-8944-E5C76996DBF6}.Debug|ARM.ActiveCfg = Debug|Any CPU
		{6019B8C1-81F8-4E54-8944-E5C76996DBF6}.Debug|x64.ActiveCfg = Debug|Any CPU
		{6019B8C1-81F8-4E54-8944-E5C76996DBF6}.Debug|x86.ActiveCfg = Debug|Any CPU
		{6019B8C1-81F8-4E54-8944-E5C76996DBF6}.Release|Any CPU.ActiveCfg = Release|Any CPU
		{6019B8C1-81F8-4E54-8944-E5C76996DBF6}.Release|Any CPU.Build.0 = Release|Any CPU
		{6019B8C1-81F8-4E54-8944-E5C76996DBF6}.Release|ARM.ActiveCfg = Release|Any CPU
		{6019B8C1-81F8-4E54-8944-E5C76996DBF6}.Release|x64.ActiveCfg = Release|Any CPU
		{6019B8C1-81F8-4E54-8944-E5C76996DBF6}.Release|x86.ActiveCfg = Release|Any CPU
		{C498BDF6-5864-4293-8C4B-09CB50BE9DD2}.Debug|Any CPU.ActiveCfg = Debug|Any CPU
		{C498BDF6-5864-4293-8C4B-09CB50BE9DD2}.Debug|Any CPU.Build.0 = Debug|Any CPU
		{C498BDF6-5864-4293-8C4B-09CB50BE9DD2}.Debug|ARM.ActiveCfg = Debug|Any CPU
		{C498BDF6-5864-4293-8C4B-09CB50BE9DD2}.Debug|x64.ActiveCfg = Debug|Any CPU
		{C498BDF6-5864-4293-8C4B-09CB50BE9DD2}.Debug|x86.ActiveCfg = Debug|Any CPU
		{C498BDF6-5864-4293-8C4B-09CB50BE9DD2}.Release|Any CPU.ActiveCfg = Release|Any CPU
		{C498BDF6-5864-4293-8C4B-09CB50BE9DD2}.Release|Any CPU.Build.0 = Release|Any CPU
		{C498BDF6-5864-4293-8C4B-09CB50BE9DD2}.Release|ARM.ActiveCfg = Release|Any CPU
		{C498BDF6-5864-4293-8C4B-09CB50BE9DD2}.Release|x64.ActiveCfg = Release|Any CPU
		{C498BDF6-5864-4293-8C4B-09CB50BE9DD2}.Release|x86.ActiveCfg = Release|Any CPU
		{45CAD864-3F36-485B-8A54-DEBB8722AE3D}.Debug|Any CPU.ActiveCfg = Debug|Any CPU
		{45CAD864-3F36-485B-8A54-DEBB8722AE3D}.Debug|Any CPU.Build.0 = Debug|Any CPU
		{45CAD864-3F36-485B-8A54-DEBB8722AE3D}.Debug|ARM.ActiveCfg = Debug|Any CPU
		{45CAD864-3F36-485B-8A54-DEBB8722AE3D}.Debug|x64.ActiveCfg = Debug|Any CPU
		{45CAD864-3F36-485B-8A54-DEBB8722AE3D}.Debug|x86.ActiveCfg = Debug|Any CPU
		{45CAD864-3F36-485B-8A54-DEBB8722AE3D}.Release|Any CPU.ActiveCfg = Release|Any CPU
		{45CAD864-3F36-485B-8A54-DEBB8722AE3D}.Release|Any CPU.Build.0 = Release|Any CPU
		{45CAD864-3F36-485B-8A54-DEBB8722AE3D}.Release|ARM.ActiveCfg = Release|Any CPU
		{45CAD864-3F36-485B-8A54-DEBB8722AE3D}.Release|x64.ActiveCfg = Release|Any CPU
		{45CAD864-3F36-485B-8A54-DEBB8722AE3D}.Release|x86.ActiveCfg = Release|Any CPU
		{28E739EB-04D4-41A6-9700-91DA7833F168}.Debug|Any CPU.ActiveCfg = Debug|Any CPU
		{28E739EB-04D4-41A6-9700-91DA7833F168}.Debug|Any CPU.Build.0 = Debug|Any CPU
		{28E739EB-04D4-41A6-9700-91DA7833F168}.Debug|ARM.ActiveCfg = Debug|Any CPU
		{28E739EB-04D4-41A6-9700-91DA7833F168}.Debug|x64.ActiveCfg = Debug|Any CPU
		{28E739EB-04D4-41A6-9700-91DA7833F168}.Debug|x86.ActiveCfg = Debug|Any CPU
		{28E739EB-04D4-41A6-9700-91DA7833F168}.Release|Any CPU.ActiveCfg = Release|Any CPU
		{28E739EB-04D4-41A6-9700-91DA7833F168}.Release|Any CPU.Build.0 = Release|Any CPU
		{28E739EB-04D4-41A6-9700-91DA7833F168}.Release|ARM.ActiveCfg = Release|Any CPU
		{28E739EB-04D4-41A6-9700-91DA7833F168}.Release|x64.ActiveCfg = Release|Any CPU
		{28E739EB-04D4-41A6-9700-91DA7833F168}.Release|x86.ActiveCfg = Release|Any CPU
		{79E50E95-4E0E-4C85-B9AE-E42CC380E2D3}.Debug|Any CPU.ActiveCfg = Debug|Any CPU
		{79E50E95-4E0E-4C85-B9AE-E42CC380E2D3}.Debug|Any CPU.Build.0 = Debug|Any CPU
		{79E50E95-4E0E-4C85-B9AE-E42CC380E2D3}.Debug|ARM.ActiveCfg = Debug|Any CPU
		{79E50E95-4E0E-4C85-B9AE-E42CC380E2D3}.Debug|x64.ActiveCfg = Debug|Any CPU
		{79E50E95-4E0E-4C85-B9AE-E42CC380E2D3}.Debug|x86.ActiveCfg = Debug|Any CPU
		{79E50E95-4E0E-4C85-B9AE-E42CC380E2D3}.Release|Any CPU.ActiveCfg = Release|Any CPU
		{79E50E95-4E0E-4C85-B9AE-E42CC380E2D3}.Release|Any CPU.Build.0 = Release|Any CPU
		{79E50E95-4E0E-4C85-B9AE-E42CC380E2D3}.Release|ARM.ActiveCfg = Release|Any CPU
		{79E50E95-4E0E-4C85-B9AE-E42CC380E2D3}.Release|x64.ActiveCfg = Release|Any CPU
		{79E50E95-4E0E-4C85-B9AE-E42CC380E2D3}.Release|x86.ActiveCfg = Release|Any CPU
		{CC737D36-0357-417D-81A1-14077F4B5F1C}.Debug|Any CPU.ActiveCfg = Debug|Any CPU
		{CC737D36-0357-417D-81A1-14077F4B5F1C}.Debug|Any CPU.Build.0 = Debug|Any CPU
		{CC737D36-0357-417D-81A1-14077F4B5F1C}.Debug|ARM.ActiveCfg = Debug|Any CPU
		{CC737D36-0357-417D-81A1-14077F4B5F1C}.Debug|x64.ActiveCfg = Debug|Any CPU
		{CC737D36-0357-417D-81A1-14077F4B5F1C}.Debug|x86.ActiveCfg = Debug|Any CPU
		{CC737D36-0357-417D-81A1-14077F4B5F1C}.Release|Any CPU.ActiveCfg = Release|Any CPU
		{CC737D36-0357-417D-81A1-14077F4B5F1C}.Release|Any CPU.Build.0 = Release|Any CPU
		{CC737D36-0357-417D-81A1-14077F4B5F1C}.Release|ARM.ActiveCfg = Release|Any CPU
		{CC737D36-0357-417D-81A1-14077F4B5F1C}.Release|x64.ActiveCfg = Release|Any CPU
		{CC737D36-0357-417D-81A1-14077F4B5F1C}.Release|x86.ActiveCfg = Release|Any CPU
		{6E63BEEA-4535-4428-AC54-01885F74C77E}.Debug|Any CPU.ActiveCfg = Debug|Any CPU
		{6E63BEEA-4535-4428-AC54-01885F74C77E}.Debug|Any CPU.Build.0 = Debug|Any CPU
		{6E63BEEA-4535-4428-AC54-01885F74C77E}.Debug|ARM.ActiveCfg = Debug|Any CPU
		{6E63BEEA-4535-4428-AC54-01885F74C77E}.Debug|x64.ActiveCfg = Debug|Any CPU
		{6E63BEEA-4535-4428-AC54-01885F74C77E}.Debug|x86.ActiveCfg = Debug|Any CPU
		{6E63BEEA-4535-4428-AC54-01885F74C77E}.Release|Any CPU.ActiveCfg = Release|Any CPU
		{6E63BEEA-4535-4428-AC54-01885F74C77E}.Release|Any CPU.Build.0 = Release|Any CPU
		{6E63BEEA-4535-4428-AC54-01885F74C77E}.Release|ARM.ActiveCfg = Release|Any CPU
		{6E63BEEA-4535-4428-AC54-01885F74C77E}.Release|x64.ActiveCfg = Release|Any CPU
		{6E63BEEA-4535-4428-AC54-01885F74C77E}.Release|x86.ActiveCfg = Release|Any CPU
		{40B03952-476B-4A9A-B090-D30D6DEE3740}.Debug|Any CPU.ActiveCfg = Debug|Any CPU
		{40B03952-476B-4A9A-B090-D30D6DEE3740}.Debug|Any CPU.Build.0 = Debug|Any CPU
		{40B03952-476B-4A9A-B090-D30D6DEE3740}.Debug|ARM.ActiveCfg = Debug|Any CPU
		{40B03952-476B-4A9A-B090-D30D6DEE3740}.Debug|x64.ActiveCfg = Debug|Any CPU
		{40B03952-476B-4A9A-B090-D30D6DEE3740}.Debug|x86.ActiveCfg = Debug|Any CPU
		{40B03952-476B-4A9A-B090-D30D6DEE3740}.Release|Any CPU.ActiveCfg = Release|Any CPU
		{40B03952-476B-4A9A-B090-D30D6DEE3740}.Release|Any CPU.Build.0 = Release|Any CPU
		{40B03952-476B-4A9A-B090-D30D6DEE3740}.Release|ARM.ActiveCfg = Release|Any CPU
		{40B03952-476B-4A9A-B090-D30D6DEE3740}.Release|x64.ActiveCfg = Release|Any CPU
		{40B03952-476B-4A9A-B090-D30D6DEE3740}.Release|x86.ActiveCfg = Release|Any CPU
		{7467C9F3-0615-41AF-B51E-D5A617CDADB2}.Debug|Any CPU.ActiveCfg = Debug|Any CPU
		{7467C9F3-0615-41AF-B51E-D5A617CDADB2}.Debug|Any CPU.Build.0 = Debug|Any CPU
		{7467C9F3-0615-41AF-B51E-D5A617CDADB2}.Debug|ARM.ActiveCfg = Debug|Any CPU
		{7467C9F3-0615-41AF-B51E-D5A617CDADB2}.Debug|x64.ActiveCfg = Debug|Any CPU
		{7467C9F3-0615-41AF-B51E-D5A617CDADB2}.Debug|x86.ActiveCfg = Debug|Any CPU
		{7467C9F3-0615-41AF-B51E-D5A617CDADB2}.Release|Any CPU.ActiveCfg = Release|Any CPU
		{7467C9F3-0615-41AF-B51E-D5A617CDADB2}.Release|Any CPU.Build.0 = Release|Any CPU
		{7467C9F3-0615-41AF-B51E-D5A617CDADB2}.Release|ARM.ActiveCfg = Release|Any CPU
		{7467C9F3-0615-41AF-B51E-D5A617CDADB2}.Release|x64.ActiveCfg = Release|Any CPU
		{7467C9F3-0615-41AF-B51E-D5A617CDADB2}.Release|x86.ActiveCfg = Release|Any CPU
		{65D437E8-D7B7-42FA-86D8-D907DC4C8DCB}.Debug|Any CPU.ActiveCfg = Debug|Any CPU
		{65D437E8-D7B7-42FA-86D8-D907DC4C8DCB}.Debug|Any CPU.Build.0 = Debug|Any CPU
		{65D437E8-D7B7-42FA-86D8-D907DC4C8DCB}.Debug|ARM.ActiveCfg = Debug|Any CPU
		{65D437E8-D7B7-42FA-86D8-D907DC4C8DCB}.Debug|x64.ActiveCfg = Debug|Any CPU
		{65D437E8-D7B7-42FA-86D8-D907DC4C8DCB}.Debug|x86.ActiveCfg = Debug|Any CPU
		{65D437E8-D7B7-42FA-86D8-D907DC4C8DCB}.Release|Any CPU.ActiveCfg = Release|Any CPU
		{65D437E8-D7B7-42FA-86D8-D907DC4C8DCB}.Release|Any CPU.Build.0 = Release|Any CPU
		{65D437E8-D7B7-42FA-86D8-D907DC4C8DCB}.Release|ARM.ActiveCfg = Release|Any CPU
		{65D437E8-D7B7-42FA-86D8-D907DC4C8DCB}.Release|x64.ActiveCfg = Release|Any CPU
		{65D437E8-D7B7-42FA-86D8-D907DC4C8DCB}.Release|x86.ActiveCfg = Release|Any CPU
		{EC8C0723-F8CF-4650-8F6C-FD67667987A0}.Debug|Any CPU.ActiveCfg = Debug|Any CPU
		{EC8C0723-F8CF-4650-8F6C-FD67667987A0}.Debug|Any CPU.Build.0 = Debug|Any CPU
		{EC8C0723-F8CF-4650-8F6C-FD67667987A0}.Debug|ARM.ActiveCfg = Debug|Any CPU
		{EC8C0723-F8CF-4650-8F6C-FD67667987A0}.Debug|x64.ActiveCfg = Debug|Any CPU
		{EC8C0723-F8CF-4650-8F6C-FD67667987A0}.Debug|x86.ActiveCfg = Debug|Any CPU
		{EC8C0723-F8CF-4650-8F6C-FD67667987A0}.Release|Any CPU.ActiveCfg = Release|Any CPU
		{EC8C0723-F8CF-4650-8F6C-FD67667987A0}.Release|Any CPU.Build.0 = Release|Any CPU
		{EC8C0723-F8CF-4650-8F6C-FD67667987A0}.Release|ARM.ActiveCfg = Release|Any CPU
		{EC8C0723-F8CF-4650-8F6C-FD67667987A0}.Release|x64.ActiveCfg = Release|Any CPU
		{EC8C0723-F8CF-4650-8F6C-FD67667987A0}.Release|x86.ActiveCfg = Release|Any CPU
		{1A98F3E7-2163-46CE-9B6A-E204FFF4F3B8}.Debug|Any CPU.ActiveCfg = Debug|Any CPU
		{1A98F3E7-2163-46CE-9B6A-E204FFF4F3B8}.Debug|Any CPU.Build.0 = Debug|Any CPU
		{1A98F3E7-2163-46CE-9B6A-E204FFF4F3B8}.Debug|ARM.ActiveCfg = Debug|Any CPU
		{1A98F3E7-2163-46CE-9B6A-E204FFF4F3B8}.Debug|x64.ActiveCfg = Debug|Any CPU
		{1A98F3E7-2163-46CE-9B6A-E204FFF4F3B8}.Debug|x86.ActiveCfg = Debug|Any CPU
		{1A98F3E7-2163-46CE-9B6A-E204FFF4F3B8}.Release|Any CPU.ActiveCfg = Release|Any CPU
		{1A98F3E7-2163-46CE-9B6A-E204FFF4F3B8}.Release|Any CPU.Build.0 = Release|Any CPU
		{1A98F3E7-2163-46CE-9B6A-E204FFF4F3B8}.Release|ARM.ActiveCfg = Release|Any CPU
		{1A98F3E7-2163-46CE-9B6A-E204FFF4F3B8}.Release|x64.ActiveCfg = Release|Any CPU
		{1A98F3E7-2163-46CE-9B6A-E204FFF4F3B8}.Release|x86.ActiveCfg = Release|Any CPU
		{1B2B220D-D3E3-4E01-AABB-E47C01664211}.Debug|Any CPU.ActiveCfg = Debug|Any CPU
		{1B2B220D-D3E3-4E01-AABB-E47C01664211}.Debug|Any CPU.Build.0 = Debug|Any CPU
		{1B2B220D-D3E3-4E01-AABB-E47C01664211}.Debug|ARM.ActiveCfg = Debug|Any CPU
		{1B2B220D-D3E3-4E01-AABB-E47C01664211}.Debug|x64.ActiveCfg = Debug|Any CPU
		{1B2B220D-D3E3-4E01-AABB-E47C01664211}.Debug|x86.ActiveCfg = Debug|x86
		{1B2B220D-D3E3-4E01-AABB-E47C01664211}.Debug|x86.Build.0 = Debug|x86
		{1B2B220D-D3E3-4E01-AABB-E47C01664211}.Release|Any CPU.ActiveCfg = Release|Any CPU
		{1B2B220D-D3E3-4E01-AABB-E47C01664211}.Release|Any CPU.Build.0 = Release|Any CPU
		{1B2B220D-D3E3-4E01-AABB-E47C01664211}.Release|ARM.ActiveCfg = Release|Any CPU
		{1B2B220D-D3E3-4E01-AABB-E47C01664211}.Release|x64.ActiveCfg = Release|Any CPU
		{1B2B220D-D3E3-4E01-AABB-E47C01664211}.Release|x86.ActiveCfg = Release|x86
		{1B2B220D-D3E3-4E01-AABB-E47C01664211}.Release|x86.Build.0 = Release|x86
		{D6B9C99C-6F41-49F4-8D1F-E57EC388F337}.Debug|Any CPU.ActiveCfg = Debug|Any CPU
		{D6B9C99C-6F41-49F4-8D1F-E57EC388F337}.Debug|Any CPU.Build.0 = Debug|Any CPU
		{D6B9C99C-6F41-49F4-8D1F-E57EC388F337}.Debug|ARM.ActiveCfg = Debug|Any CPU
		{D6B9C99C-6F41-49F4-8D1F-E57EC388F337}.Debug|x64.ActiveCfg = Debug|Any CPU
		{D6B9C99C-6F41-49F4-8D1F-E57EC388F337}.Debug|x86.ActiveCfg = Debug|Any CPU
		{D6B9C99C-6F41-49F4-8D1F-E57EC388F337}.Release|Any CPU.ActiveCfg = Release|Any CPU
		{D6B9C99C-6F41-49F4-8D1F-E57EC388F337}.Release|Any CPU.Build.0 = Release|Any CPU
		{D6B9C99C-6F41-49F4-8D1F-E57EC388F337}.Release|ARM.ActiveCfg = Release|Any CPU
		{D6B9C99C-6F41-49F4-8D1F-E57EC388F337}.Release|x64.ActiveCfg = Release|Any CPU
		{D6B9C99C-6F41-49F4-8D1F-E57EC388F337}.Release|x86.ActiveCfg = Release|Any CPU
		{98DFD487-37C4-4C22-8BE0-DD3F3ADB84AE}.Debug|Any CPU.ActiveCfg = Debug|Any CPU
		{98DFD487-37C4-4C22-8BE0-DD3F3ADB84AE}.Debug|Any CPU.Build.0 = Debug|Any CPU
		{98DFD487-37C4-4C22-8BE0-DD3F3ADB84AE}.Debug|ARM.ActiveCfg = Debug|Any CPU
		{98DFD487-37C4-4C22-8BE0-DD3F3ADB84AE}.Debug|x64.ActiveCfg = Debug|Any CPU
		{98DFD487-37C4-4C22-8BE0-DD3F3ADB84AE}.Debug|x86.ActiveCfg = Debug|Any CPU
		{98DFD487-37C4-4C22-8BE0-DD3F3ADB84AE}.Release|Any CPU.ActiveCfg = Release|Any CPU
		{98DFD487-37C4-4C22-8BE0-DD3F3ADB84AE}.Release|Any CPU.Build.0 = Release|Any CPU
		{98DFD487-37C4-4C22-8BE0-DD3F3ADB84AE}.Release|ARM.ActiveCfg = Release|Any CPU
		{98DFD487-37C4-4C22-8BE0-DD3F3ADB84AE}.Release|x64.ActiveCfg = Release|Any CPU
		{98DFD487-37C4-4C22-8BE0-DD3F3ADB84AE}.Release|x86.ActiveCfg = Release|Any CPU
		{F773AB39-41B3-4D92-B452-679722FB9AD2}.Debug|Any CPU.ActiveCfg = Debug|Any CPU
		{F773AB39-41B3-4D92-B452-679722FB9AD2}.Debug|Any CPU.Build.0 = Debug|Any CPU
		{F773AB39-41B3-4D92-B452-679722FB9AD2}.Debug|ARM.ActiveCfg = Debug|Any CPU
		{F773AB39-41B3-4D92-B452-679722FB9AD2}.Debug|x64.ActiveCfg = Debug|Any CPU
		{F773AB39-41B3-4D92-B452-679722FB9AD2}.Debug|x86.ActiveCfg = Debug|Any CPU
		{F773AB39-41B3-4D92-B452-679722FB9AD2}.Release|Any CPU.ActiveCfg = Release|Any CPU
		{F773AB39-41B3-4D92-B452-679722FB9AD2}.Release|Any CPU.Build.0 = Release|Any CPU
		{F773AB39-41B3-4D92-B452-679722FB9AD2}.Release|ARM.ActiveCfg = Release|Any CPU
		{F773AB39-41B3-4D92-B452-679722FB9AD2}.Release|x64.ActiveCfg = Release|Any CPU
		{F773AB39-41B3-4D92-B452-679722FB9AD2}.Release|x86.ActiveCfg = Release|Any CPU
		{C6AAA9B9-239E-4369-9940-143F6CFB7617}.Debug|Any CPU.ActiveCfg = Debug|Any CPU
		{C6AAA9B9-239E-4369-9940-143F6CFB7617}.Debug|Any CPU.Build.0 = Debug|Any CPU
		{C6AAA9B9-239E-4369-9940-143F6CFB7617}.Debug|ARM.ActiveCfg = Debug|Any CPU
		{C6AAA9B9-239E-4369-9940-143F6CFB7617}.Debug|x64.ActiveCfg = Debug|Any CPU
		{C6AAA9B9-239E-4369-9940-143F6CFB7617}.Debug|x86.ActiveCfg = Debug|Any CPU
		{C6AAA9B9-239E-4369-9940-143F6CFB7617}.Release|Any CPU.ActiveCfg = Release|Any CPU
		{C6AAA9B9-239E-4369-9940-143F6CFB7617}.Release|Any CPU.Build.0 = Release|Any CPU
		{C6AAA9B9-239E-4369-9940-143F6CFB7617}.Release|ARM.ActiveCfg = Release|Any CPU
		{C6AAA9B9-239E-4369-9940-143F6CFB7617}.Release|x64.ActiveCfg = Release|Any CPU
		{C6AAA9B9-239E-4369-9940-143F6CFB7617}.Release|x86.ActiveCfg = Release|Any CPU
		{2A596B67-5EE2-461E-8CED-C82D2684E273}.Debug|Any CPU.ActiveCfg = Debug|Any CPU
		{2A596B67-5EE2-461E-8CED-C82D2684E273}.Debug|Any CPU.Build.0 = Debug|Any CPU
		{2A596B67-5EE2-461E-8CED-C82D2684E273}.Debug|ARM.ActiveCfg = Debug|Any CPU
		{2A596B67-5EE2-461E-8CED-C82D2684E273}.Debug|x64.ActiveCfg = Debug|Any CPU
		{2A596B67-5EE2-461E-8CED-C82D2684E273}.Debug|x86.ActiveCfg = Debug|Any CPU
		{2A596B67-5EE2-461E-8CED-C82D2684E273}.Release|Any CPU.ActiveCfg = Release|Any CPU
		{2A596B67-5EE2-461E-8CED-C82D2684E273}.Release|Any CPU.Build.0 = Release|Any CPU
		{2A596B67-5EE2-461E-8CED-C82D2684E273}.Release|ARM.ActiveCfg = Release|Any CPU
		{2A596B67-5EE2-461E-8CED-C82D2684E273}.Release|x64.ActiveCfg = Release|Any CPU
		{2A596B67-5EE2-461E-8CED-C82D2684E273}.Release|x86.ActiveCfg = Release|Any CPU
	EndGlobalSection
	GlobalSection(SolutionProperties) = preSolution
		HideSolutionNode = FALSE
	EndGlobalSection
	GlobalSection(NestedProjects) = preSolution
		{CA23DBAE-4E2A-47C4-9E3B-F76308F8F054} = {49D9F98D-2E51-4A92-896E-E24CFD25BF1E}
		{2C62A79B-B3E5-4AA8-8C26-86021CCAE2B7} = {49D9F98D-2E51-4A92-896E-E24CFD25BF1E}
		{835DEA1A-DBA8-45FD-98E9-C018EECF5E65} = {2C62A79B-B3E5-4AA8-8C26-86021CCAE2B7}
		{45B60FB3-47E4-49A2-B208-E7DDAEEE1514} = {2C62A79B-B3E5-4AA8-8C26-86021CCAE2B7}
		{C368AC39-7CB8-4EB4-8AFE-08F7753E2431} = {49D9F98D-2E51-4A92-896E-E24CFD25BF1E}
		{95F7A706-FE80-4B6C-A5C5-FD80C1FD0337} = {49D9F98D-2E51-4A92-896E-E24CFD25BF1E}
		{D8405053-BBAE-47FF-A158-07A62F50D40D} = {49D9F98D-2E51-4A92-896E-E24CFD25BF1E}
		{CE9B6FCE-B2A2-481F-B9D3-02A94421646D} = {49D9F98D-2E51-4A92-896E-E24CFD25BF1E}
		{523D0FA7-20DA-4C04-8AD6-C3714CD24F0B} = {49D9F98D-2E51-4A92-896E-E24CFD25BF1E}
		{F03BFF63-53E0-45B1-B8FE-D18548FC6DB0} = {49D9F98D-2E51-4A92-896E-E24CFD25BF1E}
		{2DB74DD8-C245-43A5-9076-75665E690235} = {49D9F98D-2E51-4A92-896E-E24CFD25BF1E}
		{BC3F3E32-803C-4E6A-A8C5-A414456EAFA1} = {49D9F98D-2E51-4A92-896E-E24CFD25BF1E}
		{19DCE8C8-68E3-4DCA-9087-33BCDECDA35B} = {49D9F98D-2E51-4A92-896E-E24CFD25BF1E}
		{6019B8C1-81F8-4E54-8944-E5C76996DBF6} = {49D9F98D-2E51-4A92-896E-E24CFD25BF1E}
		{C498BDF6-5864-4293-8C4B-09CB50BE9DD2} = {CA23DBAE-4E2A-47C4-9E3B-F76308F8F054}
		{45CAD864-3F36-485B-8A54-DEBB8722AE3D} = {CA23DBAE-4E2A-47C4-9E3B-F76308F8F054}
		{28E739EB-04D4-41A6-9700-91DA7833F168} = {CA23DBAE-4E2A-47C4-9E3B-F76308F8F054}
		{79E50E95-4E0E-4C85-B9AE-E42CC380E2D3} = {CA23DBAE-4E2A-47C4-9E3B-F76308F8F054}
		{CC737D36-0357-417D-81A1-14077F4B5F1C} = {835DEA1A-DBA8-45FD-98E9-C018EECF5E65}
		{6E63BEEA-4535-4428-AC54-01885F74C77E} = {835DEA1A-DBA8-45FD-98E9-C018EECF5E65}
		{40B03952-476B-4A9A-B090-D30D6DEE3740} = {835DEA1A-DBA8-45FD-98E9-C018EECF5E65}
		{7467C9F3-0615-41AF-B51E-D5A617CDADB2} = {835DEA1A-DBA8-45FD-98E9-C018EECF5E65}
		{65D437E8-D7B7-42FA-86D8-D907DC4C8DCB} = {835DEA1A-DBA8-45FD-98E9-C018EECF5E65}
		{EC8C0723-F8CF-4650-8F6C-FD67667987A0} = {835DEA1A-DBA8-45FD-98E9-C018EECF5E65}
		{1A98F3E7-2163-46CE-9B6A-E204FFF4F3B8} = {45B60FB3-47E4-49A2-B208-E7DDAEEE1514}
		{1B2B220D-D3E3-4E01-AABB-E47C01664211} = {2C62A79B-B3E5-4AA8-8C26-86021CCAE2B7}
		{D6B9C99C-6F41-49F4-8D1F-E57EC388F337} = {49D9F98D-2E51-4A92-896E-E24CFD25BF1E}
		{98DFD487-37C4-4C22-8BE0-DD3F3ADB84AE} = {49D9F98D-2E51-4A92-896E-E24CFD25BF1E}
		{F773AB39-41B3-4D92-B452-679722FB9AD2} = {49D9F98D-2E51-4A92-896E-E24CFD25BF1E}
		{C6AAA9B9-239E-4369-9940-143F6CFB7617} = {49D9F98D-2E51-4A92-896E-E24CFD25BF1E}
		{2A596B67-5EE2-461E-8CED-C82D2684E273} = {49D9F98D-2E51-4A92-896E-E24CFD25BF1E}
	EndGlobalSection
	GlobalSection(ExtensibilityGlobals) = postSolution
		EnterpriseLibraryConfigurationToolBinariesPath = packages\Unity.2.1.505.0\lib\NET35;..\lib\Unity.2.1.505.0\lib\NET35;..\lib\Unity.2.1.505.2\lib\NET35
	EndGlobalSection
EndGlobal
