
Microsoft Visual Studio Solution File, Format Version 12.00
# Visual Studio 15
VisualStudioVersion = 15.0.27004.2005
MinimumVisualStudioVersion = 10.0.40219.1
Project("{2150E333-8FDC-42A3-9474-1A3956D46DE8}") = "src", "src", "{49D9F98D-2E51-4A92-896E-E24CFD25BF1E}"
EndProject
Project("{2150E333-8FDC-42A3-9474-1A3956D46DE8}") = "WPF", "WPF", "{0C9CBDD8-8ED0-4B16-8C1E-34C86FBECB9C}"
EndProject
Project("{2150E333-8FDC-42A3-9474-1A3956D46DE8}") = "misc", "misc", "{725160C0-B460-4AB1-BD9D-A5FE6A5BD175}"
	ProjectSection(SolutionItems) = preProject
		Catel.Examples.sln.DotSettings = Catel.Examples.sln.DotSettings
		Directory.build.project.props = Directory.build.project.props
		Directory.build.props = Directory.build.props
		Directory.build.shared.explicit.props = Directory.build.shared.explicit.props
		Directory.build.shared.implicit.props = Directory.build.shared.implicit.props
		Directory.build.targets = Directory.build.targets
		GlobalSuppressions.cs = GlobalSuppressions.cs
		MethodTimeLogger.cs = MethodTimeLogger.cs
		nuget.config = nuget.config
		SolutionAssemblyInfo.cs = SolutionAssemblyInfo.cs
	EndProjectSection
EndProject
Project("{2150E333-8FDC-42A3-9474-1A3956D46DE8}") = "Xamarin.Forms", "Xamarin.Forms", "{92D3DB7B-8108-4715-A1C0-48E43046CD7A}"
EndProject
Project("{2150E333-8FDC-42A3-9474-1A3956D46DE8}") = "UWP", "UWP", "{C449C35E-1F93-4146-A64C-56B477341FE8}"
EndProject
Project("{2150E333-8FDC-42A3-9474-1A3956D46DE8}") = "Shared", "Shared", "{E78BD5DD-CFB2-4BD5-8AAA-D41921D6D3BF}"
EndProject
Project("{D954291E-2A0B-460D-934E-DC6B0785DB48}") = "Catel.Examples.Models.Shared", "Catel.Examples.Models.Shared\Catel.Examples.Models.Shared.shproj", "{F696BE83-7638-4775-99AA-C6AB488B692C}"
EndProject
Project("{9A19103F-16F7-4668-BE54-9A1E7A4F7556}") = "Catel.Examples.WPF.Analytics", "Catel.Examples.WPF.Analytics\Catel.Examples.WPF.Analytics.csproj", "{50B0924C-C5F1-477C-80D2-8DBBF6379E03}"
EndProject
Project("{9A19103F-16F7-4668-BE54-9A1E7A4F7556}") = "Catel.Examples.WPF.Authentication", "Catel.Examples.WPF.Authentication\Catel.Examples.WPF.Authentication.csproj", "{B283F898-7FEB-4EB9-A1D2-E84FA0230262}"
EndProject
Project("{9A19103F-16F7-4668-BE54-9A1E7A4F7556}") = "Catel.Examples.WPF.Behaviors", "Catel.Examples.WPF.Behaviors\Catel.Examples.WPF.Behaviors.csproj", "{5C22A0B0-BDB2-40D9-AC08-48DCE04353CC}"
EndProject
Project("{9A19103F-16F7-4668-BE54-9A1E7A4F7556}") = "Catel.Examples.WPF.Commanding", "Catel.Examples.WPF.Commanding\Catel.Examples.WPF.Commanding.csproj", "{63CA694E-2CD1-45C9-861A-4EACC4ED89B2}"
EndProject
Project("{9A19103F-16F7-4668-BE54-9A1E7A4F7556}") = "Catel.Examples.WPF.MasterDetail", "Catel.Examples.WPF.MasterDetail\Catel.Examples.WPF.MasterDetail.csproj", "{82A6C61F-AF6A-4E70-BBF2-A62F17E1BE30}"
EndProject
Project("{9A19103F-16F7-4668-BE54-9A1E7A4F7556}") = "Catel.Examples.WPF.MultiLingual", "Catel.Examples.WPF.MultiLingual\Catel.Examples.WPF.MultiLingual.csproj", "{9225ABC2-4342-4A69-BB53-38EC7F161184}"
EndProject
Project("{9A19103F-16F7-4668-BE54-9A1E7A4F7556}") = "Catel.Examples.WPF.NestedUserControls", "Catel.Examples.WPF.NestedUserControls\Catel.Examples.WPF.NestedUserControls.csproj", "{F8C72A2E-3502-46D4-9E1D-62BDEC4D2ACF}"
EndProject
Project("{9A19103F-16F7-4668-BE54-9A1E7A4F7556}") = "Catel.Examples.WPF.PersonApplication", "Catel.Examples.WPF.PersonApplication\Catel.Examples.WPF.PersonApplication.csproj", "{B85ACE8C-3AB9-45C2-A613-EF1E4616C05F}"
EndProject
Project("{9A19103F-16F7-4668-BE54-9A1E7A4F7556}") = "Catel.Examples.WPF.TaskCommand", "Catel.Examples.WPF.TaskCommand\Catel.Examples.WPF.TaskCommand.csproj", "{55AEFD24-323F-4068-A139-BB9A41EF5C4C}"
EndProject
Project("{9A19103F-16F7-4668-BE54-9A1E7A4F7556}") = "Catel.Examples.WPF.Validation", "Catel.Examples.WPF.Validation\Catel.Examples.WPF.Validation.csproj", "{213E5782-0652-4513-96A3-FED24E2350E2}"
EndProject
Project("{9A19103F-16F7-4668-BE54-9A1E7A4F7556}") = "Catel.Examples.WPF.ViewModelLifetime", "Catel.Examples.WPF.ViewModelLifetime\Catel.Examples.WPF.ViewModelLifetime.csproj", "{5C836BE8-FD5A-4395-89C7-56AEC4B42672}"
EndProject
Project("{9A19103F-16F7-4668-BE54-9A1E7A4F7556}") = "Catel.Examples.WPF.ViewModelThrottling", "Catel.Examples.WPF.ViewModelThrottling\Catel.Examples.WPF.ViewModelThrottling.csproj", "{04B03B0B-085A-4E67-9650-390C01BB7BD9}"
EndProject
Project("{D954291E-2A0B-460D-934E-DC6B0785DB48}") = "Catel.Examples.XF.MasterDetail", "Catel.Examples.XF.MasterDetail\Catel.Examples.XF.MasterDetail.shproj", "{E5332DB2-3522-4EE0-BE1C-9F94E396DC75}"
EndProject
Project("{FAE04EC0-301F-11D3-BF4B-00C04F79EFBC}") = "Catel.Examples.XF.MasterDetail.Android", "Catel.Examples.XF.MasterDetail.Android\Catel.Examples.XF.MasterDetail.Android.csproj", "{CD31A0A3-2DCC-46AD-AC75-F6F8773D85FC}"
EndProject
Project("{9A19103F-16F7-4668-BE54-9A1E7A4F7556}") = "Catel.Examples.UWP.Behaviors", "Catel.Examples.UWP.Behaviors\Catel.Examples.UWP.Behaviors.csproj", "{9C2D1166-BF34-40E7-8F71-064DB7882D8B}"
EndProject
Project("{FAE04EC0-301F-11D3-BF4B-00C04F79EFBC}") = "Catel.Examples.XF.MasterDetail.UWP", "Catel.Examples.XF.MasterDetail.UWP\Catel.Examples.XF.MasterDetail.UWP.csproj", "{829FD97E-89B8-4076-8122-05C963DE1A5F}"
EndProject
Project("{FAE04EC0-301F-11D3-BF4B-00C04F79EFBC}") = "Catel.Examples.XF.MasterDetail.iOS", "Catel.Examples.XF.MasterDetail.iOS\Catel.Examples.XF.MasterDetail.iOS.csproj", "{DF979DCD-FC21-4CE1-8621-49F15C107DDC}"
EndProject
Global
	GlobalSection(SharedMSBuildProjectFiles) = preSolution
		Catel.Examples.XF.MasterDetail\Catel.Examples.XF.MasterDetail.projitems*{829fd97e-89b8-4076-8122-05c963de1a5f}*SharedItemsImports = 4
		Catel.Examples.XF.MasterDetail\Catel.Examples.XF.MasterDetail.projitems*{cd31a0a3-2dcc-46ad-ac75-f6f8773d85fc}*SharedItemsImports = 4
		Catel.Examples.XF.MasterDetail\Catel.Examples.XF.MasterDetail.projitems*{df979dcd-fc21-4ce1-8621-49f15c107ddc}*SharedItemsImports = 4
		Catel.Examples.XF.MasterDetail\Catel.Examples.XF.MasterDetail.projitems*{e5332db2-3522-4ee0-be1c-9f94e396dc75}*SharedItemsImports = 13
		Catel.Examples.Models.Shared\Catel.Examples.Models.Shared.projitems*{f696be83-7638-4775-99aa-c6ab488b692c}*SharedItemsImports = 13
	EndGlobalSection
	GlobalSection(SolutionConfigurationPlatforms) = preSolution
		Debug|Any CPU = Debug|Any CPU
		Debug|ARM = Debug|ARM
		Debug|iPhone = Debug|iPhone
		Debug|iPhoneSimulator = Debug|iPhoneSimulator
		Debug|x64 = Debug|x64
		Debug|x86 = Debug|x86
		Release|Any CPU = Release|Any CPU
		Release|ARM = Release|ARM
		Release|iPhone = Release|iPhone
		Release|iPhoneSimulator = Release|iPhoneSimulator
		Release|x64 = Release|x64
		Release|x86 = Release|x86
	EndGlobalSection
	GlobalSection(ProjectConfigurationPlatforms) = postSolution
		{50B0924C-C5F1-477C-80D2-8DBBF6379E03}.Debug|Any CPU.ActiveCfg = Debug|Any CPU
		{50B0924C-C5F1-477C-80D2-8DBBF6379E03}.Debug|Any CPU.Build.0 = Debug|Any CPU
		{50B0924C-C5F1-477C-80D2-8DBBF6379E03}.Debug|ARM.ActiveCfg = Debug|Any CPU
		{50B0924C-C5F1-477C-80D2-8DBBF6379E03}.Debug|ARM.Build.0 = Debug|Any CPU
		{50B0924C-C5F1-477C-80D2-8DBBF6379E03}.Debug|iPhone.ActiveCfg = Debug|Any CPU
		{50B0924C-C5F1-477C-80D2-8DBBF6379E03}.Debug|iPhone.Build.0 = Debug|Any CPU
		{50B0924C-C5F1-477C-80D2-8DBBF6379E03}.Debug|iPhoneSimulator.ActiveCfg = Debug|Any CPU
		{50B0924C-C5F1-477C-80D2-8DBBF6379E03}.Debug|iPhoneSimulator.Build.0 = Debug|Any CPU
		{50B0924C-C5F1-477C-80D2-8DBBF6379E03}.Debug|x64.ActiveCfg = Debug|Any CPU
		{50B0924C-C5F1-477C-80D2-8DBBF6379E03}.Debug|x64.Build.0 = Debug|Any CPU
		{50B0924C-C5F1-477C-80D2-8DBBF6379E03}.Debug|x86.ActiveCfg = Debug|Any CPU
		{50B0924C-C5F1-477C-80D2-8DBBF6379E03}.Debug|x86.Build.0 = Debug|Any CPU
		{50B0924C-C5F1-477C-80D2-8DBBF6379E03}.Release|Any CPU.ActiveCfg = Release|Any CPU
		{50B0924C-C5F1-477C-80D2-8DBBF6379E03}.Release|Any CPU.Build.0 = Release|Any CPU
		{50B0924C-C5F1-477C-80D2-8DBBF6379E03}.Release|ARM.ActiveCfg = Release|Any CPU
		{50B0924C-C5F1-477C-80D2-8DBBF6379E03}.Release|ARM.Build.0 = Release|Any CPU
		{50B0924C-C5F1-477C-80D2-8DBBF6379E03}.Release|iPhone.ActiveCfg = Release|Any CPU
		{50B0924C-C5F1-477C-80D2-8DBBF6379E03}.Release|iPhone.Build.0 = Release|Any CPU
		{50B0924C-C5F1-477C-80D2-8DBBF6379E03}.Release|iPhoneSimulator.ActiveCfg = Release|Any CPU
		{50B0924C-C5F1-477C-80D2-8DBBF6379E03}.Release|iPhoneSimulator.Build.0 = Release|Any CPU
		{50B0924C-C5F1-477C-80D2-8DBBF6379E03}.Release|x64.ActiveCfg = Release|Any CPU
		{50B0924C-C5F1-477C-80D2-8DBBF6379E03}.Release|x64.Build.0 = Release|Any CPU
		{50B0924C-C5F1-477C-80D2-8DBBF6379E03}.Release|x86.ActiveCfg = Release|Any CPU
		{50B0924C-C5F1-477C-80D2-8DBBF6379E03}.Release|x86.Build.0 = Release|Any CPU
		{B283F898-7FEB-4EB9-A1D2-E84FA0230262}.Debug|Any CPU.ActiveCfg = Debug|Any CPU
		{B283F898-7FEB-4EB9-A1D2-E84FA0230262}.Debug|Any CPU.Build.0 = Debug|Any CPU
		{B283F898-7FEB-4EB9-A1D2-E84FA0230262}.Debug|ARM.ActiveCfg = Debug|Any CPU
		{B283F898-7FEB-4EB9-A1D2-E84FA0230262}.Debug|ARM.Build.0 = Debug|Any CPU
		{B283F898-7FEB-4EB9-A1D2-E84FA0230262}.Debug|iPhone.ActiveCfg = Debug|Any CPU
		{B283F898-7FEB-4EB9-A1D2-E84FA0230262}.Debug|iPhone.Build.0 = Debug|Any CPU
		{B283F898-7FEB-4EB9-A1D2-E84FA0230262}.Debug|iPhoneSimulator.ActiveCfg = Debug|Any CPU
		{B283F898-7FEB-4EB9-A1D2-E84FA0230262}.Debug|iPhoneSimulator.Build.0 = Debug|Any CPU
		{B283F898-7FEB-4EB9-A1D2-E84FA0230262}.Debug|x64.ActiveCfg = Debug|Any CPU
		{B283F898-7FEB-4EB9-A1D2-E84FA0230262}.Debug|x64.Build.0 = Debug|Any CPU
		{B283F898-7FEB-4EB9-A1D2-E84FA0230262}.Debug|x86.ActiveCfg = Debug|Any CPU
		{B283F898-7FEB-4EB9-A1D2-E84FA0230262}.Debug|x86.Build.0 = Debug|Any CPU
		{B283F898-7FEB-4EB9-A1D2-E84FA0230262}.Release|Any CPU.ActiveCfg = Release|Any CPU
		{B283F898-7FEB-4EB9-A1D2-E84FA0230262}.Release|Any CPU.Build.0 = Release|Any CPU
		{B283F898-7FEB-4EB9-A1D2-E84FA0230262}.Release|ARM.ActiveCfg = Release|Any CPU
		{B283F898-7FEB-4EB9-A1D2-E84FA0230262}.Release|ARM.Build.0 = Release|Any CPU
		{B283F898-7FEB-4EB9-A1D2-E84FA0230262}.Release|iPhone.ActiveCfg = Release|Any CPU
		{B283F898-7FEB-4EB9-A1D2-E84FA0230262}.Release|iPhone.Build.0 = Release|Any CPU
		{B283F898-7FEB-4EB9-A1D2-E84FA0230262}.Release|iPhoneSimulator.ActiveCfg = Release|Any CPU
		{B283F898-7FEB-4EB9-A1D2-E84FA0230262}.Release|iPhoneSimulator.Build.0 = Release|Any CPU
		{B283F898-7FEB-4EB9-A1D2-E84FA0230262}.Release|x64.ActiveCfg = Release|Any CPU
		{B283F898-7FEB-4EB9-A1D2-E84FA0230262}.Release|x64.Build.0 = Release|Any CPU
		{B283F898-7FEB-4EB9-A1D2-E84FA0230262}.Release|x86.ActiveCfg = Release|Any CPU
		{B283F898-7FEB-4EB9-A1D2-E84FA0230262}.Release|x86.Build.0 = Release|Any CPU
		{5C22A0B0-BDB2-40D9-AC08-48DCE04353CC}.Debug|Any CPU.ActiveCfg = Debug|Any CPU
		{5C22A0B0-BDB2-40D9-AC08-48DCE04353CC}.Debug|Any CPU.Build.0 = Debug|Any CPU
		{5C22A0B0-BDB2-40D9-AC08-48DCE04353CC}.Debug|ARM.ActiveCfg = Debug|Any CPU
		{5C22A0B0-BDB2-40D9-AC08-48DCE04353CC}.Debug|ARM.Build.0 = Debug|Any CPU
		{5C22A0B0-BDB2-40D9-AC08-48DCE04353CC}.Debug|iPhone.ActiveCfg = Debug|Any CPU
		{5C22A0B0-BDB2-40D9-AC08-48DCE04353CC}.Debug|iPhone.Build.0 = Debug|Any CPU
		{5C22A0B0-BDB2-40D9-AC08-48DCE04353CC}.Debug|iPhoneSimulator.ActiveCfg = Debug|Any CPU
		{5C22A0B0-BDB2-40D9-AC08-48DCE04353CC}.Debug|iPhoneSimulator.Build.0 = Debug|Any CPU
		{5C22A0B0-BDB2-40D9-AC08-48DCE04353CC}.Debug|x64.ActiveCfg = Debug|Any CPU
		{5C22A0B0-BDB2-40D9-AC08-48DCE04353CC}.Debug|x64.Build.0 = Debug|Any CPU
		{5C22A0B0-BDB2-40D9-AC08-48DCE04353CC}.Debug|x86.ActiveCfg = Debug|Any CPU
		{5C22A0B0-BDB2-40D9-AC08-48DCE04353CC}.Debug|x86.Build.0 = Debug|Any CPU
		{5C22A0B0-BDB2-40D9-AC08-48DCE04353CC}.Release|Any CPU.ActiveCfg = Release|Any CPU
		{5C22A0B0-BDB2-40D9-AC08-48DCE04353CC}.Release|Any CPU.Build.0 = Release|Any CPU
		{5C22A0B0-BDB2-40D9-AC08-48DCE04353CC}.Release|ARM.ActiveCfg = Release|Any CPU
		{5C22A0B0-BDB2-40D9-AC08-48DCE04353CC}.Release|ARM.Build.0 = Release|Any CPU
		{5C22A0B0-BDB2-40D9-AC08-48DCE04353CC}.Release|iPhone.ActiveCfg = Release|Any CPU
		{5C22A0B0-BDB2-40D9-AC08-48DCE04353CC}.Release|iPhone.Build.0 = Release|Any CPU
		{5C22A0B0-BDB2-40D9-AC08-48DCE04353CC}.Release|iPhoneSimulator.ActiveCfg = Release|Any CPU
		{5C22A0B0-BDB2-40D9-AC08-48DCE04353CC}.Release|iPhoneSimulator.Build.0 = Release|Any CPU
		{5C22A0B0-BDB2-40D9-AC08-48DCE04353CC}.Release|x64.ActiveCfg = Release|Any CPU
		{5C22A0B0-BDB2-40D9-AC08-48DCE04353CC}.Release|x64.Build.0 = Release|Any CPU
		{5C22A0B0-BDB2-40D9-AC08-48DCE04353CC}.Release|x86.ActiveCfg = Release|Any CPU
		{5C22A0B0-BDB2-40D9-AC08-48DCE04353CC}.Release|x86.Build.0 = Release|Any CPU
		{63CA694E-2CD1-45C9-861A-4EACC4ED89B2}.Debug|Any CPU.ActiveCfg = Debug|Any CPU
		{63CA694E-2CD1-45C9-861A-4EACC4ED89B2}.Debug|Any CPU.Build.0 = Debug|Any CPU
		{63CA694E-2CD1-45C9-861A-4EACC4ED89B2}.Debug|ARM.ActiveCfg = Debug|Any CPU
		{63CA694E-2CD1-45C9-861A-4EACC4ED89B2}.Debug|ARM.Build.0 = Debug|Any CPU
		{63CA694E-2CD1-45C9-861A-4EACC4ED89B2}.Debug|iPhone.ActiveCfg = Debug|Any CPU
		{63CA694E-2CD1-45C9-861A-4EACC4ED89B2}.Debug|iPhone.Build.0 = Debug|Any CPU
		{63CA694E-2CD1-45C9-861A-4EACC4ED89B2}.Debug|iPhoneSimulator.ActiveCfg = Debug|Any CPU
		{63CA694E-2CD1-45C9-861A-4EACC4ED89B2}.Debug|iPhoneSimulator.Build.0 = Debug|Any CPU
		{63CA694E-2CD1-45C9-861A-4EACC4ED89B2}.Debug|x64.ActiveCfg = Debug|Any CPU
		{63CA694E-2CD1-45C9-861A-4EACC4ED89B2}.Debug|x64.Build.0 = Debug|Any CPU
		{63CA694E-2CD1-45C9-861A-4EACC4ED89B2}.Debug|x86.ActiveCfg = Debug|Any CPU
		{63CA694E-2CD1-45C9-861A-4EACC4ED89B2}.Debug|x86.Build.0 = Debug|Any CPU
		{63CA694E-2CD1-45C9-861A-4EACC4ED89B2}.Release|Any CPU.ActiveCfg = Release|Any CPU
		{63CA694E-2CD1-45C9-861A-4EACC4ED89B2}.Release|Any CPU.Build.0 = Release|Any CPU
		{63CA694E-2CD1-45C9-861A-4EACC4ED89B2}.Release|ARM.ActiveCfg = Release|Any CPU
		{63CA694E-2CD1-45C9-861A-4EACC4ED89B2}.Release|ARM.Build.0 = Release|Any CPU
		{63CA694E-2CD1-45C9-861A-4EACC4ED89B2}.Release|iPhone.ActiveCfg = Release|Any CPU
		{63CA694E-2CD1-45C9-861A-4EACC4ED89B2}.Release|iPhone.Build.0 = Release|Any CPU
		{63CA694E-2CD1-45C9-861A-4EACC4ED89B2}.Release|iPhoneSimulator.ActiveCfg = Release|Any CPU
		{63CA694E-2CD1-45C9-861A-4EACC4ED89B2}.Release|iPhoneSimulator.Build.0 = Release|Any CPU
		{63CA694E-2CD1-45C9-861A-4EACC4ED89B2}.Release|x64.ActiveCfg = Release|Any CPU
		{63CA694E-2CD1-45C9-861A-4EACC4ED89B2}.Release|x64.Build.0 = Release|Any CPU
		{63CA694E-2CD1-45C9-861A-4EACC4ED89B2}.Release|x86.ActiveCfg = Release|Any CPU
		{63CA694E-2CD1-45C9-861A-4EACC4ED89B2}.Release|x86.Build.0 = Release|Any CPU
		{82A6C61F-AF6A-4E70-BBF2-A62F17E1BE30}.Debug|Any CPU.ActiveCfg = Debug|Any CPU
		{82A6C61F-AF6A-4E70-BBF2-A62F17E1BE30}.Debug|Any CPU.Build.0 = Debug|Any CPU
		{82A6C61F-AF6A-4E70-BBF2-A62F17E1BE30}.Debug|ARM.ActiveCfg = Debug|Any CPU
		{82A6C61F-AF6A-4E70-BBF2-A62F17E1BE30}.Debug|ARM.Build.0 = Debug|Any CPU
		{82A6C61F-AF6A-4E70-BBF2-A62F17E1BE30}.Debug|iPhone.ActiveCfg = Debug|Any CPU
		{82A6C61F-AF6A-4E70-BBF2-A62F17E1BE30}.Debug|iPhone.Build.0 = Debug|Any CPU
		{82A6C61F-AF6A-4E70-BBF2-A62F17E1BE30}.Debug|iPhoneSimulator.ActiveCfg = Debug|Any CPU
		{82A6C61F-AF6A-4E70-BBF2-A62F17E1BE30}.Debug|iPhoneSimulator.Build.0 = Debug|Any CPU
		{82A6C61F-AF6A-4E70-BBF2-A62F17E1BE30}.Debug|x64.ActiveCfg = Debug|Any CPU
		{82A6C61F-AF6A-4E70-BBF2-A62F17E1BE30}.Debug|x64.Build.0 = Debug|Any CPU
		{82A6C61F-AF6A-4E70-BBF2-A62F17E1BE30}.Debug|x86.ActiveCfg = Debug|Any CPU
		{82A6C61F-AF6A-4E70-BBF2-A62F17E1BE30}.Debug|x86.Build.0 = Debug|Any CPU
		{82A6C61F-AF6A-4E70-BBF2-A62F17E1BE30}.Release|Any CPU.ActiveCfg = Release|Any CPU
		{82A6C61F-AF6A-4E70-BBF2-A62F17E1BE30}.Release|Any CPU.Build.0 = Release|Any CPU
		{82A6C61F-AF6A-4E70-BBF2-A62F17E1BE30}.Release|ARM.ActiveCfg = Release|Any CPU
		{82A6C61F-AF6A-4E70-BBF2-A62F17E1BE30}.Release|ARM.Build.0 = Release|Any CPU
		{82A6C61F-AF6A-4E70-BBF2-A62F17E1BE30}.Release|iPhone.ActiveCfg = Release|Any CPU
		{82A6C61F-AF6A-4E70-BBF2-A62F17E1BE30}.Release|iPhone.Build.0 = Release|Any CPU
		{82A6C61F-AF6A-4E70-BBF2-A62F17E1BE30}.Release|iPhoneSimulator.ActiveCfg = Release|Any CPU
		{82A6C61F-AF6A-4E70-BBF2-A62F17E1BE30}.Release|iPhoneSimulator.Build.0 = Release|Any CPU
		{82A6C61F-AF6A-4E70-BBF2-A62F17E1BE30}.Release|x64.ActiveCfg = Release|Any CPU
		{82A6C61F-AF6A-4E70-BBF2-A62F17E1BE30}.Release|x64.Build.0 = Release|Any CPU
		{82A6C61F-AF6A-4E70-BBF2-A62F17E1BE30}.Release|x86.ActiveCfg = Release|Any CPU
		{82A6C61F-AF6A-4E70-BBF2-A62F17E1BE30}.Release|x86.Build.0 = Release|Any CPU
		{9225ABC2-4342-4A69-BB53-38EC7F161184}.Debug|Any CPU.ActiveCfg = Debug|Any CPU
		{9225ABC2-4342-4A69-BB53-38EC7F161184}.Debug|Any CPU.Build.0 = Debug|Any CPU
		{9225ABC2-4342-4A69-BB53-38EC7F161184}.Debug|ARM.ActiveCfg = Debug|Any CPU
		{9225ABC2-4342-4A69-BB53-38EC7F161184}.Debug|ARM.Build.0 = Debug|Any CPU
		{9225ABC2-4342-4A69-BB53-38EC7F161184}.Debug|iPhone.ActiveCfg = Debug|Any CPU
		{9225ABC2-4342-4A69-BB53-38EC7F161184}.Debug|iPhone.Build.0 = Debug|Any CPU
		{9225ABC2-4342-4A69-BB53-38EC7F161184}.Debug|iPhoneSimulator.ActiveCfg = Debug|Any CPU
		{9225ABC2-4342-4A69-BB53-38EC7F161184}.Debug|iPhoneSimulator.Build.0 = Debug|Any CPU
		{9225ABC2-4342-4A69-BB53-38EC7F161184}.Debug|x64.ActiveCfg = Debug|Any CPU
		{9225ABC2-4342-4A69-BB53-38EC7F161184}.Debug|x64.Build.0 = Debug|Any CPU
		{9225ABC2-4342-4A69-BB53-38EC7F161184}.Debug|x86.ActiveCfg = Debug|Any CPU
		{9225ABC2-4342-4A69-BB53-38EC7F161184}.Debug|x86.Build.0 = Debug|Any CPU
		{9225ABC2-4342-4A69-BB53-38EC7F161184}.Release|Any CPU.ActiveCfg = Release|Any CPU
		{9225ABC2-4342-4A69-BB53-38EC7F161184}.Release|Any CPU.Build.0 = Release|Any CPU
		{9225ABC2-4342-4A69-BB53-38EC7F161184}.Release|ARM.ActiveCfg = Release|Any CPU
		{9225ABC2-4342-4A69-BB53-38EC7F161184}.Release|ARM.Build.0 = Release|Any CPU
		{9225ABC2-4342-4A69-BB53-38EC7F161184}.Release|iPhone.ActiveCfg = Release|Any CPU
		{9225ABC2-4342-4A69-BB53-38EC7F161184}.Release|iPhone.Build.0 = Release|Any CPU
		{9225ABC2-4342-4A69-BB53-38EC7F161184}.Release|iPhoneSimulator.ActiveCfg = Release|Any CPU
		{9225ABC2-4342-4A69-BB53-38EC7F161184}.Release|iPhoneSimulator.Build.0 = Release|Any CPU
		{9225ABC2-4342-4A69-BB53-38EC7F161184}.Release|x64.ActiveCfg = Release|Any CPU
		{9225ABC2-4342-4A69-BB53-38EC7F161184}.Release|x64.Build.0 = Release|Any CPU
		{9225ABC2-4342-4A69-BB53-38EC7F161184}.Release|x86.ActiveCfg = Release|Any CPU
		{9225ABC2-4342-4A69-BB53-38EC7F161184}.Release|x86.Build.0 = Release|Any CPU
		{F8C72A2E-3502-46D4-9E1D-62BDEC4D2ACF}.Debug|Any CPU.ActiveCfg = Debug|Any CPU
		{F8C72A2E-3502-46D4-9E1D-62BDEC4D2ACF}.Debug|Any CPU.Build.0 = Debug|Any CPU
		{F8C72A2E-3502-46D4-9E1D-62BDEC4D2ACF}.Debug|ARM.ActiveCfg = Debug|Any CPU
		{F8C72A2E-3502-46D4-9E1D-62BDEC4D2ACF}.Debug|ARM.Build.0 = Debug|Any CPU
		{F8C72A2E-3502-46D4-9E1D-62BDEC4D2ACF}.Debug|iPhone.ActiveCfg = Debug|Any CPU
		{F8C72A2E-3502-46D4-9E1D-62BDEC4D2ACF}.Debug|iPhone.Build.0 = Debug|Any CPU
		{F8C72A2E-3502-46D4-9E1D-62BDEC4D2ACF}.Debug|iPhoneSimulator.ActiveCfg = Debug|Any CPU
		{F8C72A2E-3502-46D4-9E1D-62BDEC4D2ACF}.Debug|iPhoneSimulator.Build.0 = Debug|Any CPU
		{F8C72A2E-3502-46D4-9E1D-62BDEC4D2ACF}.Debug|x64.ActiveCfg = Debug|Any CPU
		{F8C72A2E-3502-46D4-9E1D-62BDEC4D2ACF}.Debug|x64.Build.0 = Debug|Any CPU
		{F8C72A2E-3502-46D4-9E1D-62BDEC4D2ACF}.Debug|x86.ActiveCfg = Debug|Any CPU
		{F8C72A2E-3502-46D4-9E1D-62BDEC4D2ACF}.Debug|x86.Build.0 = Debug|Any CPU
		{F8C72A2E-3502-46D4-9E1D-62BDEC4D2ACF}.Release|Any CPU.ActiveCfg = Release|Any CPU
		{F8C72A2E-3502-46D4-9E1D-62BDEC4D2ACF}.Release|Any CPU.Build.0 = Release|Any CPU
		{F8C72A2E-3502-46D4-9E1D-62BDEC4D2ACF}.Release|ARM.ActiveCfg = Release|Any CPU
		{F8C72A2E-3502-46D4-9E1D-62BDEC4D2ACF}.Release|ARM.Build.0 = Release|Any CPU
		{F8C72A2E-3502-46D4-9E1D-62BDEC4D2ACF}.Release|iPhone.ActiveCfg = Release|Any CPU
		{F8C72A2E-3502-46D4-9E1D-62BDEC4D2ACF}.Release|iPhone.Build.0 = Release|Any CPU
		{F8C72A2E-3502-46D4-9E1D-62BDEC4D2ACF}.Release|iPhoneSimulator.ActiveCfg = Release|Any CPU
		{F8C72A2E-3502-46D4-9E1D-62BDEC4D2ACF}.Release|iPhoneSimulator.Build.0 = Release|Any CPU
		{F8C72A2E-3502-46D4-9E1D-62BDEC4D2ACF}.Release|x64.ActiveCfg = Release|Any CPU
		{F8C72A2E-3502-46D4-9E1D-62BDEC4D2ACF}.Release|x64.Build.0 = Release|Any CPU
		{F8C72A2E-3502-46D4-9E1D-62BDEC4D2ACF}.Release|x86.ActiveCfg = Release|Any CPU
		{F8C72A2E-3502-46D4-9E1D-62BDEC4D2ACF}.Release|x86.Build.0 = Release|Any CPU
		{B85ACE8C-3AB9-45C2-A613-EF1E4616C05F}.Debug|Any CPU.ActiveCfg = Debug|Any CPU
		{B85ACE8C-3AB9-45C2-A613-EF1E4616C05F}.Debug|Any CPU.Build.0 = Debug|Any CPU
		{B85ACE8C-3AB9-45C2-A613-EF1E4616C05F}.Debug|ARM.ActiveCfg = Debug|Any CPU
		{B85ACE8C-3AB9-45C2-A613-EF1E4616C05F}.Debug|ARM.Build.0 = Debug|Any CPU
		{B85ACE8C-3AB9-45C2-A613-EF1E4616C05F}.Debug|iPhone.ActiveCfg = Debug|Any CPU
		{B85ACE8C-3AB9-45C2-A613-EF1E4616C05F}.Debug|iPhone.Build.0 = Debug|Any CPU
		{B85ACE8C-3AB9-45C2-A613-EF1E4616C05F}.Debug|iPhoneSimulator.ActiveCfg = Debug|Any CPU
		{B85ACE8C-3AB9-45C2-A613-EF1E4616C05F}.Debug|iPhoneSimulator.Build.0 = Debug|Any CPU
		{B85ACE8C-3AB9-45C2-A613-EF1E4616C05F}.Debug|x64.ActiveCfg = Debug|Any CPU
		{B85ACE8C-3AB9-45C2-A613-EF1E4616C05F}.Debug|x64.Build.0 = Debug|Any CPU
		{B85ACE8C-3AB9-45C2-A613-EF1E4616C05F}.Debug|x86.ActiveCfg = Debug|Any CPU
		{B85ACE8C-3AB9-45C2-A613-EF1E4616C05F}.Debug|x86.Build.0 = Debug|Any CPU
		{B85ACE8C-3AB9-45C2-A613-EF1E4616C05F}.Release|Any CPU.ActiveCfg = Release|Any CPU
		{B85ACE8C-3AB9-45C2-A613-EF1E4616C05F}.Release|Any CPU.Build.0 = Release|Any CPU
		{B85ACE8C-3AB9-45C2-A613-EF1E4616C05F}.Release|ARM.ActiveCfg = Release|Any CPU
		{B85ACE8C-3AB9-45C2-A613-EF1E4616C05F}.Release|ARM.Build.0 = Release|Any CPU
		{B85ACE8C-3AB9-45C2-A613-EF1E4616C05F}.Release|iPhone.ActiveCfg = Release|Any CPU
		{B85ACE8C-3AB9-45C2-A613-EF1E4616C05F}.Release|iPhone.Build.0 = Release|Any CPU
		{B85ACE8C-3AB9-45C2-A613-EF1E4616C05F}.Release|iPhoneSimulator.ActiveCfg = Release|Any CPU
		{B85ACE8C-3AB9-45C2-A613-EF1E4616C05F}.Release|iPhoneSimulator.Build.0 = Release|Any CPU
		{B85ACE8C-3AB9-45C2-A613-EF1E4616C05F}.Release|x64.ActiveCfg = Release|Any CPU
		{B85ACE8C-3AB9-45C2-A613-EF1E4616C05F}.Release|x64.Build.0 = Release|Any CPU
		{B85ACE8C-3AB9-45C2-A613-EF1E4616C05F}.Release|x86.ActiveCfg = Release|Any CPU
		{B85ACE8C-3AB9-45C2-A613-EF1E4616C05F}.Release|x86.Build.0 = Release|Any CPU
		{55AEFD24-323F-4068-A139-BB9A41EF5C4C}.Debug|Any CPU.ActiveCfg = Debug|Any CPU
		{55AEFD24-323F-4068-A139-BB9A41EF5C4C}.Debug|Any CPU.Build.0 = Debug|Any CPU
		{55AEFD24-323F-4068-A139-BB9A41EF5C4C}.Debug|ARM.ActiveCfg = Debug|Any CPU
		{55AEFD24-323F-4068-A139-BB9A41EF5C4C}.Debug|ARM.Build.0 = Debug|Any CPU
		{55AEFD24-323F-4068-A139-BB9A41EF5C4C}.Debug|iPhone.ActiveCfg = Debug|Any CPU
		{55AEFD24-323F-4068-A139-BB9A41EF5C4C}.Debug|iPhone.Build.0 = Debug|Any CPU
		{55AEFD24-323F-4068-A139-BB9A41EF5C4C}.Debug|iPhoneSimulator.ActiveCfg = Debug|Any CPU
		{55AEFD24-323F-4068-A139-BB9A41EF5C4C}.Debug|iPhoneSimulator.Build.0 = Debug|Any CPU
		{55AEFD24-323F-4068-A139-BB9A41EF5C4C}.Debug|x64.ActiveCfg = Debug|Any CPU
		{55AEFD24-323F-4068-A139-BB9A41EF5C4C}.Debug|x64.Build.0 = Debug|Any CPU
		{55AEFD24-323F-4068-A139-BB9A41EF5C4C}.Debug|x86.ActiveCfg = Debug|Any CPU
		{55AEFD24-323F-4068-A139-BB9A41EF5C4C}.Debug|x86.Build.0 = Debug|Any CPU
		{55AEFD24-323F-4068-A139-BB9A41EF5C4C}.Release|Any CPU.ActiveCfg = Release|Any CPU
		{55AEFD24-323F-4068-A139-BB9A41EF5C4C}.Release|Any CPU.Build.0 = Release|Any CPU
		{55AEFD24-323F-4068-A139-BB9A41EF5C4C}.Release|ARM.ActiveCfg = Release|Any CPU
		{55AEFD24-323F-4068-A139-BB9A41EF5C4C}.Release|ARM.Build.0 = Release|Any CPU
		{55AEFD24-323F-4068-A139-BB9A41EF5C4C}.Release|iPhone.ActiveCfg = Release|Any CPU
		{55AEFD24-323F-4068-A139-BB9A41EF5C4C}.Release|iPhone.Build.0 = Release|Any CPU
		{55AEFD24-323F-4068-A139-BB9A41EF5C4C}.Release|iPhoneSimulator.ActiveCfg = Release|Any CPU
		{55AEFD24-323F-4068-A139-BB9A41EF5C4C}.Release|iPhoneSimulator.Build.0 = Release|Any CPU
		{55AEFD24-323F-4068-A139-BB9A41EF5C4C}.Release|x64.ActiveCfg = Release|Any CPU
		{55AEFD24-323F-4068-A139-BB9A41EF5C4C}.Release|x64.Build.0 = Release|Any CPU
		{55AEFD24-323F-4068-A139-BB9A41EF5C4C}.Release|x86.ActiveCfg = Release|Any CPU
		{55AEFD24-323F-4068-A139-BB9A41EF5C4C}.Release|x86.Build.0 = Release|Any CPU
		{213E5782-0652-4513-96A3-FED24E2350E2}.Debug|Any CPU.ActiveCfg = Debug|Any CPU
		{213E5782-0652-4513-96A3-FED24E2350E2}.Debug|Any CPU.Build.0 = Debug|Any CPU
		{213E5782-0652-4513-96A3-FED24E2350E2}.Debug|ARM.ActiveCfg = Debug|Any CPU
		{213E5782-0652-4513-96A3-FED24E2350E2}.Debug|ARM.Build.0 = Debug|Any CPU
		{213E5782-0652-4513-96A3-FED24E2350E2}.Debug|iPhone.ActiveCfg = Debug|Any CPU
		{213E5782-0652-4513-96A3-FED24E2350E2}.Debug|iPhone.Build.0 = Debug|Any CPU
		{213E5782-0652-4513-96A3-FED24E2350E2}.Debug|iPhoneSimulator.ActiveCfg = Debug|Any CPU
		{213E5782-0652-4513-96A3-FED24E2350E2}.Debug|iPhoneSimulator.Build.0 = Debug|Any CPU
		{213E5782-0652-4513-96A3-FED24E2350E2}.Debug|x64.ActiveCfg = Debug|Any CPU
		{213E5782-0652-4513-96A3-FED24E2350E2}.Debug|x64.Build.0 = Debug|Any CPU
		{213E5782-0652-4513-96A3-FED24E2350E2}.Debug|x86.ActiveCfg = Debug|Any CPU
		{213E5782-0652-4513-96A3-FED24E2350E2}.Debug|x86.Build.0 = Debug|Any CPU
		{213E5782-0652-4513-96A3-FED24E2350E2}.Release|Any CPU.ActiveCfg = Release|Any CPU
		{213E5782-0652-4513-96A3-FED24E2350E2}.Release|Any CPU.Build.0 = Release|Any CPU
		{213E5782-0652-4513-96A3-FED24E2350E2}.Release|ARM.ActiveCfg = Release|Any CPU
		{213E5782-0652-4513-96A3-FED24E2350E2}.Release|ARM.Build.0 = Release|Any CPU
		{213E5782-0652-4513-96A3-FED24E2350E2}.Release|iPhone.ActiveCfg = Release|Any CPU
		{213E5782-0652-4513-96A3-FED24E2350E2}.Release|iPhone.Build.0 = Release|Any CPU
		{213E5782-0652-4513-96A3-FED24E2350E2}.Release|iPhoneSimulator.ActiveCfg = Release|Any CPU
		{213E5782-0652-4513-96A3-FED24E2350E2}.Release|iPhoneSimulator.Build.0 = Release|Any CPU
		{213E5782-0652-4513-96A3-FED24E2350E2}.Release|x64.ActiveCfg = Release|Any CPU
		{213E5782-0652-4513-96A3-FED24E2350E2}.Release|x64.Build.0 = Release|Any CPU
		{213E5782-0652-4513-96A3-FED24E2350E2}.Release|x86.ActiveCfg = Release|Any CPU
		{213E5782-0652-4513-96A3-FED24E2350E2}.Release|x86.Build.0 = Release|Any CPU
		{5C836BE8-FD5A-4395-89C7-56AEC4B42672}.Debug|Any CPU.ActiveCfg = Debug|Any CPU
		{5C836BE8-FD5A-4395-89C7-56AEC4B42672}.Debug|Any CPU.Build.0 = Debug|Any CPU
		{5C836BE8-FD5A-4395-89C7-56AEC4B42672}.Debug|ARM.ActiveCfg = Debug|Any CPU
		{5C836BE8-FD5A-4395-89C7-56AEC4B42672}.Debug|ARM.Build.0 = Debug|Any CPU
		{5C836BE8-FD5A-4395-89C7-56AEC4B42672}.Debug|iPhone.ActiveCfg = Debug|Any CPU
		{5C836BE8-FD5A-4395-89C7-56AEC4B42672}.Debug|iPhone.Build.0 = Debug|Any CPU
		{5C836BE8-FD5A-4395-89C7-56AEC4B42672}.Debug|iPhoneSimulator.ActiveCfg = Debug|Any CPU
		{5C836BE8-FD5A-4395-89C7-56AEC4B42672}.Debug|iPhoneSimulator.Build.0 = Debug|Any CPU
		{5C836BE8-FD5A-4395-89C7-56AEC4B42672}.Debug|x64.ActiveCfg = Debug|Any CPU
		{5C836BE8-FD5A-4395-89C7-56AEC4B42672}.Debug|x64.Build.0 = Debug|Any CPU
		{5C836BE8-FD5A-4395-89C7-56AEC4B42672}.Debug|x86.ActiveCfg = Debug|Any CPU
		{5C836BE8-FD5A-4395-89C7-56AEC4B42672}.Debug|x86.Build.0 = Debug|Any CPU
		{5C836BE8-FD5A-4395-89C7-56AEC4B42672}.Release|Any CPU.ActiveCfg = Release|Any CPU
		{5C836BE8-FD5A-4395-89C7-56AEC4B42672}.Release|Any CPU.Build.0 = Release|Any CPU
		{5C836BE8-FD5A-4395-89C7-56AEC4B42672}.Release|ARM.ActiveCfg = Release|Any CPU
		{5C836BE8-FD5A-4395-89C7-56AEC4B42672}.Release|ARM.Build.0 = Release|Any CPU
		{5C836BE8-FD5A-4395-89C7-56AEC4B42672}.Release|iPhone.ActiveCfg = Release|Any CPU
		{5C836BE8-FD5A-4395-89C7-56AEC4B42672}.Release|iPhone.Build.0 = Release|Any CPU
		{5C836BE8-FD5A-4395-89C7-56AEC4B42672}.Release|iPhoneSimulator.ActiveCfg = Release|Any CPU
		{5C836BE8-FD5A-4395-89C7-56AEC4B42672}.Release|iPhoneSimulator.Build.0 = Release|Any CPU
		{5C836BE8-FD5A-4395-89C7-56AEC4B42672}.Release|x64.ActiveCfg = Release|Any CPU
		{5C836BE8-FD5A-4395-89C7-56AEC4B42672}.Release|x64.Build.0 = Release|Any CPU
		{5C836BE8-FD5A-4395-89C7-56AEC4B42672}.Release|x86.ActiveCfg = Release|Any CPU
		{5C836BE8-FD5A-4395-89C7-56AEC4B42672}.Release|x86.Build.0 = Release|Any CPU
		{04B03B0B-085A-4E67-9650-390C01BB7BD9}.Debug|Any CPU.ActiveCfg = Debug|Any CPU
		{04B03B0B-085A-4E67-9650-390C01BB7BD9}.Debug|Any CPU.Build.0 = Debug|Any CPU
		{04B03B0B-085A-4E67-9650-390C01BB7BD9}.Debug|ARM.ActiveCfg = Debug|Any CPU
		{04B03B0B-085A-4E67-9650-390C01BB7BD9}.Debug|ARM.Build.0 = Debug|Any CPU
		{04B03B0B-085A-4E67-9650-390C01BB7BD9}.Debug|iPhone.ActiveCfg = Debug|Any CPU
		{04B03B0B-085A-4E67-9650-390C01BB7BD9}.Debug|iPhone.Build.0 = Debug|Any CPU
		{04B03B0B-085A-4E67-9650-390C01BB7BD9}.Debug|iPhoneSimulator.ActiveCfg = Debug|Any CPU
		{04B03B0B-085A-4E67-9650-390C01BB7BD9}.Debug|iPhoneSimulator.Build.0 = Debug|Any CPU
		{04B03B0B-085A-4E67-9650-390C01BB7BD9}.Debug|x64.ActiveCfg = Debug|Any CPU
		{04B03B0B-085A-4E67-9650-390C01BB7BD9}.Debug|x64.Build.0 = Debug|Any CPU
		{04B03B0B-085A-4E67-9650-390C01BB7BD9}.Debug|x86.ActiveCfg = Debug|Any CPU
		{04B03B0B-085A-4E67-9650-390C01BB7BD9}.Debug|x86.Build.0 = Debug|Any CPU
		{04B03B0B-085A-4E67-9650-390C01BB7BD9}.Release|Any CPU.ActiveCfg = Release|Any CPU
		{04B03B0B-085A-4E67-9650-390C01BB7BD9}.Release|Any CPU.Build.0 = Release|Any CPU
		{04B03B0B-085A-4E67-9650-390C01BB7BD9}.Release|ARM.ActiveCfg = Release|Any CPU
		{04B03B0B-085A-4E67-9650-390C01BB7BD9}.Release|ARM.Build.0 = Release|Any CPU
		{04B03B0B-085A-4E67-9650-390C01BB7BD9}.Release|iPhone.ActiveCfg = Release|Any CPU
		{04B03B0B-085A-4E67-9650-390C01BB7BD9}.Release|iPhone.Build.0 = Release|Any CPU
		{04B03B0B-085A-4E67-9650-390C01BB7BD9}.Release|iPhoneSimulator.ActiveCfg = Release|Any CPU
		{04B03B0B-085A-4E67-9650-390C01BB7BD9}.Release|iPhoneSimulator.Build.0 = Release|Any CPU
		{04B03B0B-085A-4E67-9650-390C01BB7BD9}.Release|x64.ActiveCfg = Release|Any CPU
		{04B03B0B-085A-4E67-9650-390C01BB7BD9}.Release|x64.Build.0 = Release|Any CPU
		{04B03B0B-085A-4E67-9650-390C01BB7BD9}.Release|x86.ActiveCfg = Release|Any CPU
		{04B03B0B-085A-4E67-9650-390C01BB7BD9}.Release|x86.Build.0 = Release|Any CPU
		{CD31A0A3-2DCC-46AD-AC75-F6F8773D85FC}.Debug|Any CPU.ActiveCfg = Debug|Any CPU
		{CD31A0A3-2DCC-46AD-AC75-F6F8773D85FC}.Debug|Any CPU.Build.0 = Debug|Any CPU
		{CD31A0A3-2DCC-46AD-AC75-F6F8773D85FC}.Debug|Any CPU.Deploy.0 = Debug|Any CPU
		{CD31A0A3-2DCC-46AD-AC75-F6F8773D85FC}.Debug|ARM.ActiveCfg = Debug|Any CPU
		{CD31A0A3-2DCC-46AD-AC75-F6F8773D85FC}.Debug|ARM.Build.0 = Debug|Any CPU
		{CD31A0A3-2DCC-46AD-AC75-F6F8773D85FC}.Debug|ARM.Deploy.0 = Debug|Any CPU
		{CD31A0A3-2DCC-46AD-AC75-F6F8773D85FC}.Debug|iPhone.ActiveCfg = Debug|Any CPU
		{CD31A0A3-2DCC-46AD-AC75-F6F8773D85FC}.Debug|iPhone.Build.0 = Debug|Any CPU
		{CD31A0A3-2DCC-46AD-AC75-F6F8773D85FC}.Debug|iPhone.Deploy.0 = Debug|Any CPU
		{CD31A0A3-2DCC-46AD-AC75-F6F8773D85FC}.Debug|iPhoneSimulator.ActiveCfg = Debug|Any CPU
		{CD31A0A3-2DCC-46AD-AC75-F6F8773D85FC}.Debug|iPhoneSimulator.Build.0 = Debug|Any CPU
		{CD31A0A3-2DCC-46AD-AC75-F6F8773D85FC}.Debug|iPhoneSimulator.Deploy.0 = Debug|Any CPU
		{CD31A0A3-2DCC-46AD-AC75-F6F8773D85FC}.Debug|x64.ActiveCfg = Debug|Any CPU
		{CD31A0A3-2DCC-46AD-AC75-F6F8773D85FC}.Debug|x64.Build.0 = Debug|Any CPU
		{CD31A0A3-2DCC-46AD-AC75-F6F8773D85FC}.Debug|x64.Deploy.0 = Debug|Any CPU
		{CD31A0A3-2DCC-46AD-AC75-F6F8773D85FC}.Debug|x86.ActiveCfg = Debug|Any CPU
		{CD31A0A3-2DCC-46AD-AC75-F6F8773D85FC}.Debug|x86.Build.0 = Debug|Any CPU
		{CD31A0A3-2DCC-46AD-AC75-F6F8773D85FC}.Debug|x86.Deploy.0 = Debug|Any CPU
		{CD31A0A3-2DCC-46AD-AC75-F6F8773D85FC}.Release|Any CPU.ActiveCfg = Release|Any CPU
		{CD31A0A3-2DCC-46AD-AC75-F6F8773D85FC}.Release|Any CPU.Build.0 = Release|Any CPU
		{CD31A0A3-2DCC-46AD-AC75-F6F8773D85FC}.Release|Any CPU.Deploy.0 = Release|Any CPU
		{CD31A0A3-2DCC-46AD-AC75-F6F8773D85FC}.Release|ARM.ActiveCfg = Release|Any CPU
		{CD31A0A3-2DCC-46AD-AC75-F6F8773D85FC}.Release|ARM.Build.0 = Release|Any CPU
		{CD31A0A3-2DCC-46AD-AC75-F6F8773D85FC}.Release|ARM.Deploy.0 = Release|Any CPU
		{CD31A0A3-2DCC-46AD-AC75-F6F8773D85FC}.Release|iPhone.ActiveCfg = Release|Any CPU
		{CD31A0A3-2DCC-46AD-AC75-F6F8773D85FC}.Release|iPhone.Build.0 = Release|Any CPU
		{CD31A0A3-2DCC-46AD-AC75-F6F8773D85FC}.Release|iPhone.Deploy.0 = Release|Any CPU
		{CD31A0A3-2DCC-46AD-AC75-F6F8773D85FC}.Release|iPhoneSimulator.ActiveCfg = Release|Any CPU
		{CD31A0A3-2DCC-46AD-AC75-F6F8773D85FC}.Release|iPhoneSimulator.Build.0 = Release|Any CPU
		{CD31A0A3-2DCC-46AD-AC75-F6F8773D85FC}.Release|iPhoneSimulator.Deploy.0 = Release|Any CPU
		{CD31A0A3-2DCC-46AD-AC75-F6F8773D85FC}.Release|x64.ActiveCfg = Release|Any CPU
		{CD31A0A3-2DCC-46AD-AC75-F6F8773D85FC}.Release|x64.Build.0 = Release|Any CPU
		{CD31A0A3-2DCC-46AD-AC75-F6F8773D85FC}.Release|x64.Deploy.0 = Release|Any CPU
		{CD31A0A3-2DCC-46AD-AC75-F6F8773D85FC}.Release|x86.ActiveCfg = Release|Any CPU
		{CD31A0A3-2DCC-46AD-AC75-F6F8773D85FC}.Release|x86.Build.0 = Release|Any CPU
		{CD31A0A3-2DCC-46AD-AC75-F6F8773D85FC}.Release|x86.Deploy.0 = Release|Any CPU
		{9C2D1166-BF34-40E7-8F71-064DB7882D8B}.Debug|Any CPU.ActiveCfg = Debug|Any CPU
		{9C2D1166-BF34-40E7-8F71-064DB7882D8B}.Debug|Any CPU.Build.0 = Debug|Any CPU
		{9C2D1166-BF34-40E7-8F71-064DB7882D8B}.Debug|ARM.ActiveCfg = Debug|Any CPU
		{9C2D1166-BF34-40E7-8F71-064DB7882D8B}.Debug|ARM.Build.0 = Debug|Any CPU
		{9C2D1166-BF34-40E7-8F71-064DB7882D8B}.Debug|iPhone.ActiveCfg = Debug|Any CPU
		{9C2D1166-BF34-40E7-8F71-064DB7882D8B}.Debug|iPhone.Build.0 = Debug|Any CPU
		{9C2D1166-BF34-40E7-8F71-064DB7882D8B}.Debug|iPhoneSimulator.ActiveCfg = Debug|Any CPU
		{9C2D1166-BF34-40E7-8F71-064DB7882D8B}.Debug|iPhoneSimulator.Build.0 = Debug|Any CPU
		{9C2D1166-BF34-40E7-8F71-064DB7882D8B}.Debug|x64.ActiveCfg = Debug|Any CPU
		{9C2D1166-BF34-40E7-8F71-064DB7882D8B}.Debug|x64.Build.0 = Debug|Any CPU
		{9C2D1166-BF34-40E7-8F71-064DB7882D8B}.Debug|x86.ActiveCfg = Debug|Any CPU
		{9C2D1166-BF34-40E7-8F71-064DB7882D8B}.Debug|x86.Build.0 = Debug|Any CPU
		{9C2D1166-BF34-40E7-8F71-064DB7882D8B}.Release|Any CPU.ActiveCfg = Release|Any CPU
		{9C2D1166-BF34-40E7-8F71-064DB7882D8B}.Release|Any CPU.Build.0 = Release|Any CPU
		{9C2D1166-BF34-40E7-8F71-064DB7882D8B}.Release|ARM.ActiveCfg = Release|Any CPU
		{9C2D1166-BF34-40E7-8F71-064DB7882D8B}.Release|ARM.Build.0 = Release|Any CPU
		{9C2D1166-BF34-40E7-8F71-064DB7882D8B}.Release|iPhone.ActiveCfg = Release|Any CPU
		{9C2D1166-BF34-40E7-8F71-064DB7882D8B}.Release|iPhone.Build.0 = Release|Any CPU
		{9C2D1166-BF34-40E7-8F71-064DB7882D8B}.Release|iPhoneSimulator.ActiveCfg = Release|Any CPU
		{9C2D1166-BF34-40E7-8F71-064DB7882D8B}.Release|iPhoneSimulator.Build.0 = Release|Any CPU
		{9C2D1166-BF34-40E7-8F71-064DB7882D8B}.Release|x64.ActiveCfg = Release|Any CPU
		{9C2D1166-BF34-40E7-8F71-064DB7882D8B}.Release|x64.Build.0 = Release|Any CPU
		{9C2D1166-BF34-40E7-8F71-064DB7882D8B}.Release|x86.ActiveCfg = Release|Any CPU
		{9C2D1166-BF34-40E7-8F71-064DB7882D8B}.Release|x86.Build.0 = Release|Any CPU
		{829FD97E-89B8-4076-8122-05C963DE1A5F}.Debug|Any CPU.ActiveCfg = Debug|x86
		{829FD97E-89B8-4076-8122-05C963DE1A5F}.Debug|ARM.ActiveCfg = Debug|ARM
		{829FD97E-89B8-4076-8122-05C963DE1A5F}.Debug|ARM.Build.0 = Debug|ARM
		{829FD97E-89B8-4076-8122-05C963DE1A5F}.Debug|ARM.Deploy.0 = Debug|ARM
		{829FD97E-89B8-4076-8122-05C963DE1A5F}.Debug|iPhone.ActiveCfg = Debug|x86
		{829FD97E-89B8-4076-8122-05C963DE1A5F}.Debug|iPhoneSimulator.ActiveCfg = Debug|x86
		{829FD97E-89B8-4076-8122-05C963DE1A5F}.Debug|x64.ActiveCfg = Debug|x64
		{829FD97E-89B8-4076-8122-05C963DE1A5F}.Debug|x64.Build.0 = Debug|x64
		{829FD97E-89B8-4076-8122-05C963DE1A5F}.Debug|x64.Deploy.0 = Debug|x64
		{829FD97E-89B8-4076-8122-05C963DE1A5F}.Debug|x86.ActiveCfg = Debug|x86
		{829FD97E-89B8-4076-8122-05C963DE1A5F}.Debug|x86.Build.0 = Debug|x86
		{829FD97E-89B8-4076-8122-05C963DE1A5F}.Debug|x86.Deploy.0 = Debug|x86
		{829FD97E-89B8-4076-8122-05C963DE1A5F}.Release|Any CPU.ActiveCfg = Release|x86
		{829FD97E-89B8-4076-8122-05C963DE1A5F}.Release|ARM.ActiveCfg = Release|ARM
		{829FD97E-89B8-4076-8122-05C963DE1A5F}.Release|ARM.Build.0 = Release|ARM
		{829FD97E-89B8-4076-8122-05C963DE1A5F}.Release|ARM.Deploy.0 = Release|ARM
		{829FD97E-89B8-4076-8122-05C963DE1A5F}.Release|iPhone.ActiveCfg = Release|x86
		{829FD97E-89B8-4076-8122-05C963DE1A5F}.Release|iPhoneSimulator.ActiveCfg = Release|x86
		{829FD97E-89B8-4076-8122-05C963DE1A5F}.Release|x64.ActiveCfg = Release|x64
		{829FD97E-89B8-4076-8122-05C963DE1A5F}.Release|x64.Build.0 = Release|x64
		{829FD97E-89B8-4076-8122-05C963DE1A5F}.Release|x64.Deploy.0 = Release|x64
		{829FD97E-89B8-4076-8122-05C963DE1A5F}.Release|x86.ActiveCfg = Release|x86
		{829FD97E-89B8-4076-8122-05C963DE1A5F}.Release|x86.Build.0 = Release|x86
		{829FD97E-89B8-4076-8122-05C963DE1A5F}.Release|x86.Deploy.0 = Release|x86
		{DF979DCD-FC21-4CE1-8621-49F15C107DDC}.Debug|Any CPU.ActiveCfg = Debug|iPhone
		{DF979DCD-FC21-4CE1-8621-49F15C107DDC}.Debug|ARM.ActiveCfg = Debug|iPhone
		{DF979DCD-FC21-4CE1-8621-49F15C107DDC}.Debug|iPhone.ActiveCfg = Debug|iPhone
		{DF979DCD-FC21-4CE1-8621-49F15C107DDC}.Debug|iPhone.Build.0 = Debug|iPhone
		{DF979DCD-FC21-4CE1-8621-49F15C107DDC}.Debug|iPhoneSimulator.ActiveCfg = Debug|iPhoneSimulator
		{DF979DCD-FC21-4CE1-8621-49F15C107DDC}.Debug|iPhoneSimulator.Build.0 = Debug|iPhoneSimulator
		{DF979DCD-FC21-4CE1-8621-49F15C107DDC}.Debug|x64.ActiveCfg = Debug|iPhone
		{DF979DCD-FC21-4CE1-8621-49F15C107DDC}.Debug|x86.ActiveCfg = Debug|iPhone
		{DF979DCD-FC21-4CE1-8621-49F15C107DDC}.Release|Any CPU.ActiveCfg = Release|iPhone
		{DF979DCD-FC21-4CE1-8621-49F15C107DDC}.Release|ARM.ActiveCfg = Release|iPhone
		{DF979DCD-FC21-4CE1-8621-49F15C107DDC}.Release|iPhone.ActiveCfg = Release|iPhone
		{DF979DCD-FC21-4CE1-8621-49F15C107DDC}.Release|iPhone.Build.0 = Release|iPhone
		{DF979DCD-FC21-4CE1-8621-49F15C107DDC}.Release|iPhoneSimulator.ActiveCfg = Release|iPhoneSimulator
		{DF979DCD-FC21-4CE1-8621-49F15C107DDC}.Release|iPhoneSimulator.Build.0 = Release|iPhoneSimulator
		{DF979DCD-FC21-4CE1-8621-49F15C107DDC}.Release|x64.ActiveCfg = Release|iPhone
		{DF979DCD-FC21-4CE1-8621-49F15C107DDC}.Release|x86.ActiveCfg = Release|iPhone
	EndGlobalSection
	GlobalSection(SolutionProperties) = preSolution
		HideSolutionNode = FALSE
	EndGlobalSection
	GlobalSection(NestedProjects) = preSolution
		{0C9CBDD8-8ED0-4B16-8C1E-34C86FBECB9C} = {49D9F98D-2E51-4A92-896E-E24CFD25BF1E}
		{92D3DB7B-8108-4715-A1C0-48E43046CD7A} = {49D9F98D-2E51-4A92-896E-E24CFD25BF1E}
		{C449C35E-1F93-4146-A64C-56B477341FE8} = {49D9F98D-2E51-4A92-896E-E24CFD25BF1E}
		{E78BD5DD-CFB2-4BD5-8AAA-D41921D6D3BF} = {49D9F98D-2E51-4A92-896E-E24CFD25BF1E}
		{F696BE83-7638-4775-99AA-C6AB488B692C} = {E78BD5DD-CFB2-4BD5-8AAA-D41921D6D3BF}
		{50B0924C-C5F1-477C-80D2-8DBBF6379E03} = {0C9CBDD8-8ED0-4B16-8C1E-34C86FBECB9C}
		{B283F898-7FEB-4EB9-A1D2-E84FA0230262} = {0C9CBDD8-8ED0-4B16-8C1E-34C86FBECB9C}
		{5C22A0B0-BDB2-40D9-AC08-48DCE04353CC} = {0C9CBDD8-8ED0-4B16-8C1E-34C86FBECB9C}
		{63CA694E-2CD1-45C9-861A-4EACC4ED89B2} = {0C9CBDD8-8ED0-4B16-8C1E-34C86FBECB9C}
		{82A6C61F-AF6A-4E70-BBF2-A62F17E1BE30} = {0C9CBDD8-8ED0-4B16-8C1E-34C86FBECB9C}
		{9225ABC2-4342-4A69-BB53-38EC7F161184} = {0C9CBDD8-8ED0-4B16-8C1E-34C86FBECB9C}
		{F8C72A2E-3502-46D4-9E1D-62BDEC4D2ACF} = {0C9CBDD8-8ED0-4B16-8C1E-34C86FBECB9C}
		{B85ACE8C-3AB9-45C2-A613-EF1E4616C05F} = {0C9CBDD8-8ED0-4B16-8C1E-34C86FBECB9C}
		{55AEFD24-323F-4068-A139-BB9A41EF5C4C} = {0C9CBDD8-8ED0-4B16-8C1E-34C86FBECB9C}
		{213E5782-0652-4513-96A3-FED24E2350E2} = {0C9CBDD8-8ED0-4B16-8C1E-34C86FBECB9C}
		{5C836BE8-FD5A-4395-89C7-56AEC4B42672} = {0C9CBDD8-8ED0-4B16-8C1E-34C86FBECB9C}
		{04B03B0B-085A-4E67-9650-390C01BB7BD9} = {0C9CBDD8-8ED0-4B16-8C1E-34C86FBECB9C}
		{E5332DB2-3522-4EE0-BE1C-9F94E396DC75} = {92D3DB7B-8108-4715-A1C0-48E43046CD7A}
		{CD31A0A3-2DCC-46AD-AC75-F6F8773D85FC} = {92D3DB7B-8108-4715-A1C0-48E43046CD7A}
		{9C2D1166-BF34-40E7-8F71-064DB7882D8B} = {C449C35E-1F93-4146-A64C-56B477341FE8}
		{829FD97E-89B8-4076-8122-05C963DE1A5F} = {92D3DB7B-8108-4715-A1C0-48E43046CD7A}
		{DF979DCD-FC21-4CE1-8621-49F15C107DDC} = {92D3DB7B-8108-4715-A1C0-48E43046CD7A}
	EndGlobalSection
	GlobalSection(ExtensibilityGlobals) = postSolution
		EnterpriseLibraryConfigurationToolBinariesPath = packages\Unity.2.1.505.0\lib\NET35;..\lib\Unity.2.1.505.0\lib\NET35;..\lib\Unity.2.1.505.2\lib\NET35
		SolutionGuid = {C1E475A3-BD72-4942-B0D8-AF1E1C23728E}
	EndGlobalSection
EndGlobal
